
Microsoft Visual Studio Solution File, Format Version 12.00
# Visual Studio Version 17
VisualStudioVersion = 17.1.32421.90
MinimumVisualStudioVersion = 10.0.40219.1
Project("{9A19103F-16F7-4668-BE54-9A1E7A4F7556}") = "seanmcbeth.com", "seanmcbeth.com\seanmcbeth.com.csproj", "{01DE1BEA-3484-4147-B70D-BD635CB7A874}"
EndProject
Project("{9A19103F-16F7-4668-BE54-9A1E7A4F7556}") = "Juniper.ProcessManager", "Juniper\src\Juniper.ProcessManager\Juniper.ProcessManager.csproj", "{4BA33CDC-C0CE-46BC-9A31-65E2321FC1F6}"
EndProject
Project("{9A19103F-16F7-4668-BE54-9A1E7A4F7556}") = "Juniper.Root", "Juniper\src\Juniper.Root\Juniper.Root.csproj", "{493C82A6-C05A-4478-8D43-F6175934A457}"
EndProject
Project("{9A19103F-16F7-4668-BE54-9A1E7A4F7556}") = "Juniper.Server", "Juniper\src\Juniper.Server\Juniper.Server.csproj", "{7CFD0886-274C-408B-8C5B-28EB1B647130}"
EndProject
Project("{9A19103F-16F7-4668-BE54-9A1E7A4F7556}") = "Juniper.TSBuild", "Juniper\src\Juniper.TSBuild\Juniper.TSBuild.csproj", "{22056282-2E21-42B3-AB63-CE7F0A39E7B3}"
EndProject
Project("{2150E333-8FDC-42A3-9474-1A3956D46DE8}") = "Juniper", "Juniper", "{1A1CC9DD-8A9A-4C5A-A3ED-E338AFD42D44}"
EndProject
Project("{E24C65DC-7377-472B-9ABA-BC803B73C61A}") = "etc", "etc\", "{3D45612B-558A-4E15-ADA8-AB520D254E67}"
	ProjectSection(WebsiteProperties) = preProject
		TargetFrameworkMoniker = ".NETFramework,Version%3Dv4.0"
		Debug.AspNetCompiler.VirtualPath = "/localhost_49341"
		Debug.AspNetCompiler.PhysicalPath = "etc\"
		Debug.AspNetCompiler.TargetPath = "PrecompiledWeb\localhost_49341\"
		Debug.AspNetCompiler.Updateable = "true"
		Debug.AspNetCompiler.ForceOverwrite = "true"
		Debug.AspNetCompiler.FixedNames = "false"
		Debug.AspNetCompiler.Debug = "True"
		Release.AspNetCompiler.VirtualPath = "/localhost_49341"
		Release.AspNetCompiler.PhysicalPath = "etc\"
		Release.AspNetCompiler.TargetPath = "PrecompiledWeb\localhost_49341\"
		Release.AspNetCompiler.Updateable = "true"
		Release.AspNetCompiler.ForceOverwrite = "true"
		Release.AspNetCompiler.FixedNames = "false"
		Release.AspNetCompiler.Debug = "False"
		VWDPort = "49341"
		SlnRelativePath = "etc\"
	EndProjectSection
EndProject
Project("{2150E333-8FDC-42A3-9474-1A3956D46DE8}") = "Solution Items", "Solution Items", "{549D12B3-54F6-4AF5-AC2D-98F7F5B4D04B}"
	ProjectSection(SolutionItems) = preProject
		.editorconfig = .editorconfig
		LICENSE.md = LICENSE.md
		tool.ps1 = tool.ps1
	EndProjectSection
EndProject
Project("{2150E333-8FDC-42A3-9474-1A3956D46DE8}") = "Primrose", "Primrose", "{9B97CCB2-8C6A-4307-B208-A9A863B6329C}"
EndProject
Project("{E24C65DC-7377-472B-9ABA-BC803B73C61A}") = "Primrose.TypeScript", "Primrose\Primrose.TypeScript\", "{29B9F1CE-74B3-41BB-BE67-4315897A1231}"
	ProjectSection(WebsiteProperties) = preProject
		TargetFrameworkMoniker = ".NETFramework,Version%3Dv4.0"
		Debug.AspNetCompiler.VirtualPath = "/localhost_60987"
		Debug.AspNetCompiler.PhysicalPath = "Primrose\Primrose.TypeScript\"
		Debug.AspNetCompiler.TargetPath = "PrecompiledWeb\localhost_60987\"
		Debug.AspNetCompiler.Updateable = "true"
		Debug.AspNetCompiler.ForceOverwrite = "true"
		Debug.AspNetCompiler.FixedNames = "false"
		Debug.AspNetCompiler.Debug = "True"
		Release.AspNetCompiler.VirtualPath = "/localhost_60987"
		Release.AspNetCompiler.PhysicalPath = "Primrose\Primrose.TypeScript\"
		Release.AspNetCompiler.TargetPath = "PrecompiledWeb\localhost_60987\"
		Release.AspNetCompiler.Updateable = "true"
		Release.AspNetCompiler.ForceOverwrite = "true"
		Release.AspNetCompiler.FixedNames = "false"
		Release.AspNetCompiler.Debug = "False"
		VWDPort = "60987"
		SlnRelativePath = "Primrose\Primrose.TypeScript\"
	EndProjectSection
EndProject
Project("{E24C65DC-7377-472B-9ABA-BC803B73C61A}") = "js", "Primrose\js\", "{C763C1C2-62F8-4774-BFAD-BF75F3DD3682}"
	ProjectSection(WebsiteProperties) = preProject
		TargetFrameworkMoniker = ".NETFramework,Version%3Dv4.0"
		Debug.AspNetCompiler.VirtualPath = "/localhost_60957"
		Debug.AspNetCompiler.PhysicalPath = "Primrose\js\"
		Debug.AspNetCompiler.TargetPath = "PrecompiledWeb\localhost_60957\"
		Debug.AspNetCompiler.Updateable = "true"
		Debug.AspNetCompiler.ForceOverwrite = "true"
		Debug.AspNetCompiler.FixedNames = "false"
		Debug.AspNetCompiler.Debug = "True"
		Release.AspNetCompiler.VirtualPath = "/localhost_60957"
		Release.AspNetCompiler.PhysicalPath = "Primrose\js\"
		Release.AspNetCompiler.TargetPath = "PrecompiledWeb\localhost_60957\"
		Release.AspNetCompiler.Updateable = "true"
		Release.AspNetCompiler.ForceOverwrite = "true"
		Release.AspNetCompiler.FixedNames = "false"
		Release.AspNetCompiler.Debug = "False"
		VWDPort = "60957"
		SlnRelativePath = "Primrose\js\"
	EndProjectSection
EndProject
Project("{9A19103F-16F7-4668-BE54-9A1E7A4F7556}") = "Sandbox", "Sandbox\Sandbox.csproj", "{12947AE6-1917-40B3-884C-45D806788A78}"
EndProject
Project("{9A19103F-16F7-4668-BE54-9A1E7A4F7556}") = "Juniper.Azure", "Juniper\src\Juniper.Azure\Juniper.Azure.csproj", "{AEBB4FE0-25CA-41A4-8110-753D17D9B902}"
EndProject
Project("{9A19103F-16F7-4668-BE54-9A1E7A4F7556}") = "Juniper.Sound", "Juniper\src\Juniper.Sound\Juniper.Sound.csproj", "{DC8EC838-372D-4266-B6CF-10BA0A815580}"
EndProject
Project("{9A19103F-16F7-4668-BE54-9A1E7A4F7556}") = "Juniper.GoogleMaps", "Juniper\src\Juniper.GoogleMaps\Juniper.GoogleMaps.csproj", "{5995262A-BCF4-4E97-BEDB-50F03398E0D9}"
EndProject
Project("{9A19103F-16F7-4668-BE54-9A1E7A4F7556}") = "StereoKitProject1", "StereoKitProject1\StereoKitProject1.csproj", "{8074C17A-3AF3-46A3-935D-29100B861961}"
EndProject
Project("{8BC9CEB8-8B4A-11D0-8D11-00A0C91BC942}") = "CppConsoleApplication1", "CppConsoleApplication1\CppConsoleApplication1.vcxproj", "{7A6F8022-1C19-45F0-871C-2D8FB218AEE5}"
EndProject
Project("{2150E333-8FDC-42A3-9474-1A3956D46DE8}") = "Other", "Other", "{5F734C4E-7FDC-415E-ACAB-C22CC7D3FC9C}"
EndProject
Project("{9A19103F-16F7-4668-BE54-9A1E7A4F7556}") = "Juniper.Client", "Juniper\src\Juniper.Client\Juniper.Client.csproj", "{345965D6-605C-4086-90A0-AB344908E6A9}"
EndProject
Project("{9A19103F-16F7-4668-BE54-9A1E7A4F7556}") = "Juniper.Emoji", "Juniper\src\Juniper.Emoji\Juniper.Emoji.csproj", "{D996503C-AD98-4F02-9A8D-7D198214BBF3}"
EndProject
Project("{9A19103F-16F7-4668-BE54-9A1E7A4F7556}") = "Juniper.HjgPngcs", "Juniper\src\Juniper.HjgPngcs\Juniper.HjgPngcs.csproj", "{63D4A6EC-653C-48D6-A909-8046BB15CA68}"
EndProject
Project("{9A19103F-16F7-4668-BE54-9A1E7A4F7556}") = "Juniper.Imaging", "Juniper\src\Juniper.Imaging\Juniper.Imaging.csproj", "{991CA4D6-6987-4881-A423-5F8AC6B25458}"
EndProject
Project("{9A19103F-16F7-4668-BE54-9A1E7A4F7556}") = "Juniper.LibJpeg.NET", "Juniper\src\Juniper.LibJpeg.NET\Juniper.LibJpeg.NET.csproj", "{43B563AE-5DF6-425A-8129-1B7DE827CD65}"
EndProject
Project("{2150E333-8FDC-42A3-9474-1A3956D46DE8}") = "Extra", "Extra", "{83FA1B7F-0BC5-4EEB-86E6-1AEF9AF11609}"
EndProject
Project("{9A19103F-16F7-4668-BE54-9A1E7A4F7556}") = "MauiApp1", "MauiApp1\MauiApp1.csproj", "{9376B70B-5B3C-4926-8970-70B32655C3E9}"
EndProject
Project("{9A19103F-16F7-4668-BE54-9A1E7A4F7556}") = "Juniper.TypeScript", "Juniper\src\Juniper.TypeScript\Juniper.TypeScript.csproj", "{0C8C4AA2-290C-476F-B997-183CDD447290}"
EndProject
Project("{9A19103F-16F7-4668-BE54-9A1E7A4F7556}") = "Juniper.OpenAI", "Juniper\src\Juniper.OpenAI\Juniper.OpenAI.csproj", "{EB07CB50-1AD1-4CA4-8B46-69756044D830}"
EndProject
Project("{9A19103F-16F7-4668-BE54-9A1E7A4F7556}") = "Juniper.Data", "Juniper\src\Juniper.Data\Juniper.Data.csproj", "{B8AECF66-055E-44C4-825F-02946C27C887}"
EndProject
Project("{9A19103F-16F7-4668-BE54-9A1E7A4F7556}") = "Juniper.Data.NpgSql", "Juniper\src\Juniper.Data.NpgSql\Juniper.Data.NpgSql.csproj", "{A7D1D86A-EDE0-48E2-AE7A-BE3983C741FE}"
EndProject
Project("{9A19103F-16F7-4668-BE54-9A1E7A4F7556}") = "Juniper.Data.Sqlite", "Juniper\src\Juniper.Data.Sqlite\Juniper.Data.Sqlite.csproj", "{B170ACAD-AF50-4C41-AF18-5D45B1B6827C}"
EndProject
Project("{9A19103F-16F7-4668-BE54-9A1E7A4F7556}") = "Juniper.Data.Sqlite.SpatiaLite", "Juniper\src\Juniper.Data.Sqlite.SpatiaLite\Juniper.Data.Sqlite.SpatiaLite.csproj", "{8C806936-190B-4965-B355-0C33E1E0434F}"
EndProject
Project("{9A19103F-16F7-4668-BE54-9A1E7A4F7556}") = "ImageViewer", "ImageViewer\ImageViewer.csproj", "{B447FFEF-C2CB-449C-9644-C55701B37F45}"
EndProject
Project("{9A19103F-16F7-4668-BE54-9A1E7A4F7556}") = "Juniper.AppShell.WPF", "Juniper\src\Juniper.AppShell.WPF\Juniper.AppShell.WPF.csproj", "{C7882AE7-DDA7-493B-B0E4-7C1D7CE72FE7}"
EndProject
Project("{9A19103F-16F7-4668-BE54-9A1E7A4F7556}") = "Juniper.AppShell", "Juniper\src\Juniper.AppShell\Juniper.AppShell.csproj", "{03401A80-84CD-4CAF-84BF-95E594F016A4}"
EndProject
Project("{9A19103F-16F7-4668-BE54-9A1E7A4F7556}") = "Juniper.Imaging.Ico", "Juniper\src\Juniper.Imaging.Ico\Juniper.Imaging.Ico.csproj", "{CB0A1075-8335-47D6-AA0F-A24FE9B988C9}"
EndProject
Project("{FAE04EC0-301F-11D3-BF4B-00C04F79EFBC}") = "Png2Ico", "Juniper\test\Png2Ico\Png2Ico.csproj", "{B16582D2-EE2A-41CE-BF7B-ABB7CE18D93D}"
EndProject
Global
	GlobalSection(SolutionConfigurationPlatforms) = preSolution
		Debug|Any CPU = Debug|Any CPU
		Debug|x64 = Debug|x64
		Debug|x86 = Debug|x86
		Release|Any CPU = Release|Any CPU
		Release|x64 = Release|x64
		Release|x86 = Release|x86
	EndGlobalSection
	GlobalSection(ProjectConfigurationPlatforms) = postSolution
		{01DE1BEA-3484-4147-B70D-BD635CB7A874}.Debug|Any CPU.ActiveCfg = Debug|Any CPU
		{01DE1BEA-3484-4147-B70D-BD635CB7A874}.Debug|Any CPU.Build.0 = Debug|Any CPU
		{01DE1BEA-3484-4147-B70D-BD635CB7A874}.Debug|x64.ActiveCfg = Debug|Any CPU
		{01DE1BEA-3484-4147-B70D-BD635CB7A874}.Debug|x64.Build.0 = Debug|Any CPU
		{01DE1BEA-3484-4147-B70D-BD635CB7A874}.Debug|x86.ActiveCfg = Debug|Any CPU
		{01DE1BEA-3484-4147-B70D-BD635CB7A874}.Debug|x86.Build.0 = Debug|Any CPU
		{01DE1BEA-3484-4147-B70D-BD635CB7A874}.Release|Any CPU.ActiveCfg = Release|Any CPU
		{01DE1BEA-3484-4147-B70D-BD635CB7A874}.Release|Any CPU.Build.0 = Release|Any CPU
		{01DE1BEA-3484-4147-B70D-BD635CB7A874}.Release|x64.ActiveCfg = Release|Any CPU
		{01DE1BEA-3484-4147-B70D-BD635CB7A874}.Release|x64.Build.0 = Release|Any CPU
		{01DE1BEA-3484-4147-B70D-BD635CB7A874}.Release|x86.ActiveCfg = Release|Any CPU
		{01DE1BEA-3484-4147-B70D-BD635CB7A874}.Release|x86.Build.0 = Release|Any CPU
		{4BA33CDC-C0CE-46BC-9A31-65E2321FC1F6}.Debug|Any CPU.ActiveCfg = Debug|Any CPU
		{4BA33CDC-C0CE-46BC-9A31-65E2321FC1F6}.Debug|Any CPU.Build.0 = Debug|Any CPU
		{4BA33CDC-C0CE-46BC-9A31-65E2321FC1F6}.Debug|x64.ActiveCfg = Debug|Any CPU
		{4BA33CDC-C0CE-46BC-9A31-65E2321FC1F6}.Debug|x64.Build.0 = Debug|Any CPU
		{4BA33CDC-C0CE-46BC-9A31-65E2321FC1F6}.Debug|x86.ActiveCfg = Debug|Any CPU
		{4BA33CDC-C0CE-46BC-9A31-65E2321FC1F6}.Debug|x86.Build.0 = Debug|Any CPU
		{4BA33CDC-C0CE-46BC-9A31-65E2321FC1F6}.Release|Any CPU.ActiveCfg = Release|Any CPU
		{4BA33CDC-C0CE-46BC-9A31-65E2321FC1F6}.Release|Any CPU.Build.0 = Release|Any CPU
		{4BA33CDC-C0CE-46BC-9A31-65E2321FC1F6}.Release|x64.ActiveCfg = Release|Any CPU
		{4BA33CDC-C0CE-46BC-9A31-65E2321FC1F6}.Release|x64.Build.0 = Release|Any CPU
		{4BA33CDC-C0CE-46BC-9A31-65E2321FC1F6}.Release|x86.ActiveCfg = Release|Any CPU
		{4BA33CDC-C0CE-46BC-9A31-65E2321FC1F6}.Release|x86.Build.0 = Release|Any CPU
		{493C82A6-C05A-4478-8D43-F6175934A457}.Debug|Any CPU.ActiveCfg = Debug|Any CPU
		{493C82A6-C05A-4478-8D43-F6175934A457}.Debug|Any CPU.Build.0 = Debug|Any CPU
		{493C82A6-C05A-4478-8D43-F6175934A457}.Debug|x64.ActiveCfg = Debug|Any CPU
		{493C82A6-C05A-4478-8D43-F6175934A457}.Debug|x64.Build.0 = Debug|Any CPU
		{493C82A6-C05A-4478-8D43-F6175934A457}.Debug|x86.ActiveCfg = Debug|Any CPU
		{493C82A6-C05A-4478-8D43-F6175934A457}.Debug|x86.Build.0 = Debug|Any CPU
		{493C82A6-C05A-4478-8D43-F6175934A457}.Release|Any CPU.ActiveCfg = Release|Any CPU
		{493C82A6-C05A-4478-8D43-F6175934A457}.Release|Any CPU.Build.0 = Release|Any CPU
		{493C82A6-C05A-4478-8D43-F6175934A457}.Release|x64.ActiveCfg = Release|Any CPU
		{493C82A6-C05A-4478-8D43-F6175934A457}.Release|x64.Build.0 = Release|Any CPU
		{493C82A6-C05A-4478-8D43-F6175934A457}.Release|x86.ActiveCfg = Release|Any CPU
		{493C82A6-C05A-4478-8D43-F6175934A457}.Release|x86.Build.0 = Release|Any CPU
		{7CFD0886-274C-408B-8C5B-28EB1B647130}.Debug|Any CPU.ActiveCfg = Debug|Any CPU
		{7CFD0886-274C-408B-8C5B-28EB1B647130}.Debug|Any CPU.Build.0 = Debug|Any CPU
		{7CFD0886-274C-408B-8C5B-28EB1B647130}.Debug|x64.ActiveCfg = Debug|Any CPU
		{7CFD0886-274C-408B-8C5B-28EB1B647130}.Debug|x64.Build.0 = Debug|Any CPU
		{7CFD0886-274C-408B-8C5B-28EB1B647130}.Debug|x86.ActiveCfg = Debug|Any CPU
		{7CFD0886-274C-408B-8C5B-28EB1B647130}.Debug|x86.Build.0 = Debug|Any CPU
		{7CFD0886-274C-408B-8C5B-28EB1B647130}.Release|Any CPU.ActiveCfg = Release|Any CPU
		{7CFD0886-274C-408B-8C5B-28EB1B647130}.Release|Any CPU.Build.0 = Release|Any CPU
		{7CFD0886-274C-408B-8C5B-28EB1B647130}.Release|x64.ActiveCfg = Release|Any CPU
		{7CFD0886-274C-408B-8C5B-28EB1B647130}.Release|x64.Build.0 = Release|Any CPU
		{7CFD0886-274C-408B-8C5B-28EB1B647130}.Release|x86.ActiveCfg = Release|Any CPU
		{7CFD0886-274C-408B-8C5B-28EB1B647130}.Release|x86.Build.0 = Release|Any CPU
		{22056282-2E21-42B3-AB63-CE7F0A39E7B3}.Debug|Any CPU.ActiveCfg = Debug|Any CPU
		{22056282-2E21-42B3-AB63-CE7F0A39E7B3}.Debug|Any CPU.Build.0 = Debug|Any CPU
		{22056282-2E21-42B3-AB63-CE7F0A39E7B3}.Debug|x64.ActiveCfg = Debug|Any CPU
		{22056282-2E21-42B3-AB63-CE7F0A39E7B3}.Debug|x64.Build.0 = Debug|Any CPU
		{22056282-2E21-42B3-AB63-CE7F0A39E7B3}.Debug|x86.ActiveCfg = Debug|Any CPU
		{22056282-2E21-42B3-AB63-CE7F0A39E7B3}.Debug|x86.Build.0 = Debug|Any CPU
		{22056282-2E21-42B3-AB63-CE7F0A39E7B3}.Release|Any CPU.ActiveCfg = Release|Any CPU
		{22056282-2E21-42B3-AB63-CE7F0A39E7B3}.Release|Any CPU.Build.0 = Release|Any CPU
		{22056282-2E21-42B3-AB63-CE7F0A39E7B3}.Release|x64.ActiveCfg = Release|Any CPU
		{22056282-2E21-42B3-AB63-CE7F0A39E7B3}.Release|x64.Build.0 = Release|Any CPU
		{22056282-2E21-42B3-AB63-CE7F0A39E7B3}.Release|x86.ActiveCfg = Release|Any CPU
		{22056282-2E21-42B3-AB63-CE7F0A39E7B3}.Release|x86.Build.0 = Release|Any CPU
		{3D45612B-558A-4E15-ADA8-AB520D254E67}.Debug|Any CPU.ActiveCfg = Debug|Any CPU
		{3D45612B-558A-4E15-ADA8-AB520D254E67}.Debug|Any CPU.Build.0 = Debug|Any CPU
		{3D45612B-558A-4E15-ADA8-AB520D254E67}.Debug|x64.ActiveCfg = Debug|Any CPU
		{3D45612B-558A-4E15-ADA8-AB520D254E67}.Debug|x64.Build.0 = Debug|Any CPU
		{3D45612B-558A-4E15-ADA8-AB520D254E67}.Debug|x86.ActiveCfg = Debug|Any CPU
		{3D45612B-558A-4E15-ADA8-AB520D254E67}.Debug|x86.Build.0 = Debug|Any CPU
		{3D45612B-558A-4E15-ADA8-AB520D254E67}.Release|Any CPU.ActiveCfg = Debug|Any CPU
		{3D45612B-558A-4E15-ADA8-AB520D254E67}.Release|Any CPU.Build.0 = Debug|Any CPU
		{3D45612B-558A-4E15-ADA8-AB520D254E67}.Release|x64.ActiveCfg = Debug|Any CPU
		{3D45612B-558A-4E15-ADA8-AB520D254E67}.Release|x64.Build.0 = Debug|Any CPU
		{3D45612B-558A-4E15-ADA8-AB520D254E67}.Release|x86.ActiveCfg = Debug|Any CPU
		{3D45612B-558A-4E15-ADA8-AB520D254E67}.Release|x86.Build.0 = Debug|Any CPU
		{29B9F1CE-74B3-41BB-BE67-4315897A1231}.Debug|Any CPU.ActiveCfg = Debug|Any CPU
		{29B9F1CE-74B3-41BB-BE67-4315897A1231}.Debug|Any CPU.Build.0 = Debug|Any CPU
		{29B9F1CE-74B3-41BB-BE67-4315897A1231}.Debug|x64.ActiveCfg = Debug|Any CPU
		{29B9F1CE-74B3-41BB-BE67-4315897A1231}.Debug|x64.Build.0 = Debug|Any CPU
		{29B9F1CE-74B3-41BB-BE67-4315897A1231}.Debug|x86.ActiveCfg = Debug|Any CPU
		{29B9F1CE-74B3-41BB-BE67-4315897A1231}.Debug|x86.Build.0 = Debug|Any CPU
		{29B9F1CE-74B3-41BB-BE67-4315897A1231}.Release|Any CPU.ActiveCfg = Debug|Any CPU
		{29B9F1CE-74B3-41BB-BE67-4315897A1231}.Release|Any CPU.Build.0 = Debug|Any CPU
		{29B9F1CE-74B3-41BB-BE67-4315897A1231}.Release|x64.ActiveCfg = Debug|Any CPU
		{29B9F1CE-74B3-41BB-BE67-4315897A1231}.Release|x64.Build.0 = Debug|Any CPU
		{29B9F1CE-74B3-41BB-BE67-4315897A1231}.Release|x86.ActiveCfg = Debug|Any CPU
		{29B9F1CE-74B3-41BB-BE67-4315897A1231}.Release|x86.Build.0 = Debug|Any CPU
		{C763C1C2-62F8-4774-BFAD-BF75F3DD3682}.Debug|Any CPU.ActiveCfg = Debug|Any CPU
		{C763C1C2-62F8-4774-BFAD-BF75F3DD3682}.Debug|Any CPU.Build.0 = Debug|Any CPU
		{C763C1C2-62F8-4774-BFAD-BF75F3DD3682}.Debug|x64.ActiveCfg = Debug|Any CPU
		{C763C1C2-62F8-4774-BFAD-BF75F3DD3682}.Debug|x64.Build.0 = Debug|Any CPU
		{C763C1C2-62F8-4774-BFAD-BF75F3DD3682}.Debug|x86.ActiveCfg = Debug|Any CPU
		{C763C1C2-62F8-4774-BFAD-BF75F3DD3682}.Debug|x86.Build.0 = Debug|Any CPU
		{C763C1C2-62F8-4774-BFAD-BF75F3DD3682}.Release|Any CPU.ActiveCfg = Debug|Any CPU
		{C763C1C2-62F8-4774-BFAD-BF75F3DD3682}.Release|Any CPU.Build.0 = Debug|Any CPU
		{C763C1C2-62F8-4774-BFAD-BF75F3DD3682}.Release|x64.ActiveCfg = Debug|Any CPU
		{C763C1C2-62F8-4774-BFAD-BF75F3DD3682}.Release|x64.Build.0 = Debug|Any CPU
		{C763C1C2-62F8-4774-BFAD-BF75F3DD3682}.Release|x86.ActiveCfg = Debug|Any CPU
		{C763C1C2-62F8-4774-BFAD-BF75F3DD3682}.Release|x86.Build.0 = Debug|Any CPU
		{12947AE6-1917-40B3-884C-45D806788A78}.Debug|Any CPU.ActiveCfg = Debug|Any CPU
		{12947AE6-1917-40B3-884C-45D806788A78}.Debug|Any CPU.Build.0 = Debug|Any CPU
		{12947AE6-1917-40B3-884C-45D806788A78}.Debug|x64.ActiveCfg = Debug|Any CPU
		{12947AE6-1917-40B3-884C-45D806788A78}.Debug|x64.Build.0 = Debug|Any CPU
		{12947AE6-1917-40B3-884C-45D806788A78}.Debug|x86.ActiveCfg = Debug|Any CPU
		{12947AE6-1917-40B3-884C-45D806788A78}.Debug|x86.Build.0 = Debug|Any CPU
		{12947AE6-1917-40B3-884C-45D806788A78}.Release|Any CPU.ActiveCfg = Release|Any CPU
		{12947AE6-1917-40B3-884C-45D806788A78}.Release|Any CPU.Build.0 = Release|Any CPU
		{12947AE6-1917-40B3-884C-45D806788A78}.Release|x64.ActiveCfg = Release|Any CPU
		{12947AE6-1917-40B3-884C-45D806788A78}.Release|x64.Build.0 = Release|Any CPU
		{12947AE6-1917-40B3-884C-45D806788A78}.Release|x86.ActiveCfg = Release|Any CPU
		{12947AE6-1917-40B3-884C-45D806788A78}.Release|x86.Build.0 = Release|Any CPU
		{AEBB4FE0-25CA-41A4-8110-753D17D9B902}.Debug|Any CPU.ActiveCfg = Debug|Any CPU
		{AEBB4FE0-25CA-41A4-8110-753D17D9B902}.Debug|Any CPU.Build.0 = Debug|Any CPU
		{AEBB4FE0-25CA-41A4-8110-753D17D9B902}.Debug|x64.ActiveCfg = Debug|Any CPU
		{AEBB4FE0-25CA-41A4-8110-753D17D9B902}.Debug|x64.Build.0 = Debug|Any CPU
		{AEBB4FE0-25CA-41A4-8110-753D17D9B902}.Debug|x86.ActiveCfg = Debug|Any CPU
		{AEBB4FE0-25CA-41A4-8110-753D17D9B902}.Debug|x86.Build.0 = Debug|Any CPU
		{AEBB4FE0-25CA-41A4-8110-753D17D9B902}.Release|Any CPU.ActiveCfg = Release|Any CPU
		{AEBB4FE0-25CA-41A4-8110-753D17D9B902}.Release|Any CPU.Build.0 = Release|Any CPU
		{AEBB4FE0-25CA-41A4-8110-753D17D9B902}.Release|x64.ActiveCfg = Release|Any CPU
		{AEBB4FE0-25CA-41A4-8110-753D17D9B902}.Release|x64.Build.0 = Release|Any CPU
		{AEBB4FE0-25CA-41A4-8110-753D17D9B902}.Release|x86.ActiveCfg = Release|Any CPU
		{AEBB4FE0-25CA-41A4-8110-753D17D9B902}.Release|x86.Build.0 = Release|Any CPU
		{DC8EC838-372D-4266-B6CF-10BA0A815580}.Debug|Any CPU.ActiveCfg = Debug|Any CPU
		{DC8EC838-372D-4266-B6CF-10BA0A815580}.Debug|Any CPU.Build.0 = Debug|Any CPU
		{DC8EC838-372D-4266-B6CF-10BA0A815580}.Debug|x64.ActiveCfg = Debug|Any CPU
		{DC8EC838-372D-4266-B6CF-10BA0A815580}.Debug|x64.Build.0 = Debug|Any CPU
		{DC8EC838-372D-4266-B6CF-10BA0A815580}.Debug|x86.ActiveCfg = Debug|Any CPU
		{DC8EC838-372D-4266-B6CF-10BA0A815580}.Debug|x86.Build.0 = Debug|Any CPU
		{DC8EC838-372D-4266-B6CF-10BA0A815580}.Release|Any CPU.ActiveCfg = Release|Any CPU
		{DC8EC838-372D-4266-B6CF-10BA0A815580}.Release|Any CPU.Build.0 = Release|Any CPU
		{DC8EC838-372D-4266-B6CF-10BA0A815580}.Release|x64.ActiveCfg = Release|Any CPU
		{DC8EC838-372D-4266-B6CF-10BA0A815580}.Release|x64.Build.0 = Release|Any CPU
		{DC8EC838-372D-4266-B6CF-10BA0A815580}.Release|x86.ActiveCfg = Release|Any CPU
		{DC8EC838-372D-4266-B6CF-10BA0A815580}.Release|x86.Build.0 = Release|Any CPU
		{5995262A-BCF4-4E97-BEDB-50F03398E0D9}.Debug|Any CPU.ActiveCfg = Debug|Any CPU
		{5995262A-BCF4-4E97-BEDB-50F03398E0D9}.Debug|Any CPU.Build.0 = Debug|Any CPU
		{5995262A-BCF4-4E97-BEDB-50F03398E0D9}.Debug|x64.ActiveCfg = Debug|Any CPU
		{5995262A-BCF4-4E97-BEDB-50F03398E0D9}.Debug|x64.Build.0 = Debug|Any CPU
		{5995262A-BCF4-4E97-BEDB-50F03398E0D9}.Debug|x86.ActiveCfg = Debug|Any CPU
		{5995262A-BCF4-4E97-BEDB-50F03398E0D9}.Debug|x86.Build.0 = Debug|Any CPU
		{5995262A-BCF4-4E97-BEDB-50F03398E0D9}.Release|Any CPU.ActiveCfg = Release|Any CPU
		{5995262A-BCF4-4E97-BEDB-50F03398E0D9}.Release|Any CPU.Build.0 = Release|Any CPU
		{5995262A-BCF4-4E97-BEDB-50F03398E0D9}.Release|x64.ActiveCfg = Release|Any CPU
		{5995262A-BCF4-4E97-BEDB-50F03398E0D9}.Release|x64.Build.0 = Release|Any CPU
		{5995262A-BCF4-4E97-BEDB-50F03398E0D9}.Release|x86.ActiveCfg = Release|Any CPU
		{5995262A-BCF4-4E97-BEDB-50F03398E0D9}.Release|x86.Build.0 = Release|Any CPU
		{8074C17A-3AF3-46A3-935D-29100B861961}.Debug|Any CPU.ActiveCfg = Debug|Any CPU
		{8074C17A-3AF3-46A3-935D-29100B861961}.Debug|Any CPU.Build.0 = Debug|Any CPU
		{8074C17A-3AF3-46A3-935D-29100B861961}.Debug|x64.ActiveCfg = Debug|Any CPU
		{8074C17A-3AF3-46A3-935D-29100B861961}.Debug|x64.Build.0 = Debug|Any CPU
		{8074C17A-3AF3-46A3-935D-29100B861961}.Debug|x86.ActiveCfg = Debug|Any CPU
		{8074C17A-3AF3-46A3-935D-29100B861961}.Debug|x86.Build.0 = Debug|Any CPU
		{8074C17A-3AF3-46A3-935D-29100B861961}.Release|Any CPU.ActiveCfg = Release|Any CPU
		{8074C17A-3AF3-46A3-935D-29100B861961}.Release|Any CPU.Build.0 = Release|Any CPU
		{8074C17A-3AF3-46A3-935D-29100B861961}.Release|x64.ActiveCfg = Release|Any CPU
		{8074C17A-3AF3-46A3-935D-29100B861961}.Release|x64.Build.0 = Release|Any CPU
		{8074C17A-3AF3-46A3-935D-29100B861961}.Release|x86.ActiveCfg = Release|Any CPU
		{8074C17A-3AF3-46A3-935D-29100B861961}.Release|x86.Build.0 = Release|Any CPU
		{7A6F8022-1C19-45F0-871C-2D8FB218AEE5}.Debug|Any CPU.ActiveCfg = Debug|x64
		{7A6F8022-1C19-45F0-871C-2D8FB218AEE5}.Debug|Any CPU.Build.0 = Debug|x64
		{7A6F8022-1C19-45F0-871C-2D8FB218AEE5}.Debug|x64.ActiveCfg = Debug|x64
		{7A6F8022-1C19-45F0-871C-2D8FB218AEE5}.Debug|x64.Build.0 = Debug|x64
		{7A6F8022-1C19-45F0-871C-2D8FB218AEE5}.Debug|x86.ActiveCfg = Debug|Win32
		{7A6F8022-1C19-45F0-871C-2D8FB218AEE5}.Debug|x86.Build.0 = Debug|Win32
		{7A6F8022-1C19-45F0-871C-2D8FB218AEE5}.Release|Any CPU.ActiveCfg = Release|x64
		{7A6F8022-1C19-45F0-871C-2D8FB218AEE5}.Release|Any CPU.Build.0 = Release|x64
		{7A6F8022-1C19-45F0-871C-2D8FB218AEE5}.Release|x64.ActiveCfg = Release|x64
		{7A6F8022-1C19-45F0-871C-2D8FB218AEE5}.Release|x64.Build.0 = Release|x64
		{7A6F8022-1C19-45F0-871C-2D8FB218AEE5}.Release|x86.ActiveCfg = Release|Win32
		{7A6F8022-1C19-45F0-871C-2D8FB218AEE5}.Release|x86.Build.0 = Release|Win32
		{345965D6-605C-4086-90A0-AB344908E6A9}.Debug|Any CPU.ActiveCfg = Debug|Any CPU
		{345965D6-605C-4086-90A0-AB344908E6A9}.Debug|Any CPU.Build.0 = Debug|Any CPU
		{345965D6-605C-4086-90A0-AB344908E6A9}.Debug|x64.ActiveCfg = Debug|Any CPU
		{345965D6-605C-4086-90A0-AB344908E6A9}.Debug|x64.Build.0 = Debug|Any CPU
		{345965D6-605C-4086-90A0-AB344908E6A9}.Debug|x86.ActiveCfg = Debug|Any CPU
		{345965D6-605C-4086-90A0-AB344908E6A9}.Debug|x86.Build.0 = Debug|Any CPU
		{345965D6-605C-4086-90A0-AB344908E6A9}.Release|Any CPU.ActiveCfg = Release|Any CPU
		{345965D6-605C-4086-90A0-AB344908E6A9}.Release|Any CPU.Build.0 = Release|Any CPU
		{345965D6-605C-4086-90A0-AB344908E6A9}.Release|x64.ActiveCfg = Release|Any CPU
		{345965D6-605C-4086-90A0-AB344908E6A9}.Release|x64.Build.0 = Release|Any CPU
		{345965D6-605C-4086-90A0-AB344908E6A9}.Release|x86.ActiveCfg = Release|Any CPU
		{345965D6-605C-4086-90A0-AB344908E6A9}.Release|x86.Build.0 = Release|Any CPU
		{D996503C-AD98-4F02-9A8D-7D198214BBF3}.Debug|Any CPU.ActiveCfg = Debug|Any CPU
		{D996503C-AD98-4F02-9A8D-7D198214BBF3}.Debug|Any CPU.Build.0 = Debug|Any CPU
		{D996503C-AD98-4F02-9A8D-7D198214BBF3}.Debug|x64.ActiveCfg = Debug|Any CPU
		{D996503C-AD98-4F02-9A8D-7D198214BBF3}.Debug|x64.Build.0 = Debug|Any CPU
		{D996503C-AD98-4F02-9A8D-7D198214BBF3}.Debug|x86.ActiveCfg = Debug|Any CPU
		{D996503C-AD98-4F02-9A8D-7D198214BBF3}.Debug|x86.Build.0 = Debug|Any CPU
		{D996503C-AD98-4F02-9A8D-7D198214BBF3}.Release|Any CPU.ActiveCfg = Release|Any CPU
		{D996503C-AD98-4F02-9A8D-7D198214BBF3}.Release|Any CPU.Build.0 = Release|Any CPU
		{D996503C-AD98-4F02-9A8D-7D198214BBF3}.Release|x64.ActiveCfg = Release|Any CPU
		{D996503C-AD98-4F02-9A8D-7D198214BBF3}.Release|x64.Build.0 = Release|Any CPU
		{D996503C-AD98-4F02-9A8D-7D198214BBF3}.Release|x86.ActiveCfg = Release|Any CPU
		{D996503C-AD98-4F02-9A8D-7D198214BBF3}.Release|x86.Build.0 = Release|Any CPU
		{63D4A6EC-653C-48D6-A909-8046BB15CA68}.Debug|Any CPU.ActiveCfg = Debug|Any CPU
		{63D4A6EC-653C-48D6-A909-8046BB15CA68}.Debug|Any CPU.Build.0 = Debug|Any CPU
		{63D4A6EC-653C-48D6-A909-8046BB15CA68}.Debug|x64.ActiveCfg = Debug|Any CPU
		{63D4A6EC-653C-48D6-A909-8046BB15CA68}.Debug|x64.Build.0 = Debug|Any CPU
		{63D4A6EC-653C-48D6-A909-8046BB15CA68}.Debug|x86.ActiveCfg = Debug|Any CPU
		{63D4A6EC-653C-48D6-A909-8046BB15CA68}.Debug|x86.Build.0 = Debug|Any CPU
		{63D4A6EC-653C-48D6-A909-8046BB15CA68}.Release|Any CPU.ActiveCfg = Release|Any CPU
		{63D4A6EC-653C-48D6-A909-8046BB15CA68}.Release|Any CPU.Build.0 = Release|Any CPU
		{63D4A6EC-653C-48D6-A909-8046BB15CA68}.Release|x64.ActiveCfg = Release|Any CPU
		{63D4A6EC-653C-48D6-A909-8046BB15CA68}.Release|x64.Build.0 = Release|Any CPU
		{63D4A6EC-653C-48D6-A909-8046BB15CA68}.Release|x86.ActiveCfg = Release|Any CPU
		{63D4A6EC-653C-48D6-A909-8046BB15CA68}.Release|x86.Build.0 = Release|Any CPU
		{991CA4D6-6987-4881-A423-5F8AC6B25458}.Debug|Any CPU.ActiveCfg = Debug|Any CPU
		{991CA4D6-6987-4881-A423-5F8AC6B25458}.Debug|Any CPU.Build.0 = Debug|Any CPU
		{991CA4D6-6987-4881-A423-5F8AC6B25458}.Debug|x64.ActiveCfg = Debug|Any CPU
		{991CA4D6-6987-4881-A423-5F8AC6B25458}.Debug|x64.Build.0 = Debug|Any CPU
		{991CA4D6-6987-4881-A423-5F8AC6B25458}.Debug|x86.ActiveCfg = Debug|Any CPU
		{991CA4D6-6987-4881-A423-5F8AC6B25458}.Debug|x86.Build.0 = Debug|Any CPU
		{991CA4D6-6987-4881-A423-5F8AC6B25458}.Release|Any CPU.ActiveCfg = Release|Any CPU
		{991CA4D6-6987-4881-A423-5F8AC6B25458}.Release|Any CPU.Build.0 = Release|Any CPU
		{991CA4D6-6987-4881-A423-5F8AC6B25458}.Release|x64.ActiveCfg = Release|Any CPU
		{991CA4D6-6987-4881-A423-5F8AC6B25458}.Release|x64.Build.0 = Release|Any CPU
		{991CA4D6-6987-4881-A423-5F8AC6B25458}.Release|x86.ActiveCfg = Release|Any CPU
		{991CA4D6-6987-4881-A423-5F8AC6B25458}.Release|x86.Build.0 = Release|Any CPU
		{43B563AE-5DF6-425A-8129-1B7DE827CD65}.Debug|Any CPU.ActiveCfg = Debug|Any CPU
		{43B563AE-5DF6-425A-8129-1B7DE827CD65}.Debug|Any CPU.Build.0 = Debug|Any CPU
		{43B563AE-5DF6-425A-8129-1B7DE827CD65}.Debug|x64.ActiveCfg = Debug|Any CPU
		{43B563AE-5DF6-425A-8129-1B7DE827CD65}.Debug|x64.Build.0 = Debug|Any CPU
		{43B563AE-5DF6-425A-8129-1B7DE827CD65}.Debug|x86.ActiveCfg = Debug|Any CPU
		{43B563AE-5DF6-425A-8129-1B7DE827CD65}.Debug|x86.Build.0 = Debug|Any CPU
		{43B563AE-5DF6-425A-8129-1B7DE827CD65}.Release|Any CPU.ActiveCfg = Release|Any CPU
		{43B563AE-5DF6-425A-8129-1B7DE827CD65}.Release|Any CPU.Build.0 = Release|Any CPU
		{43B563AE-5DF6-425A-8129-1B7DE827CD65}.Release|x64.ActiveCfg = Release|Any CPU
		{43B563AE-5DF6-425A-8129-1B7DE827CD65}.Release|x64.Build.0 = Release|Any CPU
		{43B563AE-5DF6-425A-8129-1B7DE827CD65}.Release|x86.ActiveCfg = Release|Any CPU
		{43B563AE-5DF6-425A-8129-1B7DE827CD65}.Release|x86.Build.0 = Release|Any CPU
		{9376B70B-5B3C-4926-8970-70B32655C3E9}.Debug|Any CPU.ActiveCfg = Debug|Any CPU
		{9376B70B-5B3C-4926-8970-70B32655C3E9}.Debug|Any CPU.Build.0 = Debug|Any CPU
		{9376B70B-5B3C-4926-8970-70B32655C3E9}.Debug|Any CPU.Deploy.0 = Debug|Any CPU
		{9376B70B-5B3C-4926-8970-70B32655C3E9}.Debug|x64.ActiveCfg = Debug|Any CPU
		{9376B70B-5B3C-4926-8970-70B32655C3E9}.Debug|x64.Build.0 = Debug|Any CPU
		{9376B70B-5B3C-4926-8970-70B32655C3E9}.Debug|x64.Deploy.0 = Debug|Any CPU
		{9376B70B-5B3C-4926-8970-70B32655C3E9}.Debug|x86.ActiveCfg = Debug|Any CPU
		{9376B70B-5B3C-4926-8970-70B32655C3E9}.Debug|x86.Build.0 = Debug|Any CPU
		{9376B70B-5B3C-4926-8970-70B32655C3E9}.Debug|x86.Deploy.0 = Debug|Any CPU
		{9376B70B-5B3C-4926-8970-70B32655C3E9}.Release|Any CPU.ActiveCfg = Release|Any CPU
		{9376B70B-5B3C-4926-8970-70B32655C3E9}.Release|Any CPU.Build.0 = Release|Any CPU
		{9376B70B-5B3C-4926-8970-70B32655C3E9}.Release|Any CPU.Deploy.0 = Release|Any CPU
		{9376B70B-5B3C-4926-8970-70B32655C3E9}.Release|x64.ActiveCfg = Release|Any CPU
		{9376B70B-5B3C-4926-8970-70B32655C3E9}.Release|x64.Build.0 = Release|Any CPU
		{9376B70B-5B3C-4926-8970-70B32655C3E9}.Release|x64.Deploy.0 = Release|Any CPU
		{9376B70B-5B3C-4926-8970-70B32655C3E9}.Release|x86.ActiveCfg = Release|Any CPU
		{9376B70B-5B3C-4926-8970-70B32655C3E9}.Release|x86.Build.0 = Release|Any CPU
		{9376B70B-5B3C-4926-8970-70B32655C3E9}.Release|x86.Deploy.0 = Release|Any CPU
		{0C8C4AA2-290C-476F-B997-183CDD447290}.Debug|Any CPU.ActiveCfg = Debug|Any CPU
		{0C8C4AA2-290C-476F-B997-183CDD447290}.Debug|Any CPU.Build.0 = Debug|Any CPU
		{0C8C4AA2-290C-476F-B997-183CDD447290}.Debug|x64.ActiveCfg = Debug|Any CPU
		{0C8C4AA2-290C-476F-B997-183CDD447290}.Debug|x64.Build.0 = Debug|Any CPU
		{0C8C4AA2-290C-476F-B997-183CDD447290}.Debug|x86.ActiveCfg = Debug|Any CPU
		{0C8C4AA2-290C-476F-B997-183CDD447290}.Debug|x86.Build.0 = Debug|Any CPU
		{0C8C4AA2-290C-476F-B997-183CDD447290}.Release|Any CPU.ActiveCfg = Release|Any CPU
		{0C8C4AA2-290C-476F-B997-183CDD447290}.Release|Any CPU.Build.0 = Release|Any CPU
		{0C8C4AA2-290C-476F-B997-183CDD447290}.Release|x64.ActiveCfg = Release|Any CPU
		{0C8C4AA2-290C-476F-B997-183CDD447290}.Release|x64.Build.0 = Release|Any CPU
		{0C8C4AA2-290C-476F-B997-183CDD447290}.Release|x86.ActiveCfg = Release|Any CPU
		{0C8C4AA2-290C-476F-B997-183CDD447290}.Release|x86.Build.0 = Release|Any CPU
		{EB07CB50-1AD1-4CA4-8B46-69756044D830}.Debug|Any CPU.ActiveCfg = Debug|Any CPU
		{EB07CB50-1AD1-4CA4-8B46-69756044D830}.Debug|Any CPU.Build.0 = Debug|Any CPU
		{EB07CB50-1AD1-4CA4-8B46-69756044D830}.Debug|x64.ActiveCfg = Debug|Any CPU
		{EB07CB50-1AD1-4CA4-8B46-69756044D830}.Debug|x64.Build.0 = Debug|Any CPU
		{EB07CB50-1AD1-4CA4-8B46-69756044D830}.Debug|x86.ActiveCfg = Debug|Any CPU
		{EB07CB50-1AD1-4CA4-8B46-69756044D830}.Debug|x86.Build.0 = Debug|Any CPU
		{EB07CB50-1AD1-4CA4-8B46-69756044D830}.Release|Any CPU.ActiveCfg = Release|Any CPU
		{EB07CB50-1AD1-4CA4-8B46-69756044D830}.Release|Any CPU.Build.0 = Release|Any CPU
		{EB07CB50-1AD1-4CA4-8B46-69756044D830}.Release|x64.ActiveCfg = Release|Any CPU
		{EB07CB50-1AD1-4CA4-8B46-69756044D830}.Release|x64.Build.0 = Release|Any CPU
		{EB07CB50-1AD1-4CA4-8B46-69756044D830}.Release|x86.ActiveCfg = Release|Any CPU
		{EB07CB50-1AD1-4CA4-8B46-69756044D830}.Release|x86.Build.0 = Release|Any CPU
		{B8AECF66-055E-44C4-825F-02946C27C887}.Debug|Any CPU.ActiveCfg = Debug|Any CPU
		{B8AECF66-055E-44C4-825F-02946C27C887}.Debug|Any CPU.Build.0 = Debug|Any CPU
		{B8AECF66-055E-44C4-825F-02946C27C887}.Debug|x64.ActiveCfg = Debug|Any CPU
		{B8AECF66-055E-44C4-825F-02946C27C887}.Debug|x64.Build.0 = Debug|Any CPU
		{B8AECF66-055E-44C4-825F-02946C27C887}.Debug|x86.ActiveCfg = Debug|Any CPU
		{B8AECF66-055E-44C4-825F-02946C27C887}.Debug|x86.Build.0 = Debug|Any CPU
		{B8AECF66-055E-44C4-825F-02946C27C887}.Release|Any CPU.ActiveCfg = Release|Any CPU
		{B8AECF66-055E-44C4-825F-02946C27C887}.Release|Any CPU.Build.0 = Release|Any CPU
		{B8AECF66-055E-44C4-825F-02946C27C887}.Release|x64.ActiveCfg = Release|Any CPU
		{B8AECF66-055E-44C4-825F-02946C27C887}.Release|x64.Build.0 = Release|Any CPU
		{B8AECF66-055E-44C4-825F-02946C27C887}.Release|x86.ActiveCfg = Release|Any CPU
		{B8AECF66-055E-44C4-825F-02946C27C887}.Release|x86.Build.0 = Release|Any CPU
		{A7D1D86A-EDE0-48E2-AE7A-BE3983C741FE}.Debug|Any CPU.ActiveCfg = Debug|Any CPU
		{A7D1D86A-EDE0-48E2-AE7A-BE3983C741FE}.Debug|Any CPU.Build.0 = Debug|Any CPU
		{A7D1D86A-EDE0-48E2-AE7A-BE3983C741FE}.Debug|x64.ActiveCfg = Debug|Any CPU
		{A7D1D86A-EDE0-48E2-AE7A-BE3983C741FE}.Debug|x64.Build.0 = Debug|Any CPU
		{A7D1D86A-EDE0-48E2-AE7A-BE3983C741FE}.Debug|x86.ActiveCfg = Debug|Any CPU
		{A7D1D86A-EDE0-48E2-AE7A-BE3983C741FE}.Debug|x86.Build.0 = Debug|Any CPU
		{A7D1D86A-EDE0-48E2-AE7A-BE3983C741FE}.Release|Any CPU.ActiveCfg = Release|Any CPU
		{A7D1D86A-EDE0-48E2-AE7A-BE3983C741FE}.Release|Any CPU.Build.0 = Release|Any CPU
		{A7D1D86A-EDE0-48E2-AE7A-BE3983C741FE}.Release|x64.ActiveCfg = Release|Any CPU
		{A7D1D86A-EDE0-48E2-AE7A-BE3983C741FE}.Release|x64.Build.0 = Release|Any CPU
		{A7D1D86A-EDE0-48E2-AE7A-BE3983C741FE}.Release|x86.ActiveCfg = Release|Any CPU
		{A7D1D86A-EDE0-48E2-AE7A-BE3983C741FE}.Release|x86.Build.0 = Release|Any CPU
		{B170ACAD-AF50-4C41-AF18-5D45B1B6827C}.Debug|Any CPU.ActiveCfg = Debug|Any CPU
		{B170ACAD-AF50-4C41-AF18-5D45B1B6827C}.Debug|Any CPU.Build.0 = Debug|Any CPU
		{B170ACAD-AF50-4C41-AF18-5D45B1B6827C}.Debug|x64.ActiveCfg = Debug|Any CPU
		{B170ACAD-AF50-4C41-AF18-5D45B1B6827C}.Debug|x64.Build.0 = Debug|Any CPU
		{B170ACAD-AF50-4C41-AF18-5D45B1B6827C}.Debug|x86.ActiveCfg = Debug|Any CPU
		{B170ACAD-AF50-4C41-AF18-5D45B1B6827C}.Debug|x86.Build.0 = Debug|Any CPU
		{B170ACAD-AF50-4C41-AF18-5D45B1B6827C}.Release|Any CPU.ActiveCfg = Release|Any CPU
		{B170ACAD-AF50-4C41-AF18-5D45B1B6827C}.Release|Any CPU.Build.0 = Release|Any CPU
		{B170ACAD-AF50-4C41-AF18-5D45B1B6827C}.Release|x64.ActiveCfg = Release|Any CPU
		{B170ACAD-AF50-4C41-AF18-5D45B1B6827C}.Release|x64.Build.0 = Release|Any CPU
		{B170ACAD-AF50-4C41-AF18-5D45B1B6827C}.Release|x86.ActiveCfg = Release|Any CPU
		{B170ACAD-AF50-4C41-AF18-5D45B1B6827C}.Release|x86.Build.0 = Release|Any CPU
		{8C806936-190B-4965-B355-0C33E1E0434F}.Debug|Any CPU.ActiveCfg = Debug|Any CPU
		{8C806936-190B-4965-B355-0C33E1E0434F}.Debug|Any CPU.Build.0 = Debug|Any CPU
		{8C806936-190B-4965-B355-0C33E1E0434F}.Debug|x64.ActiveCfg = Debug|Any CPU
		{8C806936-190B-4965-B355-0C33E1E0434F}.Debug|x64.Build.0 = Debug|Any CPU
		{8C806936-190B-4965-B355-0C33E1E0434F}.Debug|x86.ActiveCfg = Debug|Any CPU
		{8C806936-190B-4965-B355-0C33E1E0434F}.Debug|x86.Build.0 = Debug|Any CPU
		{8C806936-190B-4965-B355-0C33E1E0434F}.Release|Any CPU.ActiveCfg = Release|Any CPU
		{8C806936-190B-4965-B355-0C33E1E0434F}.Release|Any CPU.Build.0 = Release|Any CPU
		{8C806936-190B-4965-B355-0C33E1E0434F}.Release|x64.ActiveCfg = Release|Any CPU
		{8C806936-190B-4965-B355-0C33E1E0434F}.Release|x64.Build.0 = Release|Any CPU
		{8C806936-190B-4965-B355-0C33E1E0434F}.Release|x86.ActiveCfg = Release|Any CPU
		{8C806936-190B-4965-B355-0C33E1E0434F}.Release|x86.Build.0 = Release|Any CPU
		{B447FFEF-C2CB-449C-9644-C55701B37F45}.Debug|Any CPU.ActiveCfg = Debug|Any CPU
		{B447FFEF-C2CB-449C-9644-C55701B37F45}.Debug|Any CPU.Build.0 = Debug|Any CPU
		{B447FFEF-C2CB-449C-9644-C55701B37F45}.Debug|x64.ActiveCfg = Debug|Any CPU
		{B447FFEF-C2CB-449C-9644-C55701B37F45}.Debug|x64.Build.0 = Debug|Any CPU
		{B447FFEF-C2CB-449C-9644-C55701B37F45}.Debug|x86.ActiveCfg = Debug|Any CPU
		{B447FFEF-C2CB-449C-9644-C55701B37F45}.Debug|x86.Build.0 = Debug|Any CPU
		{B447FFEF-C2CB-449C-9644-C55701B37F45}.Release|Any CPU.ActiveCfg = Release|Any CPU
		{B447FFEF-C2CB-449C-9644-C55701B37F45}.Release|Any CPU.Build.0 = Release|Any CPU
		{B447FFEF-C2CB-449C-9644-C55701B37F45}.Release|x64.ActiveCfg = Release|Any CPU
		{B447FFEF-C2CB-449C-9644-C55701B37F45}.Release|x64.Build.0 = Release|Any CPU
		{B447FFEF-C2CB-449C-9644-C55701B37F45}.Release|x86.ActiveCfg = Release|Any CPU
		{B447FFEF-C2CB-449C-9644-C55701B37F45}.Release|x86.Build.0 = Release|Any CPU
		{C7882AE7-DDA7-493B-B0E4-7C1D7CE72FE7}.Debug|Any CPU.ActiveCfg = Debug|Any CPU
		{C7882AE7-DDA7-493B-B0E4-7C1D7CE72FE7}.Debug|Any CPU.Build.0 = Debug|Any CPU
		{C7882AE7-DDA7-493B-B0E4-7C1D7CE72FE7}.Debug|x64.ActiveCfg = Debug|Any CPU
		{C7882AE7-DDA7-493B-B0E4-7C1D7CE72FE7}.Debug|x64.Build.0 = Debug|Any CPU
		{C7882AE7-DDA7-493B-B0E4-7C1D7CE72FE7}.Debug|x86.ActiveCfg = Debug|Any CPU
		{C7882AE7-DDA7-493B-B0E4-7C1D7CE72FE7}.Debug|x86.Build.0 = Debug|Any CPU
		{C7882AE7-DDA7-493B-B0E4-7C1D7CE72FE7}.Release|Any CPU.ActiveCfg = Release|Any CPU
		{C7882AE7-DDA7-493B-B0E4-7C1D7CE72FE7}.Release|Any CPU.Build.0 = Release|Any CPU
		{C7882AE7-DDA7-493B-B0E4-7C1D7CE72FE7}.Release|x64.ActiveCfg = Release|Any CPU
		{C7882AE7-DDA7-493B-B0E4-7C1D7CE72FE7}.Release|x64.Build.0 = Release|Any CPU
		{C7882AE7-DDA7-493B-B0E4-7C1D7CE72FE7}.Release|x86.ActiveCfg = Release|Any CPU
		{C7882AE7-DDA7-493B-B0E4-7C1D7CE72FE7}.Release|x86.Build.0 = Release|Any CPU
		{03401A80-84CD-4CAF-84BF-95E594F016A4}.Debug|Any CPU.ActiveCfg = Debug|Any CPU
		{03401A80-84CD-4CAF-84BF-95E594F016A4}.Debug|Any CPU.Build.0 = Debug|Any CPU
		{03401A80-84CD-4CAF-84BF-95E594F016A4}.Debug|x64.ActiveCfg = Debug|Any CPU
		{03401A80-84CD-4CAF-84BF-95E594F016A4}.Debug|x64.Build.0 = Debug|Any CPU
		{03401A80-84CD-4CAF-84BF-95E594F016A4}.Debug|x86.ActiveCfg = Debug|Any CPU
		{03401A80-84CD-4CAF-84BF-95E594F016A4}.Debug|x86.Build.0 = Debug|Any CPU
		{03401A80-84CD-4CAF-84BF-95E594F016A4}.Release|Any CPU.ActiveCfg = Release|Any CPU
		{03401A80-84CD-4CAF-84BF-95E594F016A4}.Release|Any CPU.Build.0 = Release|Any CPU
		{03401A80-84CD-4CAF-84BF-95E594F016A4}.Release|x64.ActiveCfg = Release|Any CPU
		{03401A80-84CD-4CAF-84BF-95E594F016A4}.Release|x64.Build.0 = Release|Any CPU
		{03401A80-84CD-4CAF-84BF-95E594F016A4}.Release|x86.ActiveCfg = Release|Any CPU
		{03401A80-84CD-4CAF-84BF-95E594F016A4}.Release|x86.Build.0 = Release|Any CPU
		{CB0A1075-8335-47D6-AA0F-A24FE9B988C9}.Debug|Any CPU.ActiveCfg = Debug|Any CPU
		{CB0A1075-8335-47D6-AA0F-A24FE9B988C9}.Debug|Any CPU.Build.0 = Debug|Any CPU
		{CB0A1075-8335-47D6-AA0F-A24FE9B988C9}.Debug|x64.ActiveCfg = Debug|Any CPU
		{CB0A1075-8335-47D6-AA0F-A24FE9B988C9}.Debug|x64.Build.0 = Debug|Any CPU
		{CB0A1075-8335-47D6-AA0F-A24FE9B988C9}.Debug|x86.ActiveCfg = Debug|Any CPU
		{CB0A1075-8335-47D6-AA0F-A24FE9B988C9}.Debug|x86.Build.0 = Debug|Any CPU
		{CB0A1075-8335-47D6-AA0F-A24FE9B988C9}.Release|Any CPU.ActiveCfg = Release|Any CPU
		{CB0A1075-8335-47D6-AA0F-A24FE9B988C9}.Release|Any CPU.Build.0 = Release|Any CPU
		{CB0A1075-8335-47D6-AA0F-A24FE9B988C9}.Release|x64.ActiveCfg = Release|Any CPU
		{CB0A1075-8335-47D6-AA0F-A24FE9B988C9}.Release|x64.Build.0 = Release|Any CPU
		{CB0A1075-8335-47D6-AA0F-A24FE9B988C9}.Release|x86.ActiveCfg = Release|Any CPU
		{CB0A1075-8335-47D6-AA0F-A24FE9B988C9}.Release|x86.Build.0 = Release|Any CPU
		{B16582D2-EE2A-41CE-BF7B-ABB7CE18D93D}.Debug|Any CPU.ActiveCfg = Debug|Any CPU
		{B16582D2-EE2A-41CE-BF7B-ABB7CE18D93D}.Debug|Any CPU.Build.0 = Debug|Any CPU
		{B16582D2-EE2A-41CE-BF7B-ABB7CE18D93D}.Debug|x64.ActiveCfg = Debug|Any CPU
		{B16582D2-EE2A-41CE-BF7B-ABB7CE18D93D}.Debug|x64.Build.0 = Debug|Any CPU
		{B16582D2-EE2A-41CE-BF7B-ABB7CE18D93D}.Debug|x86.ActiveCfg = Debug|Any CPU
		{B16582D2-EE2A-41CE-BF7B-ABB7CE18D93D}.Debug|x86.Build.0 = Debug|Any CPU
		{B16582D2-EE2A-41CE-BF7B-ABB7CE18D93D}.Release|Any CPU.ActiveCfg = Release|Any CPU
		{B16582D2-EE2A-41CE-BF7B-ABB7CE18D93D}.Release|Any CPU.Build.0 = Release|Any CPU
		{B16582D2-EE2A-41CE-BF7B-ABB7CE18D93D}.Release|x64.ActiveCfg = Release|Any CPU
		{B16582D2-EE2A-41CE-BF7B-ABB7CE18D93D}.Release|x64.Build.0 = Release|Any CPU
		{B16582D2-EE2A-41CE-BF7B-ABB7CE18D93D}.Release|x86.ActiveCfg = Release|Any CPU
		{B16582D2-EE2A-41CE-BF7B-ABB7CE18D93D}.Release|x86.Build.0 = Release|Any CPU
	EndGlobalSection
	GlobalSection(SolutionProperties) = preSolution
		HideSolutionNode = FALSE
	EndGlobalSection
	GlobalSection(NestedProjects) = preSolution
		{4BA33CDC-C0CE-46BC-9A31-65E2321FC1F6} = {1A1CC9DD-8A9A-4C5A-A3ED-E338AFD42D44}
		{493C82A6-C05A-4478-8D43-F6175934A457} = {1A1CC9DD-8A9A-4C5A-A3ED-E338AFD42D44}
		{7CFD0886-274C-408B-8C5B-28EB1B647130} = {1A1CC9DD-8A9A-4C5A-A3ED-E338AFD42D44}
		{22056282-2E21-42B3-AB63-CE7F0A39E7B3} = {1A1CC9DD-8A9A-4C5A-A3ED-E338AFD42D44}
		{3D45612B-558A-4E15-ADA8-AB520D254E67} = {83FA1B7F-0BC5-4EEB-86E6-1AEF9AF11609}
		{29B9F1CE-74B3-41BB-BE67-4315897A1231} = {9B97CCB2-8C6A-4307-B208-A9A863B6329C}
		{C763C1C2-62F8-4774-BFAD-BF75F3DD3682} = {9B97CCB2-8C6A-4307-B208-A9A863B6329C}
		{12947AE6-1917-40B3-884C-45D806788A78} = {83FA1B7F-0BC5-4EEB-86E6-1AEF9AF11609}
		{AEBB4FE0-25CA-41A4-8110-753D17D9B902} = {1A1CC9DD-8A9A-4C5A-A3ED-E338AFD42D44}
		{DC8EC838-372D-4266-B6CF-10BA0A815580} = {1A1CC9DD-8A9A-4C5A-A3ED-E338AFD42D44}
		{5995262A-BCF4-4E97-BEDB-50F03398E0D9} = {1A1CC9DD-8A9A-4C5A-A3ED-E338AFD42D44}
		{8074C17A-3AF3-46A3-935D-29100B861961} = {83FA1B7F-0BC5-4EEB-86E6-1AEF9AF11609}
		{7A6F8022-1C19-45F0-871C-2D8FB218AEE5} = {83FA1B7F-0BC5-4EEB-86E6-1AEF9AF11609}
		{5F734C4E-7FDC-415E-ACAB-C22CC7D3FC9C} = {1A1CC9DD-8A9A-4C5A-A3ED-E338AFD42D44}
		{345965D6-605C-4086-90A0-AB344908E6A9} = {5F734C4E-7FDC-415E-ACAB-C22CC7D3FC9C}
		{D996503C-AD98-4F02-9A8D-7D198214BBF3} = {5F734C4E-7FDC-415E-ACAB-C22CC7D3FC9C}
		{63D4A6EC-653C-48D6-A909-8046BB15CA68} = {5F734C4E-7FDC-415E-ACAB-C22CC7D3FC9C}
		{991CA4D6-6987-4881-A423-5F8AC6B25458} = {5F734C4E-7FDC-415E-ACAB-C22CC7D3FC9C}
		{43B563AE-5DF6-425A-8129-1B7DE827CD65} = {5F734C4E-7FDC-415E-ACAB-C22CC7D3FC9C}
		{9376B70B-5B3C-4926-8970-70B32655C3E9} = {83FA1B7F-0BC5-4EEB-86E6-1AEF9AF11609}
		{0C8C4AA2-290C-476F-B997-183CDD447290} = {1A1CC9DD-8A9A-4C5A-A3ED-E338AFD42D44}
		{EB07CB50-1AD1-4CA4-8B46-69756044D830} = {1A1CC9DD-8A9A-4C5A-A3ED-E338AFD42D44}
		{B8AECF66-055E-44C4-825F-02946C27C887} = {1A1CC9DD-8A9A-4C5A-A3ED-E338AFD42D44}
		{A7D1D86A-EDE0-48E2-AE7A-BE3983C741FE} = {1A1CC9DD-8A9A-4C5A-A3ED-E338AFD42D44}
		{B170ACAD-AF50-4C41-AF18-5D45B1B6827C} = {1A1CC9DD-8A9A-4C5A-A3ED-E338AFD42D44}
		{8C806936-190B-4965-B355-0C33E1E0434F} = {1A1CC9DD-8A9A-4C5A-A3ED-E338AFD42D44}
		{C7882AE7-DDA7-493B-B0E4-7C1D7CE72FE7} = {1A1CC9DD-8A9A-4C5A-A3ED-E338AFD42D44}
		{03401A80-84CD-4CAF-84BF-95E594F016A4} = {1A1CC9DD-8A9A-4C5A-A3ED-E338AFD42D44}
		{CB0A1075-8335-47D6-AA0F-A24FE9B988C9} = {5F734C4E-7FDC-415E-ACAB-C22CC7D3FC9C}
		{B16582D2-EE2A-41CE-BF7B-ABB7CE18D93D} = {83FA1B7F-0BC5-4EEB-86E6-1AEF9AF11609}
	EndGlobalSection
	GlobalSection(ExtensibilityGlobals) = postSolution
		SolutionGuid = {0EBFC1BB-A80E-4F88-8356-8D1C030FA004}
	EndGlobalSection
EndGlobal
