
Microsoft Visual Studio Solution File, Format Version 12.00
# Visual Studio Version 17
VisualStudioVersion = 17.1.32421.90
MinimumVisualStudioVersion = 10.0.40219.1
Project("{9A19103F-16F7-4668-BE54-9A1E7A4F7556}") = "Personal Site", "Personal Site\Personal Site.csproj", "{01DE1BEA-3484-4147-B70D-BD635CB7A874}"
EndProject
Project("{9A19103F-16F7-4668-BE54-9A1E7A4F7556}") = "Juniper.ProcessManager", "Juniper\src\Juniper.ProcessManager\Juniper.ProcessManager.csproj", "{4BA33CDC-C0CE-46BC-9A31-65E2321FC1F6}"
EndProject
Project("{9A19103F-16F7-4668-BE54-9A1E7A4F7556}") = "Juniper.Root", "Juniper\src\Juniper.Root\Juniper.Root.csproj", "{493C82A6-C05A-4478-8D43-F6175934A457}"
EndProject
Project("{9A19103F-16F7-4668-BE54-9A1E7A4F7556}") = "Juniper.Server", "Juniper\src\Juniper.Server\Juniper.Server.csproj", "{7CFD0886-274C-408B-8C5B-28EB1B647130}"
EndProject
Project("{9A19103F-16F7-4668-BE54-9A1E7A4F7556}") = "Juniper.TSBuild", "Juniper\src\Juniper.TSBuild\Juniper.TSBuild.csproj", "{22056282-2E21-42B3-AB63-CE7F0A39E7B3}"
EndProject
Project("{9A19103F-16F7-4668-BE54-9A1E7A4F7556}") = "Build", "Build\Build.csproj", "{4E2B0A20-5AAF-40BE-B4F1-F626F4158DF9}"
EndProject
Project("{2150E333-8FDC-42A3-9474-1A3956D46DE8}") = "Juniper", "Juniper", "{1A1CC9DD-8A9A-4C5A-A3ED-E338AFD42D44}"
EndProject
Project("{9A19103F-16F7-4668-BE54-9A1E7A4F7556}") = "BuildConfig", "BuildConfig\BuildConfig.csproj", "{6327495C-06AA-46B1-A91B-F5065D96E391}"
EndProject
Project("{E24C65DC-7377-472B-9ABA-BC803B73C61A}") = "etc", "etc\", "{3D45612B-558A-4E15-ADA8-AB520D254E67}"
	ProjectSection(WebsiteProperties) = preProject
		TargetFrameworkMoniker = ".NETFramework,Version%3Dv4.0"
		Debug.AspNetCompiler.VirtualPath = "/localhost_49341"
		Debug.AspNetCompiler.PhysicalPath = "etc\"
		Debug.AspNetCompiler.TargetPath = "PrecompiledWeb\localhost_49341\"
		Debug.AspNetCompiler.Updateable = "true"
		Debug.AspNetCompiler.ForceOverwrite = "true"
		Debug.AspNetCompiler.FixedNames = "false"
		Debug.AspNetCompiler.Debug = "True"
		Release.AspNetCompiler.VirtualPath = "/localhost_49341"
		Release.AspNetCompiler.PhysicalPath = "etc\"
		Release.AspNetCompiler.TargetPath = "PrecompiledWeb\localhost_49341\"
		Release.AspNetCompiler.Updateable = "true"
		Release.AspNetCompiler.ForceOverwrite = "true"
		Release.AspNetCompiler.FixedNames = "false"
		Release.AspNetCompiler.Debug = "False"
		VWDPort = "49341"
		SlnRelativePath = "etc\"
	EndProjectSection
EndProject
Project("{2150E333-8FDC-42A3-9474-1A3956D46DE8}") = "Solution Items", "Solution Items", "{549D12B3-54F6-4AF5-AC2D-98F7F5B4D04B}"
	ProjectSection(SolutionItems) = preProject
		.editorconfig = .editorconfig
		LICENSE.md = LICENSE.md
		tool.ps1 = tool.ps1
	EndProjectSection
EndProject
Project("{2150E333-8FDC-42A3-9474-1A3956D46DE8}") = "Primrose", "Primrose", "{9B97CCB2-8C6A-4307-B208-A9A863B6329C}"
EndProject
Project("{E24C65DC-7377-472B-9ABA-BC803B73C61A}") = "Primrose.TypeScript", "Primrose\Primrose.TypeScript\", "{29B9F1CE-74B3-41BB-BE67-4315897A1231}"
	ProjectSection(WebsiteProperties) = preProject
		TargetFrameworkMoniker = ".NETFramework,Version%3Dv4.0"
		Debug.AspNetCompiler.VirtualPath = "/localhost_60987"
		Debug.AspNetCompiler.PhysicalPath = "Primrose\Primrose.TypeScript\"
		Debug.AspNetCompiler.TargetPath = "PrecompiledWeb\localhost_60987\"
		Debug.AspNetCompiler.Updateable = "true"
		Debug.AspNetCompiler.ForceOverwrite = "true"
		Debug.AspNetCompiler.FixedNames = "false"
		Debug.AspNetCompiler.Debug = "True"
		Release.AspNetCompiler.VirtualPath = "/localhost_60987"
		Release.AspNetCompiler.PhysicalPath = "Primrose\Primrose.TypeScript\"
		Release.AspNetCompiler.TargetPath = "PrecompiledWeb\localhost_60987\"
		Release.AspNetCompiler.Updateable = "true"
		Release.AspNetCompiler.ForceOverwrite = "true"
		Release.AspNetCompiler.FixedNames = "false"
		Release.AspNetCompiler.Debug = "False"
		VWDPort = "60987"
		SlnRelativePath = "Primrose\Primrose.TypeScript\"
	EndProjectSection
EndProject
Project("{E24C65DC-7377-472B-9ABA-BC803B73C61A}") = "js", "Primrose\js\", "{C763C1C2-62F8-4774-BFAD-BF75F3DD3682}"
	ProjectSection(WebsiteProperties) = preProject
		TargetFrameworkMoniker = ".NETFramework,Version%3Dv4.0"
		Debug.AspNetCompiler.VirtualPath = "/localhost_60957"
		Debug.AspNetCompiler.PhysicalPath = "Primrose\js\"
		Debug.AspNetCompiler.TargetPath = "PrecompiledWeb\localhost_60957\"
		Debug.AspNetCompiler.Updateable = "true"
		Debug.AspNetCompiler.ForceOverwrite = "true"
		Debug.AspNetCompiler.FixedNames = "false"
		Debug.AspNetCompiler.Debug = "True"
		Release.AspNetCompiler.VirtualPath = "/localhost_60957"
		Release.AspNetCompiler.PhysicalPath = "Primrose\js\"
		Release.AspNetCompiler.TargetPath = "PrecompiledWeb\localhost_60957\"
		Release.AspNetCompiler.Updateable = "true"
		Release.AspNetCompiler.ForceOverwrite = "true"
		Release.AspNetCompiler.FixedNames = "false"
		Release.AspNetCompiler.Debug = "False"
		VWDPort = "60957"
		SlnRelativePath = "Primrose\js\"
	EndProjectSection
EndProject
Project("{9A19103F-16F7-4668-BE54-9A1E7A4F7556}") = "Sandbox", "Sandbox\Sandbox.csproj", "{12947AE6-1917-40B3-884C-45D806788A78}"
EndProject
Project("{9A19103F-16F7-4668-BE54-9A1E7A4F7556}") = "Juniper.Azure", "Juniper\src\Juniper.Azure\Juniper.Azure.csproj", "{AEBB4FE0-25CA-41A4-8110-753D17D9B902}"
EndProject
Project("{9A19103F-16F7-4668-BE54-9A1E7A4F7556}") = "Juniper.Sound", "Juniper\src\Juniper.Sound\Juniper.Sound.csproj", "{DC8EC838-372D-4266-B6CF-10BA0A815580}"
EndProject
Project("{9A19103F-16F7-4668-BE54-9A1E7A4F7556}") = "Juniper.GoogleMaps", "Juniper\src\Juniper.GoogleMaps\Juniper.GoogleMaps.csproj", "{5995262A-BCF4-4E97-BEDB-50F03398E0D9}"
EndProject
Project("{54A90642-561A-4BB1-A94E-469ADEE60C69}") = "Juniper.TypeScript", "Juniper\src\Juniper.TypeScript\Juniper.TypeScript.esproj", "{5E30B00E-3389-416A-9BCF-E16D52459DD2}"
EndProject
Project("{54A90642-561A-4BB1-A94E-469ADEE60C69}") = "TypeScript Code", "TypeScript Code\TypeScript Code.esproj", "{AAF34F51-A921-487C-A5A9-116CE00C11A3}"
EndProject
Project("{9A19103F-16F7-4668-BE54-9A1E7A4F7556}") = "StereoKitProject1", "StereoKitProject1\StereoKitProject1.csproj", "{8074C17A-3AF3-46A3-935D-29100B861961}"
EndProject
Project("{8BC9CEB8-8B4A-11D0-8D11-00A0C91BC942}") = "CppConsoleApplication1", "CppConsoleApplication1\CppConsoleApplication1.vcxproj", "{7A6F8022-1C19-45F0-871C-2D8FB218AEE5}"
EndProject
Project("{2150E333-8FDC-42A3-9474-1A3956D46DE8}") = "Other", "Other", "{5F734C4E-7FDC-415E-ACAB-C22CC7D3FC9C}"
EndProject
Project("{9A19103F-16F7-4668-BE54-9A1E7A4F7556}") = "Juniper.Client", "Juniper\src\Juniper.Client\Juniper.Client.csproj", "{345965D6-605C-4086-90A0-AB344908E6A9}"
EndProject
Project("{9A19103F-16F7-4668-BE54-9A1E7A4F7556}") = "Juniper.Emoji", "Juniper\src\Juniper.Emoji\Juniper.Emoji.csproj", "{D996503C-AD98-4F02-9A8D-7D198214BBF3}"
EndProject
Project("{9A19103F-16F7-4668-BE54-9A1E7A4F7556}") = "Juniper.HjgPngcs", "Juniper\src\Juniper.HjgPngcs\Juniper.HjgPngcs.csproj", "{63D4A6EC-653C-48D6-A909-8046BB15CA68}"
EndProject
Project("{9A19103F-16F7-4668-BE54-9A1E7A4F7556}") = "Juniper.Imaging", "Juniper\src\Juniper.Imaging\Juniper.Imaging.csproj", "{991CA4D6-6987-4881-A423-5F8AC6B25458}"
EndProject
Project("{9A19103F-16F7-4668-BE54-9A1E7A4F7556}") = "Juniper.LibJpeg.NET", "Juniper\src\Juniper.LibJpeg.NET\Juniper.LibJpeg.NET.csproj", "{43B563AE-5DF6-425A-8129-1B7DE827CD65}"
EndProject
Project("{9A19103F-16F7-4668-BE54-9A1E7A4F7556}") = "Juniper.Windows", "Juniper\src\Juniper.Windows\Juniper.Windows.csproj", "{7556A72B-E5AA-42C4-A2B5-2C0784CAEA09}"
EndProject
Project("{9A19103F-16F7-4668-BE54-9A1E7A4F7556}") = "Juniper.YouTubeDLP", "Juniper\src\Juniper.YouTubeDLP\Juniper.YouTubeDLP.csproj", "{514A5B5E-0EE6-447E-998E-A5206244DD52}"
EndProject
Project("{9A19103F-16F7-4668-BE54-9A1E7A4F7556}") = "Juniper.Oculus.VR", "Juniper\src\Juniper.Oculus.VR\Juniper.Oculus.VR.csproj", "{231613DE-E482-4344-929C-9C3035E15060}"
EndProject
Project("{9A19103F-16F7-4668-BE54-9A1E7A4F7556}") = "Juniper.Valve.VR", "Juniper\src\Juniper.Valve.VR\Juniper.Valve.VR.csproj", "{BB49A7E5-8CCC-486A-9EC9-5334AEC08E8D}"
EndProject
Project("{2150E333-8FDC-42A3-9474-1A3956D46DE8}") = "Tests", "Tests", "{811FB312-71ED-40E7-BC2A-90E0B36F80B2}"
EndProject
Project("{9A19103F-16F7-4668-BE54-9A1E7A4F7556}") = "Azure Text to Speech - Console", "Juniper\test\Azure Text to Speech - Console\Azure Text to Speech - Console.csproj", "{153122E3-00F1-4FBB-A260-DA53544AE813}"
EndProject
Project("{9A19103F-16F7-4668-BE54-9A1E7A4F7556}") = "Azure Text to Speech - WinForms", "Juniper\test\Azure Text to Speech - WinForms\Azure Text to Speech - WinForms.csproj", "{C49D98D9-9D84-4286-A9A7-0617AB0F21CE}"
EndProject
Project("{9A19103F-16F7-4668-BE54-9A1E7A4F7556}") = "GoogleMaps - WinForms", "Juniper\test\GoogleMaps - WinForms\GoogleMaps - WinForms.csproj", "{9FB7ADD9-C9E4-4181-B8E0-AAB48B5F673F}"
EndProject
Project("{9A19103F-16F7-4668-BE54-9A1E7A4F7556}") = "Juniper Build Example", "Juniper\test\Juniper Build Example\Juniper Build Example.csproj", "{23BE5865-DE59-4A7C-9E24-0AE68E621269}"
EndProject
Project("{9A19103F-16F7-4668-BE54-9A1E7A4F7556}") = "Juniper Web Examples", "Juniper\test\Juniper Web Examples\Juniper Web Examples.csproj", "{60B73031-1C09-45EC-996B-4103F54972D0}"
EndProject
Project("{9A19103F-16F7-4668-BE54-9A1E7A4F7556}") = "Juniper.Tests", "Juniper\test\Juniper.Tests\Juniper.Tests.csproj", "{142185C1-88FE-4C47-A3B8-1EB9DC2C8505}"
EndProject
Project("{9A19103F-16F7-4668-BE54-9A1E7A4F7556}") = "Keyboard - WinForms", "Juniper\test\Keyboard - WinForms\Keyboard - WinForms.csproj", "{28BCB9AE-0AE6-465B-9E87-8B2446A1D304}"
EndProject
Project("{9A19103F-16F7-4668-BE54-9A1E7A4F7556}") = "Media Types", "Juniper\test\Media Types\Media Types.csproj", "{D20D6DC9-6578-4417-A83E-48453BF87DD7}"
EndProject
Project("{9A19103F-16F7-4668-BE54-9A1E7A4F7556}") = "OpenVR - Console", "Juniper\test\OpenVR - Console\OpenVR - Console.csproj", "{05C39957-E2F6-4F08-AF32-C561321C3211}"
EndProject
Project("{9A19103F-16F7-4668-BE54-9A1E7A4F7556}") = "Process Manager - Console", "Juniper\test\Process Manager - Console\Process Manager - Console.csproj", "{049B3636-660F-4549-85DC-3F87B78BE783}"
EndProject
Project("{9A19103F-16F7-4668-BE54-9A1E7A4F7556}") = "Scratch", "Juniper\test\Scratch\Scratch.csproj", "{09DCEBEE-C2CC-4900-9C33-A57305CC01EA}"
EndProject
Project("{9A19103F-16F7-4668-BE54-9A1E7A4F7556}") = "Tetris - Console", "Juniper\test\Tetris - Console\Tetris - Console.csproj", "{842C3D49-9F94-498F-84E8-8423C6137D5F}"
EndProject
Project("{9A19103F-16F7-4668-BE54-9A1E7A4F7556}") = "Tetris - WinForms", "Juniper\test\Tetris - WinForms\Tetris - WinForms.csproj", "{A104DA85-3955-4C2D-BA40-2D96CFB325C9}"
EndProject
Project("{9A19103F-16F7-4668-BE54-9A1E7A4F7556}") = "Juniper Build Config Example", "Juniper\test\Juniper Build Config Example\Juniper Build Config Example.csproj", "{0F9E24F0-946A-41A5-9B46-A30C1A191EF6}"
EndProject
Project("{2150E333-8FDC-42A3-9474-1A3956D46DE8}") = "Extra", "Extra", "{83FA1B7F-0BC5-4EEB-86E6-1AEF9AF11609}"
EndProject
Project("{FAE04EC0-301F-11D3-BF4B-00C04F79EFBC}") = "MauiApp1", "MauiApp1\MauiApp1.csproj", "{9376B70B-5B3C-4926-8970-70B32655C3E9}"
EndProject
Global
	GlobalSection(SolutionConfigurationPlatforms) = preSolution
		Debug|Any CPU = Debug|Any CPU
		Debug|x64 = Debug|x64
		Debug|x86 = Debug|x86
		Release|Any CPU = Release|Any CPU
		Release|x64 = Release|x64
		Release|x86 = Release|x86
	EndGlobalSection
	GlobalSection(ProjectConfigurationPlatforms) = postSolution
		{01DE1BEA-3484-4147-B70D-BD635CB7A874}.Debug|Any CPU.ActiveCfg = Debug|Any CPU
		{01DE1BEA-3484-4147-B70D-BD635CB7A874}.Debug|Any CPU.Build.0 = Debug|Any CPU
		{01DE1BEA-3484-4147-B70D-BD635CB7A874}.Debug|x64.ActiveCfg = Debug|Any CPU
		{01DE1BEA-3484-4147-B70D-BD635CB7A874}.Debug|x64.Build.0 = Debug|Any CPU
		{01DE1BEA-3484-4147-B70D-BD635CB7A874}.Debug|x86.ActiveCfg = Debug|Any CPU
		{01DE1BEA-3484-4147-B70D-BD635CB7A874}.Debug|x86.Build.0 = Debug|Any CPU
		{01DE1BEA-3484-4147-B70D-BD635CB7A874}.Release|Any CPU.ActiveCfg = Release|Any CPU
		{01DE1BEA-3484-4147-B70D-BD635CB7A874}.Release|Any CPU.Build.0 = Release|Any CPU
		{01DE1BEA-3484-4147-B70D-BD635CB7A874}.Release|x64.ActiveCfg = Release|Any CPU
		{01DE1BEA-3484-4147-B70D-BD635CB7A874}.Release|x64.Build.0 = Release|Any CPU
		{01DE1BEA-3484-4147-B70D-BD635CB7A874}.Release|x86.ActiveCfg = Release|Any CPU
		{01DE1BEA-3484-4147-B70D-BD635CB7A874}.Release|x86.Build.0 = Release|Any CPU
		{4BA33CDC-C0CE-46BC-9A31-65E2321FC1F6}.Debug|Any CPU.ActiveCfg = Debug|Any CPU
		{4BA33CDC-C0CE-46BC-9A31-65E2321FC1F6}.Debug|Any CPU.Build.0 = Debug|Any CPU
		{4BA33CDC-C0CE-46BC-9A31-65E2321FC1F6}.Debug|x64.ActiveCfg = Debug|Any CPU
		{4BA33CDC-C0CE-46BC-9A31-65E2321FC1F6}.Debug|x64.Build.0 = Debug|Any CPU
		{4BA33CDC-C0CE-46BC-9A31-65E2321FC1F6}.Debug|x86.ActiveCfg = Debug|Any CPU
		{4BA33CDC-C0CE-46BC-9A31-65E2321FC1F6}.Debug|x86.Build.0 = Debug|Any CPU
		{4BA33CDC-C0CE-46BC-9A31-65E2321FC1F6}.Release|Any CPU.ActiveCfg = Release|Any CPU
		{4BA33CDC-C0CE-46BC-9A31-65E2321FC1F6}.Release|Any CPU.Build.0 = Release|Any CPU
		{4BA33CDC-C0CE-46BC-9A31-65E2321FC1F6}.Release|x64.ActiveCfg = Release|Any CPU
		{4BA33CDC-C0CE-46BC-9A31-65E2321FC1F6}.Release|x64.Build.0 = Release|Any CPU
		{4BA33CDC-C0CE-46BC-9A31-65E2321FC1F6}.Release|x86.ActiveCfg = Release|Any CPU
		{4BA33CDC-C0CE-46BC-9A31-65E2321FC1F6}.Release|x86.Build.0 = Release|Any CPU
		{493C82A6-C05A-4478-8D43-F6175934A457}.Debug|Any CPU.ActiveCfg = Debug|Any CPU
		{493C82A6-C05A-4478-8D43-F6175934A457}.Debug|Any CPU.Build.0 = Debug|Any CPU
		{493C82A6-C05A-4478-8D43-F6175934A457}.Debug|x64.ActiveCfg = Debug|Any CPU
		{493C82A6-C05A-4478-8D43-F6175934A457}.Debug|x64.Build.0 = Debug|Any CPU
		{493C82A6-C05A-4478-8D43-F6175934A457}.Debug|x86.ActiveCfg = Debug|Any CPU
		{493C82A6-C05A-4478-8D43-F6175934A457}.Debug|x86.Build.0 = Debug|Any CPU
		{493C82A6-C05A-4478-8D43-F6175934A457}.Release|Any CPU.ActiveCfg = Release|Any CPU
		{493C82A6-C05A-4478-8D43-F6175934A457}.Release|Any CPU.Build.0 = Release|Any CPU
		{493C82A6-C05A-4478-8D43-F6175934A457}.Release|x64.ActiveCfg = Release|Any CPU
		{493C82A6-C05A-4478-8D43-F6175934A457}.Release|x64.Build.0 = Release|Any CPU
		{493C82A6-C05A-4478-8D43-F6175934A457}.Release|x86.ActiveCfg = Release|Any CPU
		{493C82A6-C05A-4478-8D43-F6175934A457}.Release|x86.Build.0 = Release|Any CPU
		{7CFD0886-274C-408B-8C5B-28EB1B647130}.Debug|Any CPU.ActiveCfg = Debug|Any CPU
		{7CFD0886-274C-408B-8C5B-28EB1B647130}.Debug|Any CPU.Build.0 = Debug|Any CPU
		{7CFD0886-274C-408B-8C5B-28EB1B647130}.Debug|x64.ActiveCfg = Debug|Any CPU
		{7CFD0886-274C-408B-8C5B-28EB1B647130}.Debug|x64.Build.0 = Debug|Any CPU
		{7CFD0886-274C-408B-8C5B-28EB1B647130}.Debug|x86.ActiveCfg = Debug|Any CPU
		{7CFD0886-274C-408B-8C5B-28EB1B647130}.Debug|x86.Build.0 = Debug|Any CPU
		{7CFD0886-274C-408B-8C5B-28EB1B647130}.Release|Any CPU.ActiveCfg = Release|Any CPU
		{7CFD0886-274C-408B-8C5B-28EB1B647130}.Release|Any CPU.Build.0 = Release|Any CPU
		{7CFD0886-274C-408B-8C5B-28EB1B647130}.Release|x64.ActiveCfg = Release|Any CPU
		{7CFD0886-274C-408B-8C5B-28EB1B647130}.Release|x64.Build.0 = Release|Any CPU
		{7CFD0886-274C-408B-8C5B-28EB1B647130}.Release|x86.ActiveCfg = Release|Any CPU
		{7CFD0886-274C-408B-8C5B-28EB1B647130}.Release|x86.Build.0 = Release|Any CPU
		{22056282-2E21-42B3-AB63-CE7F0A39E7B3}.Debug|Any CPU.ActiveCfg = Debug|Any CPU
		{22056282-2E21-42B3-AB63-CE7F0A39E7B3}.Debug|Any CPU.Build.0 = Debug|Any CPU
		{22056282-2E21-42B3-AB63-CE7F0A39E7B3}.Debug|x64.ActiveCfg = Debug|Any CPU
		{22056282-2E21-42B3-AB63-CE7F0A39E7B3}.Debug|x64.Build.0 = Debug|Any CPU
		{22056282-2E21-42B3-AB63-CE7F0A39E7B3}.Debug|x86.ActiveCfg = Debug|Any CPU
		{22056282-2E21-42B3-AB63-CE7F0A39E7B3}.Debug|x86.Build.0 = Debug|Any CPU
		{22056282-2E21-42B3-AB63-CE7F0A39E7B3}.Release|Any CPU.ActiveCfg = Release|Any CPU
		{22056282-2E21-42B3-AB63-CE7F0A39E7B3}.Release|Any CPU.Build.0 = Release|Any CPU
		{22056282-2E21-42B3-AB63-CE7F0A39E7B3}.Release|x64.ActiveCfg = Release|Any CPU
		{22056282-2E21-42B3-AB63-CE7F0A39E7B3}.Release|x64.Build.0 = Release|Any CPU
		{22056282-2E21-42B3-AB63-CE7F0A39E7B3}.Release|x86.ActiveCfg = Release|Any CPU
		{22056282-2E21-42B3-AB63-CE7F0A39E7B3}.Release|x86.Build.0 = Release|Any CPU
		{4E2B0A20-5AAF-40BE-B4F1-F626F4158DF9}.Debug|Any CPU.ActiveCfg = Debug|Any CPU
		{4E2B0A20-5AAF-40BE-B4F1-F626F4158DF9}.Debug|Any CPU.Build.0 = Debug|Any CPU
		{4E2B0A20-5AAF-40BE-B4F1-F626F4158DF9}.Debug|x64.ActiveCfg = Debug|Any CPU
		{4E2B0A20-5AAF-40BE-B4F1-F626F4158DF9}.Debug|x64.Build.0 = Debug|Any CPU
		{4E2B0A20-5AAF-40BE-B4F1-F626F4158DF9}.Debug|x86.ActiveCfg = Debug|Any CPU
		{4E2B0A20-5AAF-40BE-B4F1-F626F4158DF9}.Debug|x86.Build.0 = Debug|Any CPU
		{4E2B0A20-5AAF-40BE-B4F1-F626F4158DF9}.Release|Any CPU.ActiveCfg = Release|Any CPU
		{4E2B0A20-5AAF-40BE-B4F1-F626F4158DF9}.Release|Any CPU.Build.0 = Release|Any CPU
		{4E2B0A20-5AAF-40BE-B4F1-F626F4158DF9}.Release|x64.ActiveCfg = Release|Any CPU
		{4E2B0A20-5AAF-40BE-B4F1-F626F4158DF9}.Release|x64.Build.0 = Release|Any CPU
		{4E2B0A20-5AAF-40BE-B4F1-F626F4158DF9}.Release|x86.ActiveCfg = Release|Any CPU
		{4E2B0A20-5AAF-40BE-B4F1-F626F4158DF9}.Release|x86.Build.0 = Release|Any CPU
		{6327495C-06AA-46B1-A91B-F5065D96E391}.Debug|Any CPU.ActiveCfg = Debug|Any CPU
		{6327495C-06AA-46B1-A91B-F5065D96E391}.Debug|Any CPU.Build.0 = Debug|Any CPU
		{6327495C-06AA-46B1-A91B-F5065D96E391}.Debug|x64.ActiveCfg = Debug|Any CPU
		{6327495C-06AA-46B1-A91B-F5065D96E391}.Debug|x64.Build.0 = Debug|Any CPU
		{6327495C-06AA-46B1-A91B-F5065D96E391}.Debug|x86.ActiveCfg = Debug|Any CPU
		{6327495C-06AA-46B1-A91B-F5065D96E391}.Debug|x86.Build.0 = Debug|Any CPU
		{6327495C-06AA-46B1-A91B-F5065D96E391}.Release|Any CPU.ActiveCfg = Release|Any CPU
		{6327495C-06AA-46B1-A91B-F5065D96E391}.Release|Any CPU.Build.0 = Release|Any CPU
		{6327495C-06AA-46B1-A91B-F5065D96E391}.Release|x64.ActiveCfg = Release|Any CPU
		{6327495C-06AA-46B1-A91B-F5065D96E391}.Release|x64.Build.0 = Release|Any CPU
		{6327495C-06AA-46B1-A91B-F5065D96E391}.Release|x86.ActiveCfg = Release|Any CPU
		{6327495C-06AA-46B1-A91B-F5065D96E391}.Release|x86.Build.0 = Release|Any CPU
		{3D45612B-558A-4E15-ADA8-AB520D254E67}.Debug|Any CPU.ActiveCfg = Debug|Any CPU
		{3D45612B-558A-4E15-ADA8-AB520D254E67}.Debug|Any CPU.Build.0 = Debug|Any CPU
		{3D45612B-558A-4E15-ADA8-AB520D254E67}.Debug|x64.ActiveCfg = Debug|Any CPU
		{3D45612B-558A-4E15-ADA8-AB520D254E67}.Debug|x64.Build.0 = Debug|Any CPU
		{3D45612B-558A-4E15-ADA8-AB520D254E67}.Debug|x86.ActiveCfg = Debug|Any CPU
		{3D45612B-558A-4E15-ADA8-AB520D254E67}.Debug|x86.Build.0 = Debug|Any CPU
		{3D45612B-558A-4E15-ADA8-AB520D254E67}.Release|Any CPU.ActiveCfg = Debug|Any CPU
		{3D45612B-558A-4E15-ADA8-AB520D254E67}.Release|Any CPU.Build.0 = Debug|Any CPU
		{3D45612B-558A-4E15-ADA8-AB520D254E67}.Release|x64.ActiveCfg = Debug|Any CPU
		{3D45612B-558A-4E15-ADA8-AB520D254E67}.Release|x64.Build.0 = Debug|Any CPU
		{3D45612B-558A-4E15-ADA8-AB520D254E67}.Release|x86.ActiveCfg = Debug|Any CPU
		{3D45612B-558A-4E15-ADA8-AB520D254E67}.Release|x86.Build.0 = Debug|Any CPU
		{29B9F1CE-74B3-41BB-BE67-4315897A1231}.Debug|Any CPU.ActiveCfg = Debug|Any CPU
		{29B9F1CE-74B3-41BB-BE67-4315897A1231}.Debug|Any CPU.Build.0 = Debug|Any CPU
		{29B9F1CE-74B3-41BB-BE67-4315897A1231}.Debug|x64.ActiveCfg = Debug|Any CPU
		{29B9F1CE-74B3-41BB-BE67-4315897A1231}.Debug|x64.Build.0 = Debug|Any CPU
		{29B9F1CE-74B3-41BB-BE67-4315897A1231}.Debug|x86.ActiveCfg = Debug|Any CPU
		{29B9F1CE-74B3-41BB-BE67-4315897A1231}.Debug|x86.Build.0 = Debug|Any CPU
		{29B9F1CE-74B3-41BB-BE67-4315897A1231}.Release|Any CPU.ActiveCfg = Debug|Any CPU
		{29B9F1CE-74B3-41BB-BE67-4315897A1231}.Release|Any CPU.Build.0 = Debug|Any CPU
		{29B9F1CE-74B3-41BB-BE67-4315897A1231}.Release|x64.ActiveCfg = Debug|Any CPU
		{29B9F1CE-74B3-41BB-BE67-4315897A1231}.Release|x64.Build.0 = Debug|Any CPU
		{29B9F1CE-74B3-41BB-BE67-4315897A1231}.Release|x86.ActiveCfg = Debug|Any CPU
		{29B9F1CE-74B3-41BB-BE67-4315897A1231}.Release|x86.Build.0 = Debug|Any CPU
		{C763C1C2-62F8-4774-BFAD-BF75F3DD3682}.Debug|Any CPU.ActiveCfg = Debug|Any CPU
		{C763C1C2-62F8-4774-BFAD-BF75F3DD3682}.Debug|Any CPU.Build.0 = Debug|Any CPU
		{C763C1C2-62F8-4774-BFAD-BF75F3DD3682}.Debug|x64.ActiveCfg = Debug|Any CPU
		{C763C1C2-62F8-4774-BFAD-BF75F3DD3682}.Debug|x64.Build.0 = Debug|Any CPU
		{C763C1C2-62F8-4774-BFAD-BF75F3DD3682}.Debug|x86.ActiveCfg = Debug|Any CPU
		{C763C1C2-62F8-4774-BFAD-BF75F3DD3682}.Debug|x86.Build.0 = Debug|Any CPU
		{C763C1C2-62F8-4774-BFAD-BF75F3DD3682}.Release|Any CPU.ActiveCfg = Debug|Any CPU
		{C763C1C2-62F8-4774-BFAD-BF75F3DD3682}.Release|Any CPU.Build.0 = Debug|Any CPU
		{C763C1C2-62F8-4774-BFAD-BF75F3DD3682}.Release|x64.ActiveCfg = Debug|Any CPU
		{C763C1C2-62F8-4774-BFAD-BF75F3DD3682}.Release|x64.Build.0 = Debug|Any CPU
		{C763C1C2-62F8-4774-BFAD-BF75F3DD3682}.Release|x86.ActiveCfg = Debug|Any CPU
		{C763C1C2-62F8-4774-BFAD-BF75F3DD3682}.Release|x86.Build.0 = Debug|Any CPU
		{12947AE6-1917-40B3-884C-45D806788A78}.Debug|Any CPU.ActiveCfg = Debug|Any CPU
		{12947AE6-1917-40B3-884C-45D806788A78}.Debug|Any CPU.Build.0 = Debug|Any CPU
		{12947AE6-1917-40B3-884C-45D806788A78}.Debug|x64.ActiveCfg = Debug|Any CPU
		{12947AE6-1917-40B3-884C-45D806788A78}.Debug|x64.Build.0 = Debug|Any CPU
		{12947AE6-1917-40B3-884C-45D806788A78}.Debug|x86.ActiveCfg = Debug|Any CPU
		{12947AE6-1917-40B3-884C-45D806788A78}.Debug|x86.Build.0 = Debug|Any CPU
		{12947AE6-1917-40B3-884C-45D806788A78}.Release|Any CPU.ActiveCfg = Release|Any CPU
		{12947AE6-1917-40B3-884C-45D806788A78}.Release|Any CPU.Build.0 = Release|Any CPU
		{12947AE6-1917-40B3-884C-45D806788A78}.Release|x64.ActiveCfg = Release|Any CPU
		{12947AE6-1917-40B3-884C-45D806788A78}.Release|x64.Build.0 = Release|Any CPU
		{12947AE6-1917-40B3-884C-45D806788A78}.Release|x86.ActiveCfg = Release|Any CPU
		{12947AE6-1917-40B3-884C-45D806788A78}.Release|x86.Build.0 = Release|Any CPU
		{AEBB4FE0-25CA-41A4-8110-753D17D9B902}.Debug|Any CPU.ActiveCfg = Debug|Any CPU
		{AEBB4FE0-25CA-41A4-8110-753D17D9B902}.Debug|Any CPU.Build.0 = Debug|Any CPU
		{AEBB4FE0-25CA-41A4-8110-753D17D9B902}.Debug|x64.ActiveCfg = Debug|Any CPU
		{AEBB4FE0-25CA-41A4-8110-753D17D9B902}.Debug|x64.Build.0 = Debug|Any CPU
		{AEBB4FE0-25CA-41A4-8110-753D17D9B902}.Debug|x86.ActiveCfg = Debug|Any CPU
		{AEBB4FE0-25CA-41A4-8110-753D17D9B902}.Debug|x86.Build.0 = Debug|Any CPU
		{AEBB4FE0-25CA-41A4-8110-753D17D9B902}.Release|Any CPU.ActiveCfg = Release|Any CPU
		{AEBB4FE0-25CA-41A4-8110-753D17D9B902}.Release|Any CPU.Build.0 = Release|Any CPU
		{AEBB4FE0-25CA-41A4-8110-753D17D9B902}.Release|x64.ActiveCfg = Release|Any CPU
		{AEBB4FE0-25CA-41A4-8110-753D17D9B902}.Release|x64.Build.0 = Release|Any CPU
		{AEBB4FE0-25CA-41A4-8110-753D17D9B902}.Release|x86.ActiveCfg = Release|Any CPU
		{AEBB4FE0-25CA-41A4-8110-753D17D9B902}.Release|x86.Build.0 = Release|Any CPU
		{DC8EC838-372D-4266-B6CF-10BA0A815580}.Debug|Any CPU.ActiveCfg = Debug|Any CPU
		{DC8EC838-372D-4266-B6CF-10BA0A815580}.Debug|Any CPU.Build.0 = Debug|Any CPU
		{DC8EC838-372D-4266-B6CF-10BA0A815580}.Debug|x64.ActiveCfg = Debug|Any CPU
		{DC8EC838-372D-4266-B6CF-10BA0A815580}.Debug|x64.Build.0 = Debug|Any CPU
		{DC8EC838-372D-4266-B6CF-10BA0A815580}.Debug|x86.ActiveCfg = Debug|Any CPU
		{DC8EC838-372D-4266-B6CF-10BA0A815580}.Debug|x86.Build.0 = Debug|Any CPU
		{DC8EC838-372D-4266-B6CF-10BA0A815580}.Release|Any CPU.ActiveCfg = Release|Any CPU
		{DC8EC838-372D-4266-B6CF-10BA0A815580}.Release|Any CPU.Build.0 = Release|Any CPU
		{DC8EC838-372D-4266-B6CF-10BA0A815580}.Release|x64.ActiveCfg = Release|Any CPU
		{DC8EC838-372D-4266-B6CF-10BA0A815580}.Release|x64.Build.0 = Release|Any CPU
		{DC8EC838-372D-4266-B6CF-10BA0A815580}.Release|x86.ActiveCfg = Release|Any CPU
		{DC8EC838-372D-4266-B6CF-10BA0A815580}.Release|x86.Build.0 = Release|Any CPU
		{5995262A-BCF4-4E97-BEDB-50F03398E0D9}.Debug|Any CPU.ActiveCfg = Debug|Any CPU
		{5995262A-BCF4-4E97-BEDB-50F03398E0D9}.Debug|Any CPU.Build.0 = Debug|Any CPU
		{5995262A-BCF4-4E97-BEDB-50F03398E0D9}.Debug|x64.ActiveCfg = Debug|Any CPU
		{5995262A-BCF4-4E97-BEDB-50F03398E0D9}.Debug|x64.Build.0 = Debug|Any CPU
		{5995262A-BCF4-4E97-BEDB-50F03398E0D9}.Debug|x86.ActiveCfg = Debug|Any CPU
		{5995262A-BCF4-4E97-BEDB-50F03398E0D9}.Debug|x86.Build.0 = Debug|Any CPU
		{5995262A-BCF4-4E97-BEDB-50F03398E0D9}.Release|Any CPU.ActiveCfg = Release|Any CPU
		{5995262A-BCF4-4E97-BEDB-50F03398E0D9}.Release|Any CPU.Build.0 = Release|Any CPU
		{5995262A-BCF4-4E97-BEDB-50F03398E0D9}.Release|x64.ActiveCfg = Release|Any CPU
		{5995262A-BCF4-4E97-BEDB-50F03398E0D9}.Release|x64.Build.0 = Release|Any CPU
		{5995262A-BCF4-4E97-BEDB-50F03398E0D9}.Release|x86.ActiveCfg = Release|Any CPU
		{5995262A-BCF4-4E97-BEDB-50F03398E0D9}.Release|x86.Build.0 = Release|Any CPU
		{5E30B00E-3389-416A-9BCF-E16D52459DD2}.Debug|Any CPU.ActiveCfg = Debug|Any CPU
		{5E30B00E-3389-416A-9BCF-E16D52459DD2}.Debug|Any CPU.Build.0 = Debug|Any CPU
		{5E30B00E-3389-416A-9BCF-E16D52459DD2}.Debug|Any CPU.Deploy.0 = Debug|Any CPU
		{5E30B00E-3389-416A-9BCF-E16D52459DD2}.Debug|x64.ActiveCfg = Debug|Any CPU
		{5E30B00E-3389-416A-9BCF-E16D52459DD2}.Debug|x64.Build.0 = Debug|Any CPU
		{5E30B00E-3389-416A-9BCF-E16D52459DD2}.Debug|x64.Deploy.0 = Debug|Any CPU
		{5E30B00E-3389-416A-9BCF-E16D52459DD2}.Debug|x86.ActiveCfg = Debug|Any CPU
		{5E30B00E-3389-416A-9BCF-E16D52459DD2}.Debug|x86.Build.0 = Debug|Any CPU
		{5E30B00E-3389-416A-9BCF-E16D52459DD2}.Debug|x86.Deploy.0 = Debug|Any CPU
		{5E30B00E-3389-416A-9BCF-E16D52459DD2}.Release|Any CPU.ActiveCfg = Release|Any CPU
		{5E30B00E-3389-416A-9BCF-E16D52459DD2}.Release|Any CPU.Build.0 = Release|Any CPU
		{5E30B00E-3389-416A-9BCF-E16D52459DD2}.Release|Any CPU.Deploy.0 = Release|Any CPU
		{5E30B00E-3389-416A-9BCF-E16D52459DD2}.Release|x64.ActiveCfg = Release|Any CPU
		{5E30B00E-3389-416A-9BCF-E16D52459DD2}.Release|x64.Build.0 = Release|Any CPU
		{5E30B00E-3389-416A-9BCF-E16D52459DD2}.Release|x64.Deploy.0 = Release|Any CPU
		{5E30B00E-3389-416A-9BCF-E16D52459DD2}.Release|x86.ActiveCfg = Release|Any CPU
		{5E30B00E-3389-416A-9BCF-E16D52459DD2}.Release|x86.Build.0 = Release|Any CPU
		{5E30B00E-3389-416A-9BCF-E16D52459DD2}.Release|x86.Deploy.0 = Release|Any CPU
		{AAF34F51-A921-487C-A5A9-116CE00C11A3}.Debug|Any CPU.ActiveCfg = Debug|Any CPU
		{AAF34F51-A921-487C-A5A9-116CE00C11A3}.Debug|Any CPU.Build.0 = Debug|Any CPU
		{AAF34F51-A921-487C-A5A9-116CE00C11A3}.Debug|Any CPU.Deploy.0 = Debug|Any CPU
		{AAF34F51-A921-487C-A5A9-116CE00C11A3}.Debug|x64.ActiveCfg = Debug|Any CPU
		{AAF34F51-A921-487C-A5A9-116CE00C11A3}.Debug|x64.Build.0 = Debug|Any CPU
		{AAF34F51-A921-487C-A5A9-116CE00C11A3}.Debug|x64.Deploy.0 = Debug|Any CPU
		{AAF34F51-A921-487C-A5A9-116CE00C11A3}.Debug|x86.ActiveCfg = Debug|Any CPU
		{AAF34F51-A921-487C-A5A9-116CE00C11A3}.Debug|x86.Build.0 = Debug|Any CPU
		{AAF34F51-A921-487C-A5A9-116CE00C11A3}.Debug|x86.Deploy.0 = Debug|Any CPU
		{AAF34F51-A921-487C-A5A9-116CE00C11A3}.Release|Any CPU.ActiveCfg = Release|Any CPU
		{AAF34F51-A921-487C-A5A9-116CE00C11A3}.Release|Any CPU.Build.0 = Release|Any CPU
		{AAF34F51-A921-487C-A5A9-116CE00C11A3}.Release|Any CPU.Deploy.0 = Release|Any CPU
		{AAF34F51-A921-487C-A5A9-116CE00C11A3}.Release|x64.ActiveCfg = Release|Any CPU
		{AAF34F51-A921-487C-A5A9-116CE00C11A3}.Release|x64.Build.0 = Release|Any CPU
		{AAF34F51-A921-487C-A5A9-116CE00C11A3}.Release|x64.Deploy.0 = Release|Any CPU
		{AAF34F51-A921-487C-A5A9-116CE00C11A3}.Release|x86.ActiveCfg = Release|Any CPU
		{AAF34F51-A921-487C-A5A9-116CE00C11A3}.Release|x86.Build.0 = Release|Any CPU
		{AAF34F51-A921-487C-A5A9-116CE00C11A3}.Release|x86.Deploy.0 = Release|Any CPU
		{8074C17A-3AF3-46A3-935D-29100B861961}.Debug|Any CPU.ActiveCfg = Debug|Any CPU
		{8074C17A-3AF3-46A3-935D-29100B861961}.Debug|Any CPU.Build.0 = Debug|Any CPU
		{8074C17A-3AF3-46A3-935D-29100B861961}.Debug|x64.ActiveCfg = Debug|Any CPU
		{8074C17A-3AF3-46A3-935D-29100B861961}.Debug|x64.Build.0 = Debug|Any CPU
		{8074C17A-3AF3-46A3-935D-29100B861961}.Debug|x86.ActiveCfg = Debug|Any CPU
		{8074C17A-3AF3-46A3-935D-29100B861961}.Debug|x86.Build.0 = Debug|Any CPU
		{8074C17A-3AF3-46A3-935D-29100B861961}.Release|Any CPU.ActiveCfg = Release|Any CPU
		{8074C17A-3AF3-46A3-935D-29100B861961}.Release|Any CPU.Build.0 = Release|Any CPU
		{8074C17A-3AF3-46A3-935D-29100B861961}.Release|x64.ActiveCfg = Release|Any CPU
		{8074C17A-3AF3-46A3-935D-29100B861961}.Release|x64.Build.0 = Release|Any CPU
		{8074C17A-3AF3-46A3-935D-29100B861961}.Release|x86.ActiveCfg = Release|Any CPU
		{8074C17A-3AF3-46A3-935D-29100B861961}.Release|x86.Build.0 = Release|Any CPU
		{7A6F8022-1C19-45F0-871C-2D8FB218AEE5}.Debug|Any CPU.ActiveCfg = Debug|x64
		{7A6F8022-1C19-45F0-871C-2D8FB218AEE5}.Debug|Any CPU.Build.0 = Debug|x64
		{7A6F8022-1C19-45F0-871C-2D8FB218AEE5}.Debug|x64.ActiveCfg = Debug|x64
		{7A6F8022-1C19-45F0-871C-2D8FB218AEE5}.Debug|x64.Build.0 = Debug|x64
		{7A6F8022-1C19-45F0-871C-2D8FB218AEE5}.Debug|x86.ActiveCfg = Debug|Win32
		{7A6F8022-1C19-45F0-871C-2D8FB218AEE5}.Debug|x86.Build.0 = Debug|Win32
		{7A6F8022-1C19-45F0-871C-2D8FB218AEE5}.Release|Any CPU.ActiveCfg = Release|x64
		{7A6F8022-1C19-45F0-871C-2D8FB218AEE5}.Release|Any CPU.Build.0 = Release|x64
		{7A6F8022-1C19-45F0-871C-2D8FB218AEE5}.Release|x64.ActiveCfg = Release|x64
		{7A6F8022-1C19-45F0-871C-2D8FB218AEE5}.Release|x64.Build.0 = Release|x64
		{7A6F8022-1C19-45F0-871C-2D8FB218AEE5}.Release|x86.ActiveCfg = Release|Win32
		{7A6F8022-1C19-45F0-871C-2D8FB218AEE5}.Release|x86.Build.0 = Release|Win32
		{345965D6-605C-4086-90A0-AB344908E6A9}.Debug|Any CPU.ActiveCfg = Debug|Any CPU
		{345965D6-605C-4086-90A0-AB344908E6A9}.Debug|Any CPU.Build.0 = Debug|Any CPU
		{345965D6-605C-4086-90A0-AB344908E6A9}.Debug|x64.ActiveCfg = Debug|Any CPU
		{345965D6-605C-4086-90A0-AB344908E6A9}.Debug|x64.Build.0 = Debug|Any CPU
		{345965D6-605C-4086-90A0-AB344908E6A9}.Debug|x86.ActiveCfg = Debug|Any CPU
		{345965D6-605C-4086-90A0-AB344908E6A9}.Debug|x86.Build.0 = Debug|Any CPU
		{345965D6-605C-4086-90A0-AB344908E6A9}.Release|Any CPU.ActiveCfg = Release|Any CPU
		{345965D6-605C-4086-90A0-AB344908E6A9}.Release|Any CPU.Build.0 = Release|Any CPU
		{345965D6-605C-4086-90A0-AB344908E6A9}.Release|x64.ActiveCfg = Release|Any CPU
		{345965D6-605C-4086-90A0-AB344908E6A9}.Release|x64.Build.0 = Release|Any CPU
		{345965D6-605C-4086-90A0-AB344908E6A9}.Release|x86.ActiveCfg = Release|Any CPU
		{345965D6-605C-4086-90A0-AB344908E6A9}.Release|x86.Build.0 = Release|Any CPU
		{D996503C-AD98-4F02-9A8D-7D198214BBF3}.Debug|Any CPU.ActiveCfg = Debug|Any CPU
		{D996503C-AD98-4F02-9A8D-7D198214BBF3}.Debug|Any CPU.Build.0 = Debug|Any CPU
		{D996503C-AD98-4F02-9A8D-7D198214BBF3}.Debug|x64.ActiveCfg = Debug|Any CPU
		{D996503C-AD98-4F02-9A8D-7D198214BBF3}.Debug|x64.Build.0 = Debug|Any CPU
		{D996503C-AD98-4F02-9A8D-7D198214BBF3}.Debug|x86.ActiveCfg = Debug|Any CPU
		{D996503C-AD98-4F02-9A8D-7D198214BBF3}.Debug|x86.Build.0 = Debug|Any CPU
		{D996503C-AD98-4F02-9A8D-7D198214BBF3}.Release|Any CPU.ActiveCfg = Release|Any CPU
		{D996503C-AD98-4F02-9A8D-7D198214BBF3}.Release|Any CPU.Build.0 = Release|Any CPU
		{D996503C-AD98-4F02-9A8D-7D198214BBF3}.Release|x64.ActiveCfg = Release|Any CPU
		{D996503C-AD98-4F02-9A8D-7D198214BBF3}.Release|x64.Build.0 = Release|Any CPU
		{D996503C-AD98-4F02-9A8D-7D198214BBF3}.Release|x86.ActiveCfg = Release|Any CPU
		{D996503C-AD98-4F02-9A8D-7D198214BBF3}.Release|x86.Build.0 = Release|Any CPU
		{63D4A6EC-653C-48D6-A909-8046BB15CA68}.Debug|Any CPU.ActiveCfg = Debug|Any CPU
		{63D4A6EC-653C-48D6-A909-8046BB15CA68}.Debug|Any CPU.Build.0 = Debug|Any CPU
		{63D4A6EC-653C-48D6-A909-8046BB15CA68}.Debug|x64.ActiveCfg = Debug|Any CPU
		{63D4A6EC-653C-48D6-A909-8046BB15CA68}.Debug|x64.Build.0 = Debug|Any CPU
		{63D4A6EC-653C-48D6-A909-8046BB15CA68}.Debug|x86.ActiveCfg = Debug|Any CPU
		{63D4A6EC-653C-48D6-A909-8046BB15CA68}.Debug|x86.Build.0 = Debug|Any CPU
		{63D4A6EC-653C-48D6-A909-8046BB15CA68}.Release|Any CPU.ActiveCfg = Release|Any CPU
		{63D4A6EC-653C-48D6-A909-8046BB15CA68}.Release|Any CPU.Build.0 = Release|Any CPU
		{63D4A6EC-653C-48D6-A909-8046BB15CA68}.Release|x64.ActiveCfg = Release|Any CPU
		{63D4A6EC-653C-48D6-A909-8046BB15CA68}.Release|x64.Build.0 = Release|Any CPU
		{63D4A6EC-653C-48D6-A909-8046BB15CA68}.Release|x86.ActiveCfg = Release|Any CPU
		{63D4A6EC-653C-48D6-A909-8046BB15CA68}.Release|x86.Build.0 = Release|Any CPU
		{991CA4D6-6987-4881-A423-5F8AC6B25458}.Debug|Any CPU.ActiveCfg = Debug|Any CPU
		{991CA4D6-6987-4881-A423-5F8AC6B25458}.Debug|Any CPU.Build.0 = Debug|Any CPU
		{991CA4D6-6987-4881-A423-5F8AC6B25458}.Debug|x64.ActiveCfg = Debug|Any CPU
		{991CA4D6-6987-4881-A423-5F8AC6B25458}.Debug|x64.Build.0 = Debug|Any CPU
		{991CA4D6-6987-4881-A423-5F8AC6B25458}.Debug|x86.ActiveCfg = Debug|Any CPU
		{991CA4D6-6987-4881-A423-5F8AC6B25458}.Debug|x86.Build.0 = Debug|Any CPU
		{991CA4D6-6987-4881-A423-5F8AC6B25458}.Release|Any CPU.ActiveCfg = Release|Any CPU
		{991CA4D6-6987-4881-A423-5F8AC6B25458}.Release|Any CPU.Build.0 = Release|Any CPU
		{991CA4D6-6987-4881-A423-5F8AC6B25458}.Release|x64.ActiveCfg = Release|Any CPU
		{991CA4D6-6987-4881-A423-5F8AC6B25458}.Release|x64.Build.0 = Release|Any CPU
		{991CA4D6-6987-4881-A423-5F8AC6B25458}.Release|x86.ActiveCfg = Release|Any CPU
		{991CA4D6-6987-4881-A423-5F8AC6B25458}.Release|x86.Build.0 = Release|Any CPU
		{43B563AE-5DF6-425A-8129-1B7DE827CD65}.Debug|Any CPU.ActiveCfg = Debug|Any CPU
		{43B563AE-5DF6-425A-8129-1B7DE827CD65}.Debug|Any CPU.Build.0 = Debug|Any CPU
		{43B563AE-5DF6-425A-8129-1B7DE827CD65}.Debug|x64.ActiveCfg = Debug|Any CPU
		{43B563AE-5DF6-425A-8129-1B7DE827CD65}.Debug|x64.Build.0 = Debug|Any CPU
		{43B563AE-5DF6-425A-8129-1B7DE827CD65}.Debug|x86.ActiveCfg = Debug|Any CPU
		{43B563AE-5DF6-425A-8129-1B7DE827CD65}.Debug|x86.Build.0 = Debug|Any CPU
		{43B563AE-5DF6-425A-8129-1B7DE827CD65}.Release|Any CPU.ActiveCfg = Release|Any CPU
		{43B563AE-5DF6-425A-8129-1B7DE827CD65}.Release|Any CPU.Build.0 = Release|Any CPU
		{43B563AE-5DF6-425A-8129-1B7DE827CD65}.Release|x64.ActiveCfg = Release|Any CPU
		{43B563AE-5DF6-425A-8129-1B7DE827CD65}.Release|x64.Build.0 = Release|Any CPU
		{43B563AE-5DF6-425A-8129-1B7DE827CD65}.Release|x86.ActiveCfg = Release|Any CPU
		{43B563AE-5DF6-425A-8129-1B7DE827CD65}.Release|x86.Build.0 = Release|Any CPU
		{7556A72B-E5AA-42C4-A2B5-2C0784CAEA09}.Debug|Any CPU.ActiveCfg = Debug|Any CPU
		{7556A72B-E5AA-42C4-A2B5-2C0784CAEA09}.Debug|Any CPU.Build.0 = Debug|Any CPU
		{7556A72B-E5AA-42C4-A2B5-2C0784CAEA09}.Debug|x64.ActiveCfg = Debug|Any CPU
		{7556A72B-E5AA-42C4-A2B5-2C0784CAEA09}.Debug|x64.Build.0 = Debug|Any CPU
		{7556A72B-E5AA-42C4-A2B5-2C0784CAEA09}.Debug|x86.ActiveCfg = Debug|Any CPU
		{7556A72B-E5AA-42C4-A2B5-2C0784CAEA09}.Debug|x86.Build.0 = Debug|Any CPU
		{7556A72B-E5AA-42C4-A2B5-2C0784CAEA09}.Release|Any CPU.ActiveCfg = Release|Any CPU
		{7556A72B-E5AA-42C4-A2B5-2C0784CAEA09}.Release|Any CPU.Build.0 = Release|Any CPU
		{7556A72B-E5AA-42C4-A2B5-2C0784CAEA09}.Release|x64.ActiveCfg = Release|Any CPU
		{7556A72B-E5AA-42C4-A2B5-2C0784CAEA09}.Release|x64.Build.0 = Release|Any CPU
		{7556A72B-E5AA-42C4-A2B5-2C0784CAEA09}.Release|x86.ActiveCfg = Release|Any CPU
		{7556A72B-E5AA-42C4-A2B5-2C0784CAEA09}.Release|x86.Build.0 = Release|Any CPU
		{514A5B5E-0EE6-447E-998E-A5206244DD52}.Debug|Any CPU.ActiveCfg = Debug|Any CPU
		{514A5B5E-0EE6-447E-998E-A5206244DD52}.Debug|Any CPU.Build.0 = Debug|Any CPU
		{514A5B5E-0EE6-447E-998E-A5206244DD52}.Debug|x64.ActiveCfg = Debug|Any CPU
		{514A5B5E-0EE6-447E-998E-A5206244DD52}.Debug|x64.Build.0 = Debug|Any CPU
		{514A5B5E-0EE6-447E-998E-A5206244DD52}.Debug|x86.ActiveCfg = Debug|Any CPU
		{514A5B5E-0EE6-447E-998E-A5206244DD52}.Debug|x86.Build.0 = Debug|Any CPU
		{514A5B5E-0EE6-447E-998E-A5206244DD52}.Release|Any CPU.ActiveCfg = Release|Any CPU
		{514A5B5E-0EE6-447E-998E-A5206244DD52}.Release|Any CPU.Build.0 = Release|Any CPU
		{514A5B5E-0EE6-447E-998E-A5206244DD52}.Release|x64.ActiveCfg = Release|Any CPU
		{514A5B5E-0EE6-447E-998E-A5206244DD52}.Release|x64.Build.0 = Release|Any CPU
		{514A5B5E-0EE6-447E-998E-A5206244DD52}.Release|x86.ActiveCfg = Release|Any CPU
		{514A5B5E-0EE6-447E-998E-A5206244DD52}.Release|x86.Build.0 = Release|Any CPU
		{231613DE-E482-4344-929C-9C3035E15060}.Debug|Any CPU.ActiveCfg = Debug|Any CPU
		{231613DE-E482-4344-929C-9C3035E15060}.Debug|Any CPU.Build.0 = Debug|Any CPU
		{231613DE-E482-4344-929C-9C3035E15060}.Debug|x64.ActiveCfg = Debug|Any CPU
		{231613DE-E482-4344-929C-9C3035E15060}.Debug|x64.Build.0 = Debug|Any CPU
		{231613DE-E482-4344-929C-9C3035E15060}.Debug|x86.ActiveCfg = Debug|Any CPU
		{231613DE-E482-4344-929C-9C3035E15060}.Debug|x86.Build.0 = Debug|Any CPU
		{231613DE-E482-4344-929C-9C3035E15060}.Release|Any CPU.ActiveCfg = Release|Any CPU
		{231613DE-E482-4344-929C-9C3035E15060}.Release|Any CPU.Build.0 = Release|Any CPU
		{231613DE-E482-4344-929C-9C3035E15060}.Release|x64.ActiveCfg = Release|Any CPU
		{231613DE-E482-4344-929C-9C3035E15060}.Release|x64.Build.0 = Release|Any CPU
		{231613DE-E482-4344-929C-9C3035E15060}.Release|x86.ActiveCfg = Release|Any CPU
		{231613DE-E482-4344-929C-9C3035E15060}.Release|x86.Build.0 = Release|Any CPU
		{BB49A7E5-8CCC-486A-9EC9-5334AEC08E8D}.Debug|Any CPU.ActiveCfg = Debug|Any CPU
		{BB49A7E5-8CCC-486A-9EC9-5334AEC08E8D}.Debug|Any CPU.Build.0 = Debug|Any CPU
		{BB49A7E5-8CCC-486A-9EC9-5334AEC08E8D}.Debug|x64.ActiveCfg = Debug|Any CPU
		{BB49A7E5-8CCC-486A-9EC9-5334AEC08E8D}.Debug|x64.Build.0 = Debug|Any CPU
		{BB49A7E5-8CCC-486A-9EC9-5334AEC08E8D}.Debug|x86.ActiveCfg = Debug|Any CPU
		{BB49A7E5-8CCC-486A-9EC9-5334AEC08E8D}.Debug|x86.Build.0 = Debug|Any CPU
		{BB49A7E5-8CCC-486A-9EC9-5334AEC08E8D}.Release|Any CPU.ActiveCfg = Release|Any CPU
		{BB49A7E5-8CCC-486A-9EC9-5334AEC08E8D}.Release|Any CPU.Build.0 = Release|Any CPU
		{BB49A7E5-8CCC-486A-9EC9-5334AEC08E8D}.Release|x64.ActiveCfg = Release|Any CPU
		{BB49A7E5-8CCC-486A-9EC9-5334AEC08E8D}.Release|x64.Build.0 = Release|Any CPU
		{BB49A7E5-8CCC-486A-9EC9-5334AEC08E8D}.Release|x86.ActiveCfg = Release|Any CPU
		{BB49A7E5-8CCC-486A-9EC9-5334AEC08E8D}.Release|x86.Build.0 = Release|Any CPU
		{153122E3-00F1-4FBB-A260-DA53544AE813}.Debug|Any CPU.ActiveCfg = Debug|Any CPU
		{153122E3-00F1-4FBB-A260-DA53544AE813}.Debug|Any CPU.Build.0 = Debug|Any CPU
		{153122E3-00F1-4FBB-A260-DA53544AE813}.Debug|x64.ActiveCfg = Debug|Any CPU
		{153122E3-00F1-4FBB-A260-DA53544AE813}.Debug|x64.Build.0 = Debug|Any CPU
		{153122E3-00F1-4FBB-A260-DA53544AE813}.Debug|x86.ActiveCfg = Debug|Any CPU
		{153122E3-00F1-4FBB-A260-DA53544AE813}.Debug|x86.Build.0 = Debug|Any CPU
		{153122E3-00F1-4FBB-A260-DA53544AE813}.Release|Any CPU.ActiveCfg = Release|Any CPU
		{153122E3-00F1-4FBB-A260-DA53544AE813}.Release|Any CPU.Build.0 = Release|Any CPU
		{153122E3-00F1-4FBB-A260-DA53544AE813}.Release|x64.ActiveCfg = Release|Any CPU
		{153122E3-00F1-4FBB-A260-DA53544AE813}.Release|x64.Build.0 = Release|Any CPU
		{153122E3-00F1-4FBB-A260-DA53544AE813}.Release|x86.ActiveCfg = Release|Any CPU
		{153122E3-00F1-4FBB-A260-DA53544AE813}.Release|x86.Build.0 = Release|Any CPU
		{C49D98D9-9D84-4286-A9A7-0617AB0F21CE}.Debug|Any CPU.ActiveCfg = Debug|Any CPU
		{C49D98D9-9D84-4286-A9A7-0617AB0F21CE}.Debug|Any CPU.Build.0 = Debug|Any CPU
		{C49D98D9-9D84-4286-A9A7-0617AB0F21CE}.Debug|x64.ActiveCfg = Debug|Any CPU
		{C49D98D9-9D84-4286-A9A7-0617AB0F21CE}.Debug|x64.Build.0 = Debug|Any CPU
		{C49D98D9-9D84-4286-A9A7-0617AB0F21CE}.Debug|x86.ActiveCfg = Debug|Any CPU
		{C49D98D9-9D84-4286-A9A7-0617AB0F21CE}.Debug|x86.Build.0 = Debug|Any CPU
		{C49D98D9-9D84-4286-A9A7-0617AB0F21CE}.Release|Any CPU.ActiveCfg = Release|Any CPU
		{C49D98D9-9D84-4286-A9A7-0617AB0F21CE}.Release|Any CPU.Build.0 = Release|Any CPU
		{C49D98D9-9D84-4286-A9A7-0617AB0F21CE}.Release|x64.ActiveCfg = Release|Any CPU
		{C49D98D9-9D84-4286-A9A7-0617AB0F21CE}.Release|x64.Build.0 = Release|Any CPU
		{C49D98D9-9D84-4286-A9A7-0617AB0F21CE}.Release|x86.ActiveCfg = Release|Any CPU
		{C49D98D9-9D84-4286-A9A7-0617AB0F21CE}.Release|x86.Build.0 = Release|Any CPU
		{9FB7ADD9-C9E4-4181-B8E0-AAB48B5F673F}.Debug|Any CPU.ActiveCfg = Debug|Any CPU
		{9FB7ADD9-C9E4-4181-B8E0-AAB48B5F673F}.Debug|Any CPU.Build.0 = Debug|Any CPU
		{9FB7ADD9-C9E4-4181-B8E0-AAB48B5F673F}.Debug|x64.ActiveCfg = Debug|Any CPU
		{9FB7ADD9-C9E4-4181-B8E0-AAB48B5F673F}.Debug|x64.Build.0 = Debug|Any CPU
		{9FB7ADD9-C9E4-4181-B8E0-AAB48B5F673F}.Debug|x86.ActiveCfg = Debug|Any CPU
		{9FB7ADD9-C9E4-4181-B8E0-AAB48B5F673F}.Debug|x86.Build.0 = Debug|Any CPU
		{9FB7ADD9-C9E4-4181-B8E0-AAB48B5F673F}.Release|Any CPU.ActiveCfg = Release|Any CPU
		{9FB7ADD9-C9E4-4181-B8E0-AAB48B5F673F}.Release|Any CPU.Build.0 = Release|Any CPU
		{9FB7ADD9-C9E4-4181-B8E0-AAB48B5F673F}.Release|x64.ActiveCfg = Release|Any CPU
		{9FB7ADD9-C9E4-4181-B8E0-AAB48B5F673F}.Release|x64.Build.0 = Release|Any CPU
		{9FB7ADD9-C9E4-4181-B8E0-AAB48B5F673F}.Release|x86.ActiveCfg = Release|Any CPU
		{9FB7ADD9-C9E4-4181-B8E0-AAB48B5F673F}.Release|x86.Build.0 = Release|Any CPU
		{23BE5865-DE59-4A7C-9E24-0AE68E621269}.Debug|Any CPU.ActiveCfg = Debug|Any CPU
		{23BE5865-DE59-4A7C-9E24-0AE68E621269}.Debug|Any CPU.Build.0 = Debug|Any CPU
		{23BE5865-DE59-4A7C-9E24-0AE68E621269}.Debug|x64.ActiveCfg = Debug|Any CPU
		{23BE5865-DE59-4A7C-9E24-0AE68E621269}.Debug|x64.Build.0 = Debug|Any CPU
		{23BE5865-DE59-4A7C-9E24-0AE68E621269}.Debug|x86.ActiveCfg = Debug|Any CPU
		{23BE5865-DE59-4A7C-9E24-0AE68E621269}.Debug|x86.Build.0 = Debug|Any CPU
		{23BE5865-DE59-4A7C-9E24-0AE68E621269}.Release|Any CPU.ActiveCfg = Release|Any CPU
		{23BE5865-DE59-4A7C-9E24-0AE68E621269}.Release|Any CPU.Build.0 = Release|Any CPU
		{23BE5865-DE59-4A7C-9E24-0AE68E621269}.Release|x64.ActiveCfg = Release|Any CPU
		{23BE5865-DE59-4A7C-9E24-0AE68E621269}.Release|x64.Build.0 = Release|Any CPU
		{23BE5865-DE59-4A7C-9E24-0AE68E621269}.Release|x86.ActiveCfg = Release|Any CPU
		{23BE5865-DE59-4A7C-9E24-0AE68E621269}.Release|x86.Build.0 = Release|Any CPU
		{60B73031-1C09-45EC-996B-4103F54972D0}.Debug|Any CPU.ActiveCfg = Debug|Any CPU
		{60B73031-1C09-45EC-996B-4103F54972D0}.Debug|Any CPU.Build.0 = Debug|Any CPU
		{60B73031-1C09-45EC-996B-4103F54972D0}.Debug|x64.ActiveCfg = Debug|Any CPU
		{60B73031-1C09-45EC-996B-4103F54972D0}.Debug|x64.Build.0 = Debug|Any CPU
		{60B73031-1C09-45EC-996B-4103F54972D0}.Debug|x86.ActiveCfg = Debug|Any CPU
		{60B73031-1C09-45EC-996B-4103F54972D0}.Debug|x86.Build.0 = Debug|Any CPU
		{60B73031-1C09-45EC-996B-4103F54972D0}.Release|Any CPU.ActiveCfg = Release|Any CPU
		{60B73031-1C09-45EC-996B-4103F54972D0}.Release|Any CPU.Build.0 = Release|Any CPU
		{60B73031-1C09-45EC-996B-4103F54972D0}.Release|x64.ActiveCfg = Release|Any CPU
		{60B73031-1C09-45EC-996B-4103F54972D0}.Release|x64.Build.0 = Release|Any CPU
		{60B73031-1C09-45EC-996B-4103F54972D0}.Release|x86.ActiveCfg = Release|Any CPU
		{60B73031-1C09-45EC-996B-4103F54972D0}.Release|x86.Build.0 = Release|Any CPU
		{142185C1-88FE-4C47-A3B8-1EB9DC2C8505}.Debug|Any CPU.ActiveCfg = Debug|Any CPU
		{142185C1-88FE-4C47-A3B8-1EB9DC2C8505}.Debug|Any CPU.Build.0 = Debug|Any CPU
		{142185C1-88FE-4C47-A3B8-1EB9DC2C8505}.Debug|x64.ActiveCfg = Debug|Any CPU
		{142185C1-88FE-4C47-A3B8-1EB9DC2C8505}.Debug|x64.Build.0 = Debug|Any CPU
		{142185C1-88FE-4C47-A3B8-1EB9DC2C8505}.Debug|x86.ActiveCfg = Debug|Any CPU
		{142185C1-88FE-4C47-A3B8-1EB9DC2C8505}.Debug|x86.Build.0 = Debug|Any CPU
		{142185C1-88FE-4C47-A3B8-1EB9DC2C8505}.Release|Any CPU.ActiveCfg = Release|Any CPU
		{142185C1-88FE-4C47-A3B8-1EB9DC2C8505}.Release|Any CPU.Build.0 = Release|Any CPU
		{142185C1-88FE-4C47-A3B8-1EB9DC2C8505}.Release|x64.ActiveCfg = Release|Any CPU
		{142185C1-88FE-4C47-A3B8-1EB9DC2C8505}.Release|x64.Build.0 = Release|Any CPU
		{142185C1-88FE-4C47-A3B8-1EB9DC2C8505}.Release|x86.ActiveCfg = Release|Any CPU
		{142185C1-88FE-4C47-A3B8-1EB9DC2C8505}.Release|x86.Build.0 = Release|Any CPU
		{28BCB9AE-0AE6-465B-9E87-8B2446A1D304}.Debug|Any CPU.ActiveCfg = Debug|Any CPU
		{28BCB9AE-0AE6-465B-9E87-8B2446A1D304}.Debug|Any CPU.Build.0 = Debug|Any CPU
		{28BCB9AE-0AE6-465B-9E87-8B2446A1D304}.Debug|x64.ActiveCfg = Debug|Any CPU
		{28BCB9AE-0AE6-465B-9E87-8B2446A1D304}.Debug|x64.Build.0 = Debug|Any CPU
		{28BCB9AE-0AE6-465B-9E87-8B2446A1D304}.Debug|x86.ActiveCfg = Debug|Any CPU
		{28BCB9AE-0AE6-465B-9E87-8B2446A1D304}.Debug|x86.Build.0 = Debug|Any CPU
		{28BCB9AE-0AE6-465B-9E87-8B2446A1D304}.Release|Any CPU.ActiveCfg = Release|Any CPU
		{28BCB9AE-0AE6-465B-9E87-8B2446A1D304}.Release|Any CPU.Build.0 = Release|Any CPU
		{28BCB9AE-0AE6-465B-9E87-8B2446A1D304}.Release|x64.ActiveCfg = Release|Any CPU
		{28BCB9AE-0AE6-465B-9E87-8B2446A1D304}.Release|x64.Build.0 = Release|Any CPU
		{28BCB9AE-0AE6-465B-9E87-8B2446A1D304}.Release|x86.ActiveCfg = Release|Any CPU
		{28BCB9AE-0AE6-465B-9E87-8B2446A1D304}.Release|x86.Build.0 = Release|Any CPU
		{D20D6DC9-6578-4417-A83E-48453BF87DD7}.Debug|Any CPU.ActiveCfg = Debug|Any CPU
		{D20D6DC9-6578-4417-A83E-48453BF87DD7}.Debug|Any CPU.Build.0 = Debug|Any CPU
		{D20D6DC9-6578-4417-A83E-48453BF87DD7}.Debug|x64.ActiveCfg = Debug|Any CPU
		{D20D6DC9-6578-4417-A83E-48453BF87DD7}.Debug|x64.Build.0 = Debug|Any CPU
		{D20D6DC9-6578-4417-A83E-48453BF87DD7}.Debug|x86.ActiveCfg = Debug|Any CPU
		{D20D6DC9-6578-4417-A83E-48453BF87DD7}.Debug|x86.Build.0 = Debug|Any CPU
		{D20D6DC9-6578-4417-A83E-48453BF87DD7}.Release|Any CPU.ActiveCfg = Release|Any CPU
		{D20D6DC9-6578-4417-A83E-48453BF87DD7}.Release|Any CPU.Build.0 = Release|Any CPU
		{D20D6DC9-6578-4417-A83E-48453BF87DD7}.Release|x64.ActiveCfg = Release|Any CPU
		{D20D6DC9-6578-4417-A83E-48453BF87DD7}.Release|x64.Build.0 = Release|Any CPU
		{D20D6DC9-6578-4417-A83E-48453BF87DD7}.Release|x86.ActiveCfg = Release|Any CPU
		{D20D6DC9-6578-4417-A83E-48453BF87DD7}.Release|x86.Build.0 = Release|Any CPU
		{05C39957-E2F6-4F08-AF32-C561321C3211}.Debug|Any CPU.ActiveCfg = Debug|Any CPU
		{05C39957-E2F6-4F08-AF32-C561321C3211}.Debug|Any CPU.Build.0 = Debug|Any CPU
		{05C39957-E2F6-4F08-AF32-C561321C3211}.Debug|x64.ActiveCfg = Debug|Any CPU
		{05C39957-E2F6-4F08-AF32-C561321C3211}.Debug|x64.Build.0 = Debug|Any CPU
		{05C39957-E2F6-4F08-AF32-C561321C3211}.Debug|x86.ActiveCfg = Debug|Any CPU
		{05C39957-E2F6-4F08-AF32-C561321C3211}.Debug|x86.Build.0 = Debug|Any CPU
		{05C39957-E2F6-4F08-AF32-C561321C3211}.Release|Any CPU.ActiveCfg = Release|Any CPU
		{05C39957-E2F6-4F08-AF32-C561321C3211}.Release|Any CPU.Build.0 = Release|Any CPU
		{05C39957-E2F6-4F08-AF32-C561321C3211}.Release|x64.ActiveCfg = Release|Any CPU
		{05C39957-E2F6-4F08-AF32-C561321C3211}.Release|x64.Build.0 = Release|Any CPU
		{05C39957-E2F6-4F08-AF32-C561321C3211}.Release|x86.ActiveCfg = Release|Any CPU
		{05C39957-E2F6-4F08-AF32-C561321C3211}.Release|x86.Build.0 = Release|Any CPU
		{049B3636-660F-4549-85DC-3F87B78BE783}.Debug|Any CPU.ActiveCfg = Debug|Any CPU
		{049B3636-660F-4549-85DC-3F87B78BE783}.Debug|Any CPU.Build.0 = Debug|Any CPU
		{049B3636-660F-4549-85DC-3F87B78BE783}.Debug|x64.ActiveCfg = Debug|Any CPU
		{049B3636-660F-4549-85DC-3F87B78BE783}.Debug|x64.Build.0 = Debug|Any CPU
		{049B3636-660F-4549-85DC-3F87B78BE783}.Debug|x86.ActiveCfg = Debug|Any CPU
		{049B3636-660F-4549-85DC-3F87B78BE783}.Debug|x86.Build.0 = Debug|Any CPU
		{049B3636-660F-4549-85DC-3F87B78BE783}.Release|Any CPU.ActiveCfg = Release|Any CPU
		{049B3636-660F-4549-85DC-3F87B78BE783}.Release|Any CPU.Build.0 = Release|Any CPU
		{049B3636-660F-4549-85DC-3F87B78BE783}.Release|x64.ActiveCfg = Release|Any CPU
		{049B3636-660F-4549-85DC-3F87B78BE783}.Release|x64.Build.0 = Release|Any CPU
		{049B3636-660F-4549-85DC-3F87B78BE783}.Release|x86.ActiveCfg = Release|Any CPU
		{049B3636-660F-4549-85DC-3F87B78BE783}.Release|x86.Build.0 = Release|Any CPU
		{09DCEBEE-C2CC-4900-9C33-A57305CC01EA}.Debug|Any CPU.ActiveCfg = Debug|Any CPU
		{09DCEBEE-C2CC-4900-9C33-A57305CC01EA}.Debug|Any CPU.Build.0 = Debug|Any CPU
		{09DCEBEE-C2CC-4900-9C33-A57305CC01EA}.Debug|x64.ActiveCfg = Debug|Any CPU
		{09DCEBEE-C2CC-4900-9C33-A57305CC01EA}.Debug|x64.Build.0 = Debug|Any CPU
		{09DCEBEE-C2CC-4900-9C33-A57305CC01EA}.Debug|x86.ActiveCfg = Debug|Any CPU
		{09DCEBEE-C2CC-4900-9C33-A57305CC01EA}.Debug|x86.Build.0 = Debug|Any CPU
		{09DCEBEE-C2CC-4900-9C33-A57305CC01EA}.Release|Any CPU.ActiveCfg = Release|Any CPU
		{09DCEBEE-C2CC-4900-9C33-A57305CC01EA}.Release|Any CPU.Build.0 = Release|Any CPU
		{09DCEBEE-C2CC-4900-9C33-A57305CC01EA}.Release|x64.ActiveCfg = Release|Any CPU
		{09DCEBEE-C2CC-4900-9C33-A57305CC01EA}.Release|x64.Build.0 = Release|Any CPU
		{09DCEBEE-C2CC-4900-9C33-A57305CC01EA}.Release|x86.ActiveCfg = Release|Any CPU
		{09DCEBEE-C2CC-4900-9C33-A57305CC01EA}.Release|x86.Build.0 = Release|Any CPU
		{842C3D49-9F94-498F-84E8-8423C6137D5F}.Debug|Any CPU.ActiveCfg = Debug|Any CPU
		{842C3D49-9F94-498F-84E8-8423C6137D5F}.Debug|Any CPU.Build.0 = Debug|Any CPU
		{842C3D49-9F94-498F-84E8-8423C6137D5F}.Debug|x64.ActiveCfg = Debug|Any CPU
		{842C3D49-9F94-498F-84E8-8423C6137D5F}.Debug|x64.Build.0 = Debug|Any CPU
		{842C3D49-9F94-498F-84E8-8423C6137D5F}.Debug|x86.ActiveCfg = Debug|Any CPU
		{842C3D49-9F94-498F-84E8-8423C6137D5F}.Debug|x86.Build.0 = Debug|Any CPU
		{842C3D49-9F94-498F-84E8-8423C6137D5F}.Release|Any CPU.ActiveCfg = Release|Any CPU
		{842C3D49-9F94-498F-84E8-8423C6137D5F}.Release|Any CPU.Build.0 = Release|Any CPU
		{842C3D49-9F94-498F-84E8-8423C6137D5F}.Release|x64.ActiveCfg = Release|Any CPU
		{842C3D49-9F94-498F-84E8-8423C6137D5F}.Release|x64.Build.0 = Release|Any CPU
		{842C3D49-9F94-498F-84E8-8423C6137D5F}.Release|x86.ActiveCfg = Release|Any CPU
		{842C3D49-9F94-498F-84E8-8423C6137D5F}.Release|x86.Build.0 = Release|Any CPU
		{A104DA85-3955-4C2D-BA40-2D96CFB325C9}.Debug|Any CPU.ActiveCfg = Debug|Any CPU
		{A104DA85-3955-4C2D-BA40-2D96CFB325C9}.Debug|Any CPU.Build.0 = Debug|Any CPU
		{A104DA85-3955-4C2D-BA40-2D96CFB325C9}.Debug|x64.ActiveCfg = Debug|Any CPU
		{A104DA85-3955-4C2D-BA40-2D96CFB325C9}.Debug|x64.Build.0 = Debug|Any CPU
		{A104DA85-3955-4C2D-BA40-2D96CFB325C9}.Debug|x86.ActiveCfg = Debug|Any CPU
		{A104DA85-3955-4C2D-BA40-2D96CFB325C9}.Debug|x86.Build.0 = Debug|Any CPU
		{A104DA85-3955-4C2D-BA40-2D96CFB325C9}.Release|Any CPU.ActiveCfg = Release|Any CPU
		{A104DA85-3955-4C2D-BA40-2D96CFB325C9}.Release|Any CPU.Build.0 = Release|Any CPU
		{A104DA85-3955-4C2D-BA40-2D96CFB325C9}.Release|x64.ActiveCfg = Release|Any CPU
		{A104DA85-3955-4C2D-BA40-2D96CFB325C9}.Release|x64.Build.0 = Release|Any CPU
		{A104DA85-3955-4C2D-BA40-2D96CFB325C9}.Release|x86.ActiveCfg = Release|Any CPU
		{A104DA85-3955-4C2D-BA40-2D96CFB325C9}.Release|x86.Build.0 = Release|Any CPU
		{0F9E24F0-946A-41A5-9B46-A30C1A191EF6}.Debug|Any CPU.ActiveCfg = Debug|Any CPU
		{0F9E24F0-946A-41A5-9B46-A30C1A191EF6}.Debug|Any CPU.Build.0 = Debug|Any CPU
		{0F9E24F0-946A-41A5-9B46-A30C1A191EF6}.Debug|x64.ActiveCfg = Debug|Any CPU
		{0F9E24F0-946A-41A5-9B46-A30C1A191EF6}.Debug|x64.Build.0 = Debug|Any CPU
		{0F9E24F0-946A-41A5-9B46-A30C1A191EF6}.Debug|x86.ActiveCfg = Debug|Any CPU
		{0F9E24F0-946A-41A5-9B46-A30C1A191EF6}.Debug|x86.Build.0 = Debug|Any CPU
		{0F9E24F0-946A-41A5-9B46-A30C1A191EF6}.Release|Any CPU.ActiveCfg = Release|Any CPU
		{0F9E24F0-946A-41A5-9B46-A30C1A191EF6}.Release|Any CPU.Build.0 = Release|Any CPU
		{0F9E24F0-946A-41A5-9B46-A30C1A191EF6}.Release|x64.ActiveCfg = Release|Any CPU
		{0F9E24F0-946A-41A5-9B46-A30C1A191EF6}.Release|x64.Build.0 = Release|Any CPU
		{0F9E24F0-946A-41A5-9B46-A30C1A191EF6}.Release|x86.ActiveCfg = Release|Any CPU
		{0F9E24F0-946A-41A5-9B46-A30C1A191EF6}.Release|x86.Build.0 = Release|Any CPU
		{9376B70B-5B3C-4926-8970-70B32655C3E9}.Debug|Any CPU.ActiveCfg = Debug|Any CPU
		{9376B70B-5B3C-4926-8970-70B32655C3E9}.Debug|Any CPU.Build.0 = Debug|Any CPU
		{9376B70B-5B3C-4926-8970-70B32655C3E9}.Debug|Any CPU.Deploy.0 = Debug|Any CPU
		{9376B70B-5B3C-4926-8970-70B32655C3E9}.Debug|x64.ActiveCfg = Debug|Any CPU
		{9376B70B-5B3C-4926-8970-70B32655C3E9}.Debug|x64.Build.0 = Debug|Any CPU
		{9376B70B-5B3C-4926-8970-70B32655C3E9}.Debug|x64.Deploy.0 = Debug|Any CPU
		{9376B70B-5B3C-4926-8970-70B32655C3E9}.Debug|x86.ActiveCfg = Debug|Any CPU
		{9376B70B-5B3C-4926-8970-70B32655C3E9}.Debug|x86.Build.0 = Debug|Any CPU
		{9376B70B-5B3C-4926-8970-70B32655C3E9}.Debug|x86.Deploy.0 = Debug|Any CPU
		{9376B70B-5B3C-4926-8970-70B32655C3E9}.Release|Any CPU.ActiveCfg = Release|Any CPU
		{9376B70B-5B3C-4926-8970-70B32655C3E9}.Release|Any CPU.Build.0 = Release|Any CPU
		{9376B70B-5B3C-4926-8970-70B32655C3E9}.Release|Any CPU.Deploy.0 = Release|Any CPU
		{9376B70B-5B3C-4926-8970-70B32655C3E9}.Release|x64.ActiveCfg = Release|Any CPU
		{9376B70B-5B3C-4926-8970-70B32655C3E9}.Release|x64.Build.0 = Release|Any CPU
		{9376B70B-5B3C-4926-8970-70B32655C3E9}.Release|x64.Deploy.0 = Release|Any CPU
		{9376B70B-5B3C-4926-8970-70B32655C3E9}.Release|x86.ActiveCfg = Release|Any CPU
		{9376B70B-5B3C-4926-8970-70B32655C3E9}.Release|x86.Build.0 = Release|Any CPU
		{9376B70B-5B3C-4926-8970-70B32655C3E9}.Release|x86.Deploy.0 = Release|Any CPU
	EndGlobalSection
	GlobalSection(SolutionProperties) = preSolution
		HideSolutionNode = FALSE
	EndGlobalSection
	GlobalSection(NestedProjects) = preSolution
		{4BA33CDC-C0CE-46BC-9A31-65E2321FC1F6} = {1A1CC9DD-8A9A-4C5A-A3ED-E338AFD42D44}
		{493C82A6-C05A-4478-8D43-F6175934A457} = {1A1CC9DD-8A9A-4C5A-A3ED-E338AFD42D44}
		{7CFD0886-274C-408B-8C5B-28EB1B647130} = {1A1CC9DD-8A9A-4C5A-A3ED-E338AFD42D44}
		{22056282-2E21-42B3-AB63-CE7F0A39E7B3} = {1A1CC9DD-8A9A-4C5A-A3ED-E338AFD42D44}
		{3D45612B-558A-4E15-ADA8-AB520D254E67} = {83FA1B7F-0BC5-4EEB-86E6-1AEF9AF11609}
		{29B9F1CE-74B3-41BB-BE67-4315897A1231} = {9B97CCB2-8C6A-4307-B208-A9A863B6329C}
		{C763C1C2-62F8-4774-BFAD-BF75F3DD3682} = {9B97CCB2-8C6A-4307-B208-A9A863B6329C}
		{12947AE6-1917-40B3-884C-45D806788A78} = {83FA1B7F-0BC5-4EEB-86E6-1AEF9AF11609}
		{AEBB4FE0-25CA-41A4-8110-753D17D9B902} = {1A1CC9DD-8A9A-4C5A-A3ED-E338AFD42D44}
		{DC8EC838-372D-4266-B6CF-10BA0A815580} = {1A1CC9DD-8A9A-4C5A-A3ED-E338AFD42D44}
		{5995262A-BCF4-4E97-BEDB-50F03398E0D9} = {1A1CC9DD-8A9A-4C5A-A3ED-E338AFD42D44}
		{8074C17A-3AF3-46A3-935D-29100B861961} = {83FA1B7F-0BC5-4EEB-86E6-1AEF9AF11609}
		{7A6F8022-1C19-45F0-871C-2D8FB218AEE5} = {83FA1B7F-0BC5-4EEB-86E6-1AEF9AF11609}
		{5F734C4E-7FDC-415E-ACAB-C22CC7D3FC9C} = {1A1CC9DD-8A9A-4C5A-A3ED-E338AFD42D44}
		{345965D6-605C-4086-90A0-AB344908E6A9} = {5F734C4E-7FDC-415E-ACAB-C22CC7D3FC9C}
		{D996503C-AD98-4F02-9A8D-7D198214BBF3} = {5F734C4E-7FDC-415E-ACAB-C22CC7D3FC9C}
		{63D4A6EC-653C-48D6-A909-8046BB15CA68} = {5F734C4E-7FDC-415E-ACAB-C22CC7D3FC9C}
		{991CA4D6-6987-4881-A423-5F8AC6B25458} = {5F734C4E-7FDC-415E-ACAB-C22CC7D3FC9C}
		{43B563AE-5DF6-425A-8129-1B7DE827CD65} = {5F734C4E-7FDC-415E-ACAB-C22CC7D3FC9C}
		{7556A72B-E5AA-42C4-A2B5-2C0784CAEA09} = {5F734C4E-7FDC-415E-ACAB-C22CC7D3FC9C}
		{514A5B5E-0EE6-447E-998E-A5206244DD52} = {5F734C4E-7FDC-415E-ACAB-C22CC7D3FC9C}
		{231613DE-E482-4344-929C-9C3035E15060} = {5F734C4E-7FDC-415E-ACAB-C22CC7D3FC9C}
		{BB49A7E5-8CCC-486A-9EC9-5334AEC08E8D} = {5F734C4E-7FDC-415E-ACAB-C22CC7D3FC9C}
		{811FB312-71ED-40E7-BC2A-90E0B36F80B2} = {5F734C4E-7FDC-415E-ACAB-C22CC7D3FC9C}
		{153122E3-00F1-4FBB-A260-DA53544AE813} = {811FB312-71ED-40E7-BC2A-90E0B36F80B2}
		{C49D98D9-9D84-4286-A9A7-0617AB0F21CE} = {811FB312-71ED-40E7-BC2A-90E0B36F80B2}
		{9FB7ADD9-C9E4-4181-B8E0-AAB48B5F673F} = {811FB312-71ED-40E7-BC2A-90E0B36F80B2}
		{23BE5865-DE59-4A7C-9E24-0AE68E621269} = {811FB312-71ED-40E7-BC2A-90E0B36F80B2}
		{60B73031-1C09-45EC-996B-4103F54972D0} = {811FB312-71ED-40E7-BC2A-90E0B36F80B2}
		{142185C1-88FE-4C47-A3B8-1EB9DC2C8505} = {811FB312-71ED-40E7-BC2A-90E0B36F80B2}
		{28BCB9AE-0AE6-465B-9E87-8B2446A1D304} = {811FB312-71ED-40E7-BC2A-90E0B36F80B2}
		{D20D6DC9-6578-4417-A83E-48453BF87DD7} = {811FB312-71ED-40E7-BC2A-90E0B36F80B2}
		{05C39957-E2F6-4F08-AF32-C561321C3211} = {811FB312-71ED-40E7-BC2A-90E0B36F80B2}
		{049B3636-660F-4549-85DC-3F87B78BE783} = {811FB312-71ED-40E7-BC2A-90E0B36F80B2}
		{09DCEBEE-C2CC-4900-9C33-A57305CC01EA} = {811FB312-71ED-40E7-BC2A-90E0B36F80B2}
		{842C3D49-9F94-498F-84E8-8423C6137D5F} = {811FB312-71ED-40E7-BC2A-90E0B36F80B2}
		{A104DA85-3955-4C2D-BA40-2D96CFB325C9} = {811FB312-71ED-40E7-BC2A-90E0B36F80B2}
		{0F9E24F0-946A-41A5-9B46-A30C1A191EF6} = {811FB312-71ED-40E7-BC2A-90E0B36F80B2}
		{9376B70B-5B3C-4926-8970-70B32655C3E9} = {83FA1B7F-0BC5-4EEB-86E6-1AEF9AF11609}
	EndGlobalSection
	GlobalSection(ExtensibilityGlobals) = postSolution
		SolutionGuid = {0EBFC1BB-A80E-4F88-8356-8D1C030FA004}
	EndGlobalSection
EndGlobal
