
Microsoft Visual Studio Solution File, Format Version 12.00
# Visual Studio Version 17
VisualStudioVersion = 17.1.32421.90
MinimumVisualStudioVersion = 10.0.40219.1
Project("{9A19103F-16F7-4668-BE54-9A1E7A4F7556}") = "seanmcbeth.com", "seanmcbeth.com\seanmcbeth.com.csproj", "{01DE1BEA-3484-4147-B70D-BD635CB7A874}"
EndProject
Project("{2150E333-8FDC-42A3-9474-1A3956D46DE8}") = "Juniper", "Juniper", "{1A1CC9DD-8A9A-4C5A-A3ED-E338AFD42D44}"
	ProjectSection(SolutionItems) = preProject
		Juniper\NETCore\Directory.Build.props = Juniper\NETCore\Directory.Build.props
	EndProjectSection
EndProject
Project("{2150E333-8FDC-42A3-9474-1A3956D46DE8}") = "Solution Items", "Solution Items", "{549D12B3-54F6-4AF5-AC2D-98F7F5B4D04B}"
	ProjectSection(SolutionItems) = preProject
		.editorconfig = .editorconfig
		LICENSE.md = LICENSE.md
		tool.ps1 = tool.ps1
	EndProjectSection
EndProject
Project("{9A19103F-16F7-4668-BE54-9A1E7A4F7556}") = "Sandbox", "Sandbox\Sandbox.csproj", "{12947AE6-1917-40B3-884C-45D806788A78}"
EndProject
Project("{2150E333-8FDC-42A3-9474-1A3956D46DE8}") = "Extra", "Extra", "{83FA1B7F-0BC5-4EEB-86E6-1AEF9AF11609}"
EndProject
Project("{9A19103F-16F7-4668-BE54-9A1E7A4F7556}") = "Gurt", "Gurt\Gurt.csproj", "{B447FFEF-C2CB-449C-9644-C55701B37F45}"
EndProject
Project("{9A19103F-16F7-4668-BE54-9A1E7A4F7556}") = "Yarrow", "Yarrow\Yarrow\Yarrow.csproj", "{069873FA-0CCD-4F46-8161-74E9A0435E34}"
EndProject
Project("{2150E333-8FDC-42A3-9474-1A3956D46DE8}") = "NETCore", "NETCore", "{5D1F241C-BC2D-4778-B5A9-0F245957AEC3}"
EndProject
Project("{FAE04EC0-301F-11D3-BF4B-00C04F79EFBC}") = "Juniper.Accord", "Juniper\NETCore\Accord\Juniper.Accord.csproj", "{26128D16-6160-47DC-BF70-FAAD70A81AD8}"
EndProject
Project("{FAE04EC0-301F-11D3-BF4B-00C04F79EFBC}") = "Juniper", "Juniper\JS\Juniper.csproj", "{EB725980-4D11-4652-B8C2-FBC263A6D54E}"
EndProject
Project("{FAE04EC0-301F-11D3-BF4B-00C04F79EFBC}") = "Juniper.AppShell", "Juniper\NETCore\AppShell\Juniper.AppShell.csproj", "{EE360FA3-13CB-4142-BF5C-9D0A323FB121}"
EndProject
Project("{FAE04EC0-301F-11D3-BF4B-00C04F79EFBC}") = "Juniper.AppShell.Avalonia", "Juniper\NETCore\AppShell.Avalonia\Juniper.AppShell.Avalonia.csproj", "{923565A7-D80C-4252-B294-CE349C43EA2E}"
EndProject
Project("{FAE04EC0-301F-11D3-BF4B-00C04F79EFBC}") = "Juniper.AppShell.GTK", "Juniper\NETCore\AppShell.GTK\Juniper.AppShell.GTK.csproj", "{4E88BCFA-D106-4222-8612-B9CA949B6761}"
EndProject
Project("{FAE04EC0-301F-11D3-BF4B-00C04F79EFBC}") = "Juniper.AppShell.WPF", "Juniper\NETCore\AppShell.WPF\Juniper.AppShell.WPF.csproj", "{58D558C8-1E84-43CE-9B43-7AEC4D752791}"
EndProject
Project("{FAE04EC0-301F-11D3-BF4B-00C04F79EFBC}") = "Juniper.Azure", "Juniper\NETCore\Azure\Juniper.Azure.csproj", "{701C4639-9387-4AD6-B141-083AA6A4861A}"
EndProject
Project("{FAE04EC0-301F-11D3-BF4B-00C04F79EFBC}") = "Juniper.Bluetooth", "Juniper\NETCore\Bluetooth\Juniper.Bluetooth.csproj", "{24AD0F61-CEBC-4456-B1CC-6806B8ED166C}"
EndProject
Project("{FAE04EC0-301F-11D3-BF4B-00C04F79EFBC}") = "Juniper.Caching", "Juniper\NETCore\Caching\Juniper.Caching.csproj", "{3ED9C1AB-96B6-4659-A644-9AD938DFF1A8}"
EndProject
Project("{FAE04EC0-301F-11D3-BF4B-00C04F79EFBC}") = "Juniper.Cedrus", "Juniper\NETCore\Cedrus\Juniper.Cedrus.csproj", "{F31F1C7B-2FC9-415D-8D0E-A2B083AAAE73}"
EndProject
Project("{FAE04EC0-301F-11D3-BF4B-00C04F79EFBC}") = "Juniper.Cedrus.Server", "Juniper\NETCore\Cedrus.Server\Juniper.Cedrus.Server.csproj", "{E9BDA15C-2E83-4318-AD86-3C1266EDDFAD}"
EndProject
Project("{FAE04EC0-301F-11D3-BF4B-00C04F79EFBC}") = "Juniper.Client", "Juniper\NETCore\Client\Juniper.Client.csproj", "{77463680-C24D-4954-89D8-6BF656A15692}"
EndProject
Project("{FAE04EC0-301F-11D3-BF4B-00C04F79EFBC}") = "Juniper.Collections", "Juniper\NETCore\Collections\Juniper.Collections.csproj", "{73DADC84-95C7-4509-BF91-269779E263F3}"
EndProject
Project("{FAE04EC0-301F-11D3-BF4B-00C04F79EFBC}") = "Juniper.Compression", "Juniper\NETCore\Compression\Juniper.Compression.csproj", "{53E11BEF-C452-44A7-8584-0C5E1267FF1D}"
EndProject
Project("{FAE04EC0-301F-11D3-BF4B-00C04F79EFBC}") = "Juniper.Data", "Juniper\NETCore\Data\Juniper.Data.csproj", "{6CF48925-EBBD-4865-B336-D33F7C65B392}"
EndProject
Project("{FAE04EC0-301F-11D3-BF4B-00C04F79EFBC}") = "Juniper.Data.Jet", "Juniper\NETCore\Data.Jet\Juniper.Data.Jet.csproj", "{10834B4B-4112-44DB-A843-DB435627E082}"
EndProject
Project("{FAE04EC0-301F-11D3-BF4B-00C04F79EFBC}") = "Juniper.Data.NpgSql", "Juniper\NETCore\Data.NpgSql\Juniper.Data.NpgSql.csproj", "{18C06A70-81F6-435A-ADE5-05AD10AF50AC}"
EndProject
Project("{FAE04EC0-301F-11D3-BF4B-00C04F79EFBC}") = "Juniper.Data.Sqlite", "Juniper\NETCore\Data.Sqlite\Juniper.Data.Sqlite.csproj", "{8283E654-103F-466A-9861-6FC6605ABEC1}"
EndProject
Project("{FAE04EC0-301F-11D3-BF4B-00C04F79EFBC}") = "Juniper.Data.Sqlite.SpatiaLite", "Juniper\NETCore\Data.Sqlite.SpatiaLite\Juniper.Data.Sqlite.SpatiaLite.csproj", "{D93CDAFB-E83E-405E-839B-415A5C24E94A}"
EndProject
Project("{FAE04EC0-301F-11D3-BF4B-00C04F79EFBC}") = "Juniper.Emoji", "Juniper\NETCore\Emoji\Juniper.Emoji.csproj", "{44335A94-76F0-4DAD-A09E-7C8B49EBE3AE}"
EndProject
Project("{FAE04EC0-301F-11D3-BF4B-00C04F79EFBC}") = "Juniper.GoogleMaps", "Juniper\NETCore\GoogleMaps\Juniper.GoogleMaps.csproj", "{244AAF5D-F430-4977-98D0-2223E8016457}"
EndProject
Project("{FAE04EC0-301F-11D3-BF4B-00C04F79EFBC}") = "Juniper.HTTP", "Juniper\NETCore\HTTP\Juniper.HTTP.csproj", "{BDEC748F-A005-46B7-9DA3-0486ECDC743F}"
EndProject
Project("{FAE04EC0-301F-11D3-BF4B-00C04F79EFBC}") = "Juniper.Imaging", "Juniper\NETCore\Imaging\Juniper.Imaging.csproj", "{E1FFB2F5-FA32-4DD4-87C2-B65CC0927835}"
EndProject
Project("{FAE04EC0-301F-11D3-BF4B-00C04F79EFBC}") = "Juniper.Imaging.Jpeg", "Juniper\NETCore\Imaging.Jpeg\Juniper.Imaging.Jpeg.csproj", "{8B43A1DD-BD0F-4E0F-B1EF-D0356518F725}"
EndProject
Project("{FAE04EC0-301F-11D3-BF4B-00C04F79EFBC}") = "Juniper.Imaging.Png", "Juniper\NETCore\Imaging.Png\Juniper.Imaging.Png.csproj", "{5C1D64F0-044B-4A42-92C6-ABD7706EB091}"
EndProject
Project("{FAE04EC0-301F-11D3-BF4B-00C04F79EFBC}") = "Juniper.Interactions", "Juniper\NETCore\Interactions\Juniper.Interactions.csproj", "{9BF37ACB-E1FE-4E4F-AC8F-48A34A929759}"
EndProject
Project("{FAE04EC0-301F-11D3-BF4B-00C04F79EFBC}") = "Juniper.IO", "Juniper\NETCore\IO\Juniper.IO.csproj", "{20ABCCFA-3691-40B1-9353-8CCA746E7AD9}"
EndProject
Project("{FAE04EC0-301F-11D3-BF4B-00C04F79EFBC}") = "Juniper.Logic", "Juniper\NETCore\Logic\Juniper.Logic.csproj", "{9B6D2BCF-FC36-4342-A85C-ADF974B9072B}"
EndProject
Project("{FAE04EC0-301F-11D3-BF4B-00C04F79EFBC}") = "Juniper.Mathematics", "Juniper\NETCore\Mathematics\Juniper.Mathematics.csproj", "{B14DA85C-2993-4332-AFB0-29C70D8D9DB5}"
EndProject
Project("{FAE04EC0-301F-11D3-BF4B-00C04F79EFBC}") = "Juniper.MediaType", "Juniper\NETCore\MediaType\Juniper.MediaType.csproj", "{90DE2845-A93F-4BB6-AF8F-5A6DB5719193}"
EndProject
Project("{FAE04EC0-301F-11D3-BF4B-00C04F79EFBC}") = "Juniper.NamedActions", "Juniper\NETCore\NamedActions\Juniper.NamedActions.csproj", "{15552F62-33ED-46AD-8EF9-73DBDF5DD3E7}"
EndProject
Project("{FAE04EC0-301F-11D3-BF4B-00C04F79EFBC}") = "Juniper.OpenAI", "Juniper\NETCore\OpenAI\Juniper.OpenAI.csproj", "{D82DB6CE-3B11-42AC-ABF8-78C4AFA80455}"
EndProject
Project("{FAE04EC0-301F-11D3-BF4B-00C04F79EFBC}") = "Juniper.OpenWeatherMap", "Juniper\NETCore\OpenWeatherMap\Juniper.OpenWeatherMap.csproj", "{FAEA4710-2C03-4418-A5C3-D1E0BAF34ABB}"
EndProject
Project("{FAE04EC0-301F-11D3-BF4B-00C04F79EFBC}") = "Juniper.Processes", "Juniper\NETCore\Processes\Juniper.Processes.csproj", "{9985280B-FEEB-47FF-BD76-5B519D8DDF61}"
EndProject
Project("{FAE04EC0-301F-11D3-BF4B-00C04F79EFBC}") = "Juniper.ProcessManager", "Juniper\NETCore\ProcessManager\Juniper.ProcessManager.csproj", "{88AC84F5-7D15-45A6-99BB-4B64FB87042F}"
EndProject
Project("{FAE04EC0-301F-11D3-BF4B-00C04F79EFBC}") = "Juniper.Progress", "Juniper\NETCore\Progress\Juniper.Progress.csproj", "{A47ADFD8-8D4F-4F5B-BEA9-70B7D144F279}"
EndProject
Project("{FAE04EC0-301F-11D3-BF4B-00C04F79EFBC}") = "Juniper.Puzzles", "Juniper\NETCore\Puzzles\Juniper.Puzzles.csproj", "{8A1FBA80-28D2-43DC-9B66-1FB606CAFAE3}"
EndProject
Project("{FAE04EC0-301F-11D3-BF4B-00C04F79EFBC}") = "Juniper.Root", "Juniper\NETCore\Root\Juniper.Root.csproj", "{41F61403-7569-4811-9D85-8BD1862BA183}"
EndProject
Project("{FAE04EC0-301F-11D3-BF4B-00C04F79EFBC}") = "Juniper.Server", "Juniper\NETCore\Server\Juniper.Server.csproj", "{19E34D56-5B1D-4A8A-BCFD-0F9E220ECC08}"
EndProject
Project("{FAE04EC0-301F-11D3-BF4B-00C04F79EFBC}") = "Juniper.Sound", "Juniper\NETCore\Sound\Juniper.Sound.csproj", "{7FF96FAC-5530-4CC2-8EA3-708C8835895B}"
EndProject
Project("{FAE04EC0-301F-11D3-BF4B-00C04F79EFBC}") = "Juniper.Terminal", "Juniper\NETCore\Terminal\Juniper.Terminal.csproj", "{B1A01610-4F59-44B2-A831-EEFBDB6B2CC9}"
EndProject
Project("{FAE04EC0-301F-11D3-BF4B-00C04F79EFBC}") = "Juniper.TSBuild", "Juniper\NETCore\TSBuild\Juniper.TSBuild.csproj", "{0B05527E-7B23-4C3A-BB24-9C4769C48379}"
EndProject
Project("{FAE04EC0-301F-11D3-BF4B-00C04F79EFBC}") = "Juniper.Units", "Juniper\NETCore\Units\Juniper.Units.csproj", "{2693A03C-2BD9-4DA6-9E4F-D3BC8E87637D}"
EndProject
Project("{FAE04EC0-301F-11D3-BF4B-00C04F79EFBC}") = "Juniper.WebRTC", "Juniper\NETCore\WebRTC\Juniper.WebRTC.csproj", "{5BF02DFD-61B0-4F0E-8602-A163678B0CDB}"
EndProject
Project("{FAE04EC0-301F-11D3-BF4B-00C04F79EFBC}") = "Juniper.WebRTC.Server", "Juniper\NETCore\WebRTC.Server\Juniper.WebRTC.Server.csproj", "{E127B19B-EC15-48FA-ADC9-E28518E48CDD}"
EndProject
Project("{FAE04EC0-301F-11D3-BF4B-00C04F79EFBC}") = "Juniper.Windows", "Juniper\NETCore\Windows\Juniper.Windows.csproj", "{4B4AF35C-32E1-4913-8DB1-9D38A089793A}"
EndProject
Project("{FAE04EC0-301F-11D3-BF4B-00C04F79EFBC}") = "Juniper.XR", "Juniper\NETCore\XR\Juniper.XR.csproj", "{A2000DFA-E267-4B69-A667-7851E4B0D56A}"
EndProject
Project("{FAE04EC0-301F-11D3-BF4B-00C04F79EFBC}") = "Juniper.YouTubeDLP", "Juniper\NETCore\YouTubeDLP\Juniper.YouTubeDLP.csproj", "{7EFAFEFC-9572-47E4-95F8-1C4F64AA1EBC}"
EndProject
Project("{2150E333-8FDC-42A3-9474-1A3956D46DE8}") = "Tests", "Tests", "{70F6F0AA-415E-4426-9802-09DF432F04D2}"
EndProject
Project("{FAE04EC0-301F-11D3-BF4B-00C04F79EFBC}") = "Azure Text to Speech - Console", "Juniper\Tests\Azure Text to Speech - Console\Azure Text to Speech - Console.csproj", "{FC4547BA-C470-4E55-A4A6-83CC1966C5D9}"
EndProject
Project("{FAE04EC0-301F-11D3-BF4B-00C04F79EFBC}") = "Azure Text to Speech - WinForms", "Juniper\Tests\Azure Text to Speech - WinForms\Azure Text to Speech - WinForms.csproj", "{C79DD315-D65E-402C-B162-83E1EB1AD041}"
EndProject
Project("{FAE04EC0-301F-11D3-BF4B-00C04F79EFBC}") = "Example", "Juniper\Tests\Example\Example.csproj", "{5FAE544B-FA35-4112-996A-981CE2E929CA}"
EndProject
Project("{FAE04EC0-301F-11D3-BF4B-00C04F79EFBC}") = "Example.Migrations.Postgres", "Juniper\Tests\Example.Migrations.Postgres\Example.Migrations.Postgres.csproj", "{6D9CA32A-C93C-4835-BB2E-BECAF9DA61D9}"
EndProject
Project("{FAE04EC0-301F-11D3-BF4B-00C04F79EFBC}") = "Example.Migrations.Sqlite", "Juniper\Tests\Example.Migrations.Sqlite\Example.Migrations.Sqlite.csproj", "{B0513A7D-9E02-473A-9EF1-EAC0CE4A5704}"
EndProject
Project("{FAE04EC0-301F-11D3-BF4B-00C04F79EFBC}") = "GoogleMaps - WinForms", "Juniper\Tests\GoogleMaps - WinForms\GoogleMaps - WinForms.csproj", "{9D1196EE-0677-4DDE-BCFF-368BA9334009}"
EndProject
Project("{FAE04EC0-301F-11D3-BF4B-00C04F79EFBC}") = "Juniper Build Config Example", "Juniper\Tests\Juniper Build Config Example\Juniper Build Config Example.csproj", "{95BCB61E-7E89-4F0A-8904-868B474008A0}"
EndProject
Project("{FAE04EC0-301F-11D3-BF4B-00C04F79EFBC}") = "Juniper Build Example", "Juniper\Tests\Juniper Build Example\Juniper Build Example.csproj", "{433D7A40-C155-422C-ACFB-B73BEC22B2EE}"
EndProject
Project("{FAE04EC0-301F-11D3-BF4B-00C04F79EFBC}") = "Juniper Web Examples", "Juniper\Tests\Juniper Web Examples\Juniper Web Examples.csproj", "{A582B239-F470-43B4-BF6B-F258040F7883}"
EndProject
Project("{FAE04EC0-301F-11D3-BF4B-00C04F79EFBC}") = "Juniper.Collections.Tests", "Juniper\Tests\Juniper.Collections.Tests\Juniper.Collections.Tests.csproj", "{ACBCD9E1-B13F-4B4F-BFDF-5D931D21EA7D}"
EndProject
Project("{FAE04EC0-301F-11D3-BF4B-00C04F79EFBC}") = "Juniper.Tests", "Juniper\Tests\Juniper.Tests\Juniper.Tests.csproj", "{AF8800C0-AD79-46F8-9544-BE03A9FBF8B2}"
EndProject
Project("{FAE04EC0-301F-11D3-BF4B-00C04F79EFBC}") = "Keyboard - WinForms", "Juniper\Tests\Keyboard - WinForms\Keyboard - WinForms.csproj", "{847BA195-4B55-4F6A-A2DF-8820EFC9A18F}"
EndProject
Project("{2150E333-8FDC-42A3-9474-1A3956D46DE8}") = "Util", "Util", "{119CD092-93E2-45ED-9760-776002A82175}"
EndProject
Project("{FAE04EC0-301F-11D3-BF4B-00C04F79EFBC}") = "Process Manager - Console", "Juniper\Tests\Process Manager - Console\Process Manager - Console.csproj", "{D26BA45E-5CE9-4BFF-A234-5DF292763E41}"
EndProject
Project("{FAE04EC0-301F-11D3-BF4B-00C04F79EFBC}") = "Scratch", "Juniper\Tests\Scratch\Scratch.csproj", "{203E70B7-9D1E-439B-9DB0-870C7BD7129C}"
EndProject
Project("{FAE04EC0-301F-11D3-BF4B-00C04F79EFBC}") = "Tetris - Console", "Juniper\Tests\Tetris - Console\Tetris - Console.csproj", "{A1C9FB29-6DC0-493A-9FAA-6A071CFBC158}"
EndProject
Project("{FAE04EC0-301F-11D3-BF4B-00C04F79EFBC}") = "Tetris - WinForms", "Juniper\Tests\Tetris - WinForms\Tetris - WinForms.csproj", "{E7ACB4FE-5722-4E43-BDBE-DA34E8DD10AE}"
EndProject
Project("{2150E333-8FDC-42A3-9474-1A3956D46DE8}") = "Primrose", "Primrose", "{44CDB82F-192F-44DE-980B-EBC9BDE9DB79}"
EndProject
Project("{FAE04EC0-301F-11D3-BF4B-00C04F79EFBC}") = "Juniper.Emoji.Writer", "Juniper\Util\Emoji.Writer\Juniper.Emoji.Writer.csproj", "{CA5DE09D-0E08-4493-B636-86EAF5870E15}"
EndProject
Project("{FAE04EC0-301F-11D3-BF4B-00C04F79EFBC}") = "Juniper.MediaType.Writer", "Juniper\Util\MediaType.Writer\Juniper.MediaType.Writer.csproj", "{E042B6CC-D60A-4C7F-9F66-55DCE466513C}"
EndProject
Project("{FAE04EC0-301F-11D3-BF4B-00C04F79EFBC}") = "Png2Ico", "Juniper\Util\Png2Ico\Png2Ico.csproj", "{96C361E2-EE69-4BEF-8758-A9C91A195C0D}"
EndProject
Global
	GlobalSection(SolutionConfigurationPlatforms) = preSolution
		Debug|Any CPU = Debug|Any CPU
		Debug|x64 = Debug|x64
		Debug|x86 = Debug|x86
		Release|Any CPU = Release|Any CPU
		Release|x64 = Release|x64
		Release|x86 = Release|x86
	EndGlobalSection
	GlobalSection(ProjectConfigurationPlatforms) = postSolution
		{01DE1BEA-3484-4147-B70D-BD635CB7A874}.Debug|Any CPU.ActiveCfg = Debug|Any CPU
		{01DE1BEA-3484-4147-B70D-BD635CB7A874}.Debug|Any CPU.Build.0 = Debug|Any CPU
		{01DE1BEA-3484-4147-B70D-BD635CB7A874}.Debug|x64.ActiveCfg = Debug|x64
		{01DE1BEA-3484-4147-B70D-BD635CB7A874}.Debug|x64.Build.0 = Debug|x64
		{01DE1BEA-3484-4147-B70D-BD635CB7A874}.Debug|x86.ActiveCfg = Debug|Any CPU
		{01DE1BEA-3484-4147-B70D-BD635CB7A874}.Debug|x86.Build.0 = Debug|Any CPU
		{01DE1BEA-3484-4147-B70D-BD635CB7A874}.Release|Any CPU.ActiveCfg = Release|Any CPU
		{01DE1BEA-3484-4147-B70D-BD635CB7A874}.Release|Any CPU.Build.0 = Release|Any CPU
		{01DE1BEA-3484-4147-B70D-BD635CB7A874}.Release|x64.ActiveCfg = Release|x64
		{01DE1BEA-3484-4147-B70D-BD635CB7A874}.Release|x64.Build.0 = Release|x64
		{01DE1BEA-3484-4147-B70D-BD635CB7A874}.Release|x86.ActiveCfg = Release|Any CPU
		{01DE1BEA-3484-4147-B70D-BD635CB7A874}.Release|x86.Build.0 = Release|Any CPU
		{12947AE6-1917-40B3-884C-45D806788A78}.Debug|Any CPU.ActiveCfg = Debug|Any CPU
		{12947AE6-1917-40B3-884C-45D806788A78}.Debug|Any CPU.Build.0 = Debug|Any CPU
		{12947AE6-1917-40B3-884C-45D806788A78}.Debug|x64.ActiveCfg = Debug|Any CPU
		{12947AE6-1917-40B3-884C-45D806788A78}.Debug|x64.Build.0 = Debug|Any CPU
		{12947AE6-1917-40B3-884C-45D806788A78}.Debug|x86.ActiveCfg = Debug|Any CPU
		{12947AE6-1917-40B3-884C-45D806788A78}.Debug|x86.Build.0 = Debug|Any CPU
		{12947AE6-1917-40B3-884C-45D806788A78}.Release|Any CPU.ActiveCfg = Release|Any CPU
		{12947AE6-1917-40B3-884C-45D806788A78}.Release|Any CPU.Build.0 = Release|Any CPU
		{12947AE6-1917-40B3-884C-45D806788A78}.Release|x64.ActiveCfg = Release|Any CPU
		{12947AE6-1917-40B3-884C-45D806788A78}.Release|x64.Build.0 = Release|Any CPU
		{12947AE6-1917-40B3-884C-45D806788A78}.Release|x86.ActiveCfg = Release|Any CPU
		{12947AE6-1917-40B3-884C-45D806788A78}.Release|x86.Build.0 = Release|Any CPU
		{B447FFEF-C2CB-449C-9644-C55701B37F45}.Debug|Any CPU.ActiveCfg = Debug|Any CPU
		{B447FFEF-C2CB-449C-9644-C55701B37F45}.Debug|Any CPU.Build.0 = Debug|Any CPU
		{B447FFEF-C2CB-449C-9644-C55701B37F45}.Debug|x64.ActiveCfg = Debug|x64
		{B447FFEF-C2CB-449C-9644-C55701B37F45}.Debug|x64.Build.0 = Debug|x64
		{B447FFEF-C2CB-449C-9644-C55701B37F45}.Debug|x86.ActiveCfg = Debug|Any CPU
		{B447FFEF-C2CB-449C-9644-C55701B37F45}.Debug|x86.Build.0 = Debug|Any CPU
		{B447FFEF-C2CB-449C-9644-C55701B37F45}.Release|Any CPU.ActiveCfg = Release|Any CPU
		{B447FFEF-C2CB-449C-9644-C55701B37F45}.Release|Any CPU.Build.0 = Release|Any CPU
		{B447FFEF-C2CB-449C-9644-C55701B37F45}.Release|x64.ActiveCfg = Release|x64
		{B447FFEF-C2CB-449C-9644-C55701B37F45}.Release|x64.Build.0 = Release|x64
		{B447FFEF-C2CB-449C-9644-C55701B37F45}.Release|x86.ActiveCfg = Release|Any CPU
		{B447FFEF-C2CB-449C-9644-C55701B37F45}.Release|x86.Build.0 = Release|Any CPU
		{069873FA-0CCD-4F46-8161-74E9A0435E34}.Debug|Any CPU.ActiveCfg = Debug|Any CPU
		{069873FA-0CCD-4F46-8161-74E9A0435E34}.Debug|Any CPU.Build.0 = Debug|Any CPU
		{069873FA-0CCD-4F46-8161-74E9A0435E34}.Debug|x64.ActiveCfg = Debug|x64
		{069873FA-0CCD-4F46-8161-74E9A0435E34}.Debug|x64.Build.0 = Debug|x64
		{069873FA-0CCD-4F46-8161-74E9A0435E34}.Debug|x86.ActiveCfg = Debug|Any CPU
		{069873FA-0CCD-4F46-8161-74E9A0435E34}.Debug|x86.Build.0 = Debug|Any CPU
		{069873FA-0CCD-4F46-8161-74E9A0435E34}.Release|Any CPU.ActiveCfg = Release|Any CPU
		{069873FA-0CCD-4F46-8161-74E9A0435E34}.Release|Any CPU.Build.0 = Release|Any CPU
		{069873FA-0CCD-4F46-8161-74E9A0435E34}.Release|x64.ActiveCfg = Release|x64
		{069873FA-0CCD-4F46-8161-74E9A0435E34}.Release|x64.Build.0 = Release|x64
		{069873FA-0CCD-4F46-8161-74E9A0435E34}.Release|x86.ActiveCfg = Release|Any CPU
		{069873FA-0CCD-4F46-8161-74E9A0435E34}.Release|x86.Build.0 = Release|Any CPU
		{26128D16-6160-47DC-BF70-FAAD70A81AD8}.Debug|Any CPU.ActiveCfg = Debug|Any CPU
		{26128D16-6160-47DC-BF70-FAAD70A81AD8}.Debug|Any CPU.Build.0 = Debug|Any CPU
		{26128D16-6160-47DC-BF70-FAAD70A81AD8}.Debug|x64.ActiveCfg = Debug|x64
		{26128D16-6160-47DC-BF70-FAAD70A81AD8}.Debug|x64.Build.0 = Debug|x64
		{26128D16-6160-47DC-BF70-FAAD70A81AD8}.Debug|x86.ActiveCfg = Debug|Any CPU
		{26128D16-6160-47DC-BF70-FAAD70A81AD8}.Debug|x86.Build.0 = Debug|Any CPU
		{26128D16-6160-47DC-BF70-FAAD70A81AD8}.Release|Any CPU.ActiveCfg = Release|Any CPU
		{26128D16-6160-47DC-BF70-FAAD70A81AD8}.Release|Any CPU.Build.0 = Release|Any CPU
		{26128D16-6160-47DC-BF70-FAAD70A81AD8}.Release|x64.ActiveCfg = Release|x64
		{26128D16-6160-47DC-BF70-FAAD70A81AD8}.Release|x64.Build.0 = Release|x64
		{26128D16-6160-47DC-BF70-FAAD70A81AD8}.Release|x86.ActiveCfg = Release|Any CPU
		{26128D16-6160-47DC-BF70-FAAD70A81AD8}.Release|x86.Build.0 = Release|Any CPU
		{EB725980-4D11-4652-B8C2-FBC263A6D54E}.Debug|Any CPU.ActiveCfg = Debug|Any CPU
		{EB725980-4D11-4652-B8C2-FBC263A6D54E}.Debug|Any CPU.Build.0 = Debug|Any CPU
		{EB725980-4D11-4652-B8C2-FBC263A6D54E}.Debug|x64.ActiveCfg = Debug|x64
		{EB725980-4D11-4652-B8C2-FBC263A6D54E}.Debug|x64.Build.0 = Debug|x64
		{EB725980-4D11-4652-B8C2-FBC263A6D54E}.Debug|x86.ActiveCfg = Debug|x64
		{EB725980-4D11-4652-B8C2-FBC263A6D54E}.Debug|x86.Build.0 = Debug|x64
		{EB725980-4D11-4652-B8C2-FBC263A6D54E}.Release|Any CPU.ActiveCfg = Release|Any CPU
		{EB725980-4D11-4652-B8C2-FBC263A6D54E}.Release|Any CPU.Build.0 = Release|Any CPU
		{EB725980-4D11-4652-B8C2-FBC263A6D54E}.Release|x64.ActiveCfg = Release|x64
		{EB725980-4D11-4652-B8C2-FBC263A6D54E}.Release|x64.Build.0 = Release|x64
		{EB725980-4D11-4652-B8C2-FBC263A6D54E}.Release|x86.ActiveCfg = Release|x64
		{EB725980-4D11-4652-B8C2-FBC263A6D54E}.Release|x86.Build.0 = Release|x64
		{EE360FA3-13CB-4142-BF5C-9D0A323FB121}.Debug|Any CPU.ActiveCfg = Debug|Any CPU
		{EE360FA3-13CB-4142-BF5C-9D0A323FB121}.Debug|Any CPU.Build.0 = Debug|Any CPU
		{EE360FA3-13CB-4142-BF5C-9D0A323FB121}.Debug|x64.ActiveCfg = Debug|x64
		{EE360FA3-13CB-4142-BF5C-9D0A323FB121}.Debug|x64.Build.0 = Debug|x64
		{EE360FA3-13CB-4142-BF5C-9D0A323FB121}.Debug|x86.ActiveCfg = Debug|Any CPU
		{EE360FA3-13CB-4142-BF5C-9D0A323FB121}.Debug|x86.Build.0 = Debug|Any CPU
		{EE360FA3-13CB-4142-BF5C-9D0A323FB121}.Release|Any CPU.ActiveCfg = Release|Any CPU
		{EE360FA3-13CB-4142-BF5C-9D0A323FB121}.Release|Any CPU.Build.0 = Release|Any CPU
		{EE360FA3-13CB-4142-BF5C-9D0A323FB121}.Release|x64.ActiveCfg = Release|x64
		{EE360FA3-13CB-4142-BF5C-9D0A323FB121}.Release|x64.Build.0 = Release|x64
		{EE360FA3-13CB-4142-BF5C-9D0A323FB121}.Release|x86.ActiveCfg = Release|Any CPU
		{EE360FA3-13CB-4142-BF5C-9D0A323FB121}.Release|x86.Build.0 = Release|Any CPU
		{923565A7-D80C-4252-B294-CE349C43EA2E}.Debug|Any CPU.ActiveCfg = Debug|Any CPU
		{923565A7-D80C-4252-B294-CE349C43EA2E}.Debug|Any CPU.Build.0 = Debug|Any CPU
		{923565A7-D80C-4252-B294-CE349C43EA2E}.Debug|x64.ActiveCfg = Debug|x64
		{923565A7-D80C-4252-B294-CE349C43EA2E}.Debug|x64.Build.0 = Debug|x64
		{923565A7-D80C-4252-B294-CE349C43EA2E}.Debug|x86.ActiveCfg = Debug|Any CPU
		{923565A7-D80C-4252-B294-CE349C43EA2E}.Debug|x86.Build.0 = Debug|Any CPU
		{923565A7-D80C-4252-B294-CE349C43EA2E}.Release|Any CPU.ActiveCfg = Release|Any CPU
		{923565A7-D80C-4252-B294-CE349C43EA2E}.Release|Any CPU.Build.0 = Release|Any CPU
		{923565A7-D80C-4252-B294-CE349C43EA2E}.Release|x64.ActiveCfg = Release|x64
		{923565A7-D80C-4252-B294-CE349C43EA2E}.Release|x64.Build.0 = Release|x64
		{923565A7-D80C-4252-B294-CE349C43EA2E}.Release|x86.ActiveCfg = Release|Any CPU
		{923565A7-D80C-4252-B294-CE349C43EA2E}.Release|x86.Build.0 = Release|Any CPU
		{4E88BCFA-D106-4222-8612-B9CA949B6761}.Debug|Any CPU.ActiveCfg = Debug|Any CPU
		{4E88BCFA-D106-4222-8612-B9CA949B6761}.Debug|Any CPU.Build.0 = Debug|Any CPU
		{4E88BCFA-D106-4222-8612-B9CA949B6761}.Debug|x64.ActiveCfg = Debug|x64
		{4E88BCFA-D106-4222-8612-B9CA949B6761}.Debug|x64.Build.0 = Debug|x64
		{4E88BCFA-D106-4222-8612-B9CA949B6761}.Debug|x86.ActiveCfg = Debug|Any CPU
		{4E88BCFA-D106-4222-8612-B9CA949B6761}.Debug|x86.Build.0 = Debug|Any CPU
		{4E88BCFA-D106-4222-8612-B9CA949B6761}.Release|Any CPU.ActiveCfg = Release|Any CPU
		{4E88BCFA-D106-4222-8612-B9CA949B6761}.Release|Any CPU.Build.0 = Release|Any CPU
		{4E88BCFA-D106-4222-8612-B9CA949B6761}.Release|x64.ActiveCfg = Release|x64
		{4E88BCFA-D106-4222-8612-B9CA949B6761}.Release|x64.Build.0 = Release|x64
		{4E88BCFA-D106-4222-8612-B9CA949B6761}.Release|x86.ActiveCfg = Release|Any CPU
		{4E88BCFA-D106-4222-8612-B9CA949B6761}.Release|x86.Build.0 = Release|Any CPU
		{58D558C8-1E84-43CE-9B43-7AEC4D752791}.Debug|Any CPU.ActiveCfg = Debug|Any CPU
		{58D558C8-1E84-43CE-9B43-7AEC4D752791}.Debug|Any CPU.Build.0 = Debug|Any CPU
		{58D558C8-1E84-43CE-9B43-7AEC4D752791}.Debug|x64.ActiveCfg = Debug|x64
		{58D558C8-1E84-43CE-9B43-7AEC4D752791}.Debug|x64.Build.0 = Debug|x64
		{58D558C8-1E84-43CE-9B43-7AEC4D752791}.Debug|x86.ActiveCfg = Debug|Any CPU
		{58D558C8-1E84-43CE-9B43-7AEC4D752791}.Debug|x86.Build.0 = Debug|Any CPU
		{58D558C8-1E84-43CE-9B43-7AEC4D752791}.Release|Any CPU.ActiveCfg = Release|Any CPU
		{58D558C8-1E84-43CE-9B43-7AEC4D752791}.Release|Any CPU.Build.0 = Release|Any CPU
		{58D558C8-1E84-43CE-9B43-7AEC4D752791}.Release|x64.ActiveCfg = Release|x64
		{58D558C8-1E84-43CE-9B43-7AEC4D752791}.Release|x64.Build.0 = Release|x64
		{58D558C8-1E84-43CE-9B43-7AEC4D752791}.Release|x86.ActiveCfg = Release|Any CPU
		{58D558C8-1E84-43CE-9B43-7AEC4D752791}.Release|x86.Build.0 = Release|Any CPU
		{701C4639-9387-4AD6-B141-083AA6A4861A}.Debug|Any CPU.ActiveCfg = Debug|Any CPU
		{701C4639-9387-4AD6-B141-083AA6A4861A}.Debug|Any CPU.Build.0 = Debug|Any CPU
		{701C4639-9387-4AD6-B141-083AA6A4861A}.Debug|x64.ActiveCfg = Debug|x64
		{701C4639-9387-4AD6-B141-083AA6A4861A}.Debug|x64.Build.0 = Debug|x64
		{701C4639-9387-4AD6-B141-083AA6A4861A}.Debug|x86.ActiveCfg = Debug|Any CPU
		{701C4639-9387-4AD6-B141-083AA6A4861A}.Debug|x86.Build.0 = Debug|Any CPU
		{701C4639-9387-4AD6-B141-083AA6A4861A}.Release|Any CPU.ActiveCfg = Release|Any CPU
		{701C4639-9387-4AD6-B141-083AA6A4861A}.Release|Any CPU.Build.0 = Release|Any CPU
		{701C4639-9387-4AD6-B141-083AA6A4861A}.Release|x64.ActiveCfg = Release|x64
		{701C4639-9387-4AD6-B141-083AA6A4861A}.Release|x64.Build.0 = Release|x64
		{701C4639-9387-4AD6-B141-083AA6A4861A}.Release|x86.ActiveCfg = Release|Any CPU
		{701C4639-9387-4AD6-B141-083AA6A4861A}.Release|x86.Build.0 = Release|Any CPU
		{24AD0F61-CEBC-4456-B1CC-6806B8ED166C}.Debug|Any CPU.ActiveCfg = Debug|Any CPU
		{24AD0F61-CEBC-4456-B1CC-6806B8ED166C}.Debug|Any CPU.Build.0 = Debug|Any CPU
		{24AD0F61-CEBC-4456-B1CC-6806B8ED166C}.Debug|x64.ActiveCfg = Debug|x64
		{24AD0F61-CEBC-4456-B1CC-6806B8ED166C}.Debug|x64.Build.0 = Debug|x64
		{24AD0F61-CEBC-4456-B1CC-6806B8ED166C}.Debug|x86.ActiveCfg = Debug|Any CPU
		{24AD0F61-CEBC-4456-B1CC-6806B8ED166C}.Debug|x86.Build.0 = Debug|Any CPU
		{24AD0F61-CEBC-4456-B1CC-6806B8ED166C}.Release|Any CPU.ActiveCfg = Release|Any CPU
		{24AD0F61-CEBC-4456-B1CC-6806B8ED166C}.Release|Any CPU.Build.0 = Release|Any CPU
		{24AD0F61-CEBC-4456-B1CC-6806B8ED166C}.Release|x64.ActiveCfg = Release|x64
		{24AD0F61-CEBC-4456-B1CC-6806B8ED166C}.Release|x64.Build.0 = Release|x64
		{24AD0F61-CEBC-4456-B1CC-6806B8ED166C}.Release|x86.ActiveCfg = Release|Any CPU
		{24AD0F61-CEBC-4456-B1CC-6806B8ED166C}.Release|x86.Build.0 = Release|Any CPU
		{3ED9C1AB-96B6-4659-A644-9AD938DFF1A8}.Debug|Any CPU.ActiveCfg = Debug|Any CPU
		{3ED9C1AB-96B6-4659-A644-9AD938DFF1A8}.Debug|Any CPU.Build.0 = Debug|Any CPU
		{3ED9C1AB-96B6-4659-A644-9AD938DFF1A8}.Debug|x64.ActiveCfg = Debug|x64
		{3ED9C1AB-96B6-4659-A644-9AD938DFF1A8}.Debug|x64.Build.0 = Debug|x64
		{3ED9C1AB-96B6-4659-A644-9AD938DFF1A8}.Debug|x86.ActiveCfg = Debug|Any CPU
		{3ED9C1AB-96B6-4659-A644-9AD938DFF1A8}.Debug|x86.Build.0 = Debug|Any CPU
		{3ED9C1AB-96B6-4659-A644-9AD938DFF1A8}.Release|Any CPU.ActiveCfg = Release|Any CPU
		{3ED9C1AB-96B6-4659-A644-9AD938DFF1A8}.Release|Any CPU.Build.0 = Release|Any CPU
		{3ED9C1AB-96B6-4659-A644-9AD938DFF1A8}.Release|x64.ActiveCfg = Release|x64
		{3ED9C1AB-96B6-4659-A644-9AD938DFF1A8}.Release|x64.Build.0 = Release|x64
		{3ED9C1AB-96B6-4659-A644-9AD938DFF1A8}.Release|x86.ActiveCfg = Release|Any CPU
		{3ED9C1AB-96B6-4659-A644-9AD938DFF1A8}.Release|x86.Build.0 = Release|Any CPU
		{F31F1C7B-2FC9-415D-8D0E-A2B083AAAE73}.Debug|Any CPU.ActiveCfg = Debug|Any CPU
		{F31F1C7B-2FC9-415D-8D0E-A2B083AAAE73}.Debug|Any CPU.Build.0 = Debug|Any CPU
		{F31F1C7B-2FC9-415D-8D0E-A2B083AAAE73}.Debug|x64.ActiveCfg = Debug|x64
		{F31F1C7B-2FC9-415D-8D0E-A2B083AAAE73}.Debug|x64.Build.0 = Debug|x64
		{F31F1C7B-2FC9-415D-8D0E-A2B083AAAE73}.Debug|x86.ActiveCfg = Debug|Any CPU
		{F31F1C7B-2FC9-415D-8D0E-A2B083AAAE73}.Debug|x86.Build.0 = Debug|Any CPU
		{F31F1C7B-2FC9-415D-8D0E-A2B083AAAE73}.Release|Any CPU.ActiveCfg = Release|Any CPU
		{F31F1C7B-2FC9-415D-8D0E-A2B083AAAE73}.Release|Any CPU.Build.0 = Release|Any CPU
		{F31F1C7B-2FC9-415D-8D0E-A2B083AAAE73}.Release|x64.ActiveCfg = Release|x64
		{F31F1C7B-2FC9-415D-8D0E-A2B083AAAE73}.Release|x64.Build.0 = Release|x64
		{F31F1C7B-2FC9-415D-8D0E-A2B083AAAE73}.Release|x86.ActiveCfg = Release|Any CPU
		{F31F1C7B-2FC9-415D-8D0E-A2B083AAAE73}.Release|x86.Build.0 = Release|Any CPU
		{E9BDA15C-2E83-4318-AD86-3C1266EDDFAD}.Debug|Any CPU.ActiveCfg = Debug|Any CPU
		{E9BDA15C-2E83-4318-AD86-3C1266EDDFAD}.Debug|Any CPU.Build.0 = Debug|Any CPU
		{E9BDA15C-2E83-4318-AD86-3C1266EDDFAD}.Debug|x64.ActiveCfg = Debug|x64
		{E9BDA15C-2E83-4318-AD86-3C1266EDDFAD}.Debug|x64.Build.0 = Debug|x64
		{E9BDA15C-2E83-4318-AD86-3C1266EDDFAD}.Debug|x86.ActiveCfg = Debug|Any CPU
		{E9BDA15C-2E83-4318-AD86-3C1266EDDFAD}.Debug|x86.Build.0 = Debug|Any CPU
		{E9BDA15C-2E83-4318-AD86-3C1266EDDFAD}.Release|Any CPU.ActiveCfg = Release|Any CPU
		{E9BDA15C-2E83-4318-AD86-3C1266EDDFAD}.Release|Any CPU.Build.0 = Release|Any CPU
		{E9BDA15C-2E83-4318-AD86-3C1266EDDFAD}.Release|x64.ActiveCfg = Release|x64
		{E9BDA15C-2E83-4318-AD86-3C1266EDDFAD}.Release|x64.Build.0 = Release|x64
		{E9BDA15C-2E83-4318-AD86-3C1266EDDFAD}.Release|x86.ActiveCfg = Release|Any CPU
		{E9BDA15C-2E83-4318-AD86-3C1266EDDFAD}.Release|x86.Build.0 = Release|Any CPU
		{77463680-C24D-4954-89D8-6BF656A15692}.Debug|Any CPU.ActiveCfg = Debug|Any CPU
		{77463680-C24D-4954-89D8-6BF656A15692}.Debug|Any CPU.Build.0 = Debug|Any CPU
		{77463680-C24D-4954-89D8-6BF656A15692}.Debug|x64.ActiveCfg = Debug|x64
		{77463680-C24D-4954-89D8-6BF656A15692}.Debug|x64.Build.0 = Debug|x64
		{77463680-C24D-4954-89D8-6BF656A15692}.Debug|x86.ActiveCfg = Debug|Any CPU
		{77463680-C24D-4954-89D8-6BF656A15692}.Debug|x86.Build.0 = Debug|Any CPU
		{77463680-C24D-4954-89D8-6BF656A15692}.Release|Any CPU.ActiveCfg = Release|Any CPU
		{77463680-C24D-4954-89D8-6BF656A15692}.Release|Any CPU.Build.0 = Release|Any CPU
		{77463680-C24D-4954-89D8-6BF656A15692}.Release|x64.ActiveCfg = Release|x64
		{77463680-C24D-4954-89D8-6BF656A15692}.Release|x64.Build.0 = Release|x64
		{77463680-C24D-4954-89D8-6BF656A15692}.Release|x86.ActiveCfg = Release|Any CPU
		{77463680-C24D-4954-89D8-6BF656A15692}.Release|x86.Build.0 = Release|Any CPU
		{73DADC84-95C7-4509-BF91-269779E263F3}.Debug|Any CPU.ActiveCfg = Debug|Any CPU
		{73DADC84-95C7-4509-BF91-269779E263F3}.Debug|Any CPU.Build.0 = Debug|Any CPU
		{73DADC84-95C7-4509-BF91-269779E263F3}.Debug|x64.ActiveCfg = Debug|x64
		{73DADC84-95C7-4509-BF91-269779E263F3}.Debug|x64.Build.0 = Debug|x64
		{73DADC84-95C7-4509-BF91-269779E263F3}.Debug|x86.ActiveCfg = Debug|Any CPU
		{73DADC84-95C7-4509-BF91-269779E263F3}.Debug|x86.Build.0 = Debug|Any CPU
		{73DADC84-95C7-4509-BF91-269779E263F3}.Release|Any CPU.ActiveCfg = Release|Any CPU
		{73DADC84-95C7-4509-BF91-269779E263F3}.Release|Any CPU.Build.0 = Release|Any CPU
		{73DADC84-95C7-4509-BF91-269779E263F3}.Release|x64.ActiveCfg = Release|x64
		{73DADC84-95C7-4509-BF91-269779E263F3}.Release|x64.Build.0 = Release|x64
		{73DADC84-95C7-4509-BF91-269779E263F3}.Release|x86.ActiveCfg = Release|Any CPU
		{73DADC84-95C7-4509-BF91-269779E263F3}.Release|x86.Build.0 = Release|Any CPU
		{53E11BEF-C452-44A7-8584-0C5E1267FF1D}.Debug|Any CPU.ActiveCfg = Debug|Any CPU
		{53E11BEF-C452-44A7-8584-0C5E1267FF1D}.Debug|Any CPU.Build.0 = Debug|Any CPU
		{53E11BEF-C452-44A7-8584-0C5E1267FF1D}.Debug|x64.ActiveCfg = Debug|x64
		{53E11BEF-C452-44A7-8584-0C5E1267FF1D}.Debug|x64.Build.0 = Debug|x64
		{53E11BEF-C452-44A7-8584-0C5E1267FF1D}.Debug|x86.ActiveCfg = Debug|Any CPU
		{53E11BEF-C452-44A7-8584-0C5E1267FF1D}.Debug|x86.Build.0 = Debug|Any CPU
		{53E11BEF-C452-44A7-8584-0C5E1267FF1D}.Release|Any CPU.ActiveCfg = Release|Any CPU
		{53E11BEF-C452-44A7-8584-0C5E1267FF1D}.Release|Any CPU.Build.0 = Release|Any CPU
		{53E11BEF-C452-44A7-8584-0C5E1267FF1D}.Release|x64.ActiveCfg = Release|x64
		{53E11BEF-C452-44A7-8584-0C5E1267FF1D}.Release|x64.Build.0 = Release|x64
		{53E11BEF-C452-44A7-8584-0C5E1267FF1D}.Release|x86.ActiveCfg = Release|Any CPU
		{53E11BEF-C452-44A7-8584-0C5E1267FF1D}.Release|x86.Build.0 = Release|Any CPU
		{6CF48925-EBBD-4865-B336-D33F7C65B392}.Debug|Any CPU.ActiveCfg = Debug|Any CPU
		{6CF48925-EBBD-4865-B336-D33F7C65B392}.Debug|Any CPU.Build.0 = Debug|Any CPU
		{6CF48925-EBBD-4865-B336-D33F7C65B392}.Debug|x64.ActiveCfg = Debug|x64
		{6CF48925-EBBD-4865-B336-D33F7C65B392}.Debug|x64.Build.0 = Debug|x64
		{6CF48925-EBBD-4865-B336-D33F7C65B392}.Debug|x86.ActiveCfg = Debug|Any CPU
		{6CF48925-EBBD-4865-B336-D33F7C65B392}.Debug|x86.Build.0 = Debug|Any CPU
		{6CF48925-EBBD-4865-B336-D33F7C65B392}.Release|Any CPU.ActiveCfg = Release|Any CPU
		{6CF48925-EBBD-4865-B336-D33F7C65B392}.Release|Any CPU.Build.0 = Release|Any CPU
		{6CF48925-EBBD-4865-B336-D33F7C65B392}.Release|x64.ActiveCfg = Release|x64
		{6CF48925-EBBD-4865-B336-D33F7C65B392}.Release|x64.Build.0 = Release|x64
		{6CF48925-EBBD-4865-B336-D33F7C65B392}.Release|x86.ActiveCfg = Release|Any CPU
		{6CF48925-EBBD-4865-B336-D33F7C65B392}.Release|x86.Build.0 = Release|Any CPU
		{10834B4B-4112-44DB-A843-DB435627E082}.Debug|Any CPU.ActiveCfg = Debug|Any CPU
		{10834B4B-4112-44DB-A843-DB435627E082}.Debug|Any CPU.Build.0 = Debug|Any CPU
		{10834B4B-4112-44DB-A843-DB435627E082}.Debug|x64.ActiveCfg = Debug|x64
		{10834B4B-4112-44DB-A843-DB435627E082}.Debug|x64.Build.0 = Debug|x64
		{10834B4B-4112-44DB-A843-DB435627E082}.Debug|x86.ActiveCfg = Debug|Any CPU
		{10834B4B-4112-44DB-A843-DB435627E082}.Debug|x86.Build.0 = Debug|Any CPU
		{10834B4B-4112-44DB-A843-DB435627E082}.Release|Any CPU.ActiveCfg = Release|Any CPU
		{10834B4B-4112-44DB-A843-DB435627E082}.Release|Any CPU.Build.0 = Release|Any CPU
		{10834B4B-4112-44DB-A843-DB435627E082}.Release|x64.ActiveCfg = Release|x64
		{10834B4B-4112-44DB-A843-DB435627E082}.Release|x64.Build.0 = Release|x64
		{10834B4B-4112-44DB-A843-DB435627E082}.Release|x86.ActiveCfg = Release|Any CPU
		{10834B4B-4112-44DB-A843-DB435627E082}.Release|x86.Build.0 = Release|Any CPU
		{18C06A70-81F6-435A-ADE5-05AD10AF50AC}.Debug|Any CPU.ActiveCfg = Debug|Any CPU
		{18C06A70-81F6-435A-ADE5-05AD10AF50AC}.Debug|Any CPU.Build.0 = Debug|Any CPU
		{18C06A70-81F6-435A-ADE5-05AD10AF50AC}.Debug|x64.ActiveCfg = Debug|x64
		{18C06A70-81F6-435A-ADE5-05AD10AF50AC}.Debug|x64.Build.0 = Debug|x64
		{18C06A70-81F6-435A-ADE5-05AD10AF50AC}.Debug|x86.ActiveCfg = Debug|Any CPU
		{18C06A70-81F6-435A-ADE5-05AD10AF50AC}.Debug|x86.Build.0 = Debug|Any CPU
		{18C06A70-81F6-435A-ADE5-05AD10AF50AC}.Release|Any CPU.ActiveCfg = Release|Any CPU
		{18C06A70-81F6-435A-ADE5-05AD10AF50AC}.Release|Any CPU.Build.0 = Release|Any CPU
		{18C06A70-81F6-435A-ADE5-05AD10AF50AC}.Release|x64.ActiveCfg = Release|x64
		{18C06A70-81F6-435A-ADE5-05AD10AF50AC}.Release|x64.Build.0 = Release|x64
		{18C06A70-81F6-435A-ADE5-05AD10AF50AC}.Release|x86.ActiveCfg = Release|Any CPU
		{18C06A70-81F6-435A-ADE5-05AD10AF50AC}.Release|x86.Build.0 = Release|Any CPU
		{8283E654-103F-466A-9861-6FC6605ABEC1}.Debug|Any CPU.ActiveCfg = Debug|Any CPU
		{8283E654-103F-466A-9861-6FC6605ABEC1}.Debug|Any CPU.Build.0 = Debug|Any CPU
		{8283E654-103F-466A-9861-6FC6605ABEC1}.Debug|x64.ActiveCfg = Debug|x64
		{8283E654-103F-466A-9861-6FC6605ABEC1}.Debug|x64.Build.0 = Debug|x64
		{8283E654-103F-466A-9861-6FC6605ABEC1}.Debug|x86.ActiveCfg = Debug|Any CPU
		{8283E654-103F-466A-9861-6FC6605ABEC1}.Debug|x86.Build.0 = Debug|Any CPU
		{8283E654-103F-466A-9861-6FC6605ABEC1}.Release|Any CPU.ActiveCfg = Release|Any CPU
		{8283E654-103F-466A-9861-6FC6605ABEC1}.Release|Any CPU.Build.0 = Release|Any CPU
		{8283E654-103F-466A-9861-6FC6605ABEC1}.Release|x64.ActiveCfg = Release|x64
		{8283E654-103F-466A-9861-6FC6605ABEC1}.Release|x64.Build.0 = Release|x64
		{8283E654-103F-466A-9861-6FC6605ABEC1}.Release|x86.ActiveCfg = Release|Any CPU
		{8283E654-103F-466A-9861-6FC6605ABEC1}.Release|x86.Build.0 = Release|Any CPU
		{D93CDAFB-E83E-405E-839B-415A5C24E94A}.Debug|Any CPU.ActiveCfg = Debug|Any CPU
		{D93CDAFB-E83E-405E-839B-415A5C24E94A}.Debug|Any CPU.Build.0 = Debug|Any CPU
		{D93CDAFB-E83E-405E-839B-415A5C24E94A}.Debug|x64.ActiveCfg = Debug|x64
		{D93CDAFB-E83E-405E-839B-415A5C24E94A}.Debug|x64.Build.0 = Debug|x64
		{D93CDAFB-E83E-405E-839B-415A5C24E94A}.Debug|x86.ActiveCfg = Debug|Any CPU
		{D93CDAFB-E83E-405E-839B-415A5C24E94A}.Debug|x86.Build.0 = Debug|Any CPU
		{D93CDAFB-E83E-405E-839B-415A5C24E94A}.Release|Any CPU.ActiveCfg = Release|Any CPU
		{D93CDAFB-E83E-405E-839B-415A5C24E94A}.Release|Any CPU.Build.0 = Release|Any CPU
		{D93CDAFB-E83E-405E-839B-415A5C24E94A}.Release|x64.ActiveCfg = Release|x64
		{D93CDAFB-E83E-405E-839B-415A5C24E94A}.Release|x64.Build.0 = Release|x64
		{D93CDAFB-E83E-405E-839B-415A5C24E94A}.Release|x86.ActiveCfg = Release|Any CPU
		{D93CDAFB-E83E-405E-839B-415A5C24E94A}.Release|x86.Build.0 = Release|Any CPU
		{44335A94-76F0-4DAD-A09E-7C8B49EBE3AE}.Debug|Any CPU.ActiveCfg = Debug|Any CPU
		{44335A94-76F0-4DAD-A09E-7C8B49EBE3AE}.Debug|Any CPU.Build.0 = Debug|Any CPU
		{44335A94-76F0-4DAD-A09E-7C8B49EBE3AE}.Debug|x64.ActiveCfg = Debug|x64
		{44335A94-76F0-4DAD-A09E-7C8B49EBE3AE}.Debug|x64.Build.0 = Debug|x64
		{44335A94-76F0-4DAD-A09E-7C8B49EBE3AE}.Debug|x86.ActiveCfg = Debug|Any CPU
		{44335A94-76F0-4DAD-A09E-7C8B49EBE3AE}.Debug|x86.Build.0 = Debug|Any CPU
		{44335A94-76F0-4DAD-A09E-7C8B49EBE3AE}.Release|Any CPU.ActiveCfg = Release|Any CPU
		{44335A94-76F0-4DAD-A09E-7C8B49EBE3AE}.Release|Any CPU.Build.0 = Release|Any CPU
		{44335A94-76F0-4DAD-A09E-7C8B49EBE3AE}.Release|x64.ActiveCfg = Release|x64
		{44335A94-76F0-4DAD-A09E-7C8B49EBE3AE}.Release|x64.Build.0 = Release|x64
		{44335A94-76F0-4DAD-A09E-7C8B49EBE3AE}.Release|x86.ActiveCfg = Release|Any CPU
		{44335A94-76F0-4DAD-A09E-7C8B49EBE3AE}.Release|x86.Build.0 = Release|Any CPU
		{244AAF5D-F430-4977-98D0-2223E8016457}.Debug|Any CPU.ActiveCfg = Debug|Any CPU
		{244AAF5D-F430-4977-98D0-2223E8016457}.Debug|Any CPU.Build.0 = Debug|Any CPU
		{244AAF5D-F430-4977-98D0-2223E8016457}.Debug|x64.ActiveCfg = Debug|x64
		{244AAF5D-F430-4977-98D0-2223E8016457}.Debug|x64.Build.0 = Debug|x64
		{244AAF5D-F430-4977-98D0-2223E8016457}.Debug|x86.ActiveCfg = Debug|Any CPU
		{244AAF5D-F430-4977-98D0-2223E8016457}.Debug|x86.Build.0 = Debug|Any CPU
		{244AAF5D-F430-4977-98D0-2223E8016457}.Release|Any CPU.ActiveCfg = Release|Any CPU
		{244AAF5D-F430-4977-98D0-2223E8016457}.Release|Any CPU.Build.0 = Release|Any CPU
		{244AAF5D-F430-4977-98D0-2223E8016457}.Release|x64.ActiveCfg = Release|x64
		{244AAF5D-F430-4977-98D0-2223E8016457}.Release|x64.Build.0 = Release|x64
		{244AAF5D-F430-4977-98D0-2223E8016457}.Release|x86.ActiveCfg = Release|Any CPU
		{244AAF5D-F430-4977-98D0-2223E8016457}.Release|x86.Build.0 = Release|Any CPU
		{BDEC748F-A005-46B7-9DA3-0486ECDC743F}.Debug|Any CPU.ActiveCfg = Debug|Any CPU
		{BDEC748F-A005-46B7-9DA3-0486ECDC743F}.Debug|Any CPU.Build.0 = Debug|Any CPU
		{BDEC748F-A005-46B7-9DA3-0486ECDC743F}.Debug|x64.ActiveCfg = Debug|x64
		{BDEC748F-A005-46B7-9DA3-0486ECDC743F}.Debug|x64.Build.0 = Debug|x64
		{BDEC748F-A005-46B7-9DA3-0486ECDC743F}.Debug|x86.ActiveCfg = Debug|Any CPU
		{BDEC748F-A005-46B7-9DA3-0486ECDC743F}.Debug|x86.Build.0 = Debug|Any CPU
		{BDEC748F-A005-46B7-9DA3-0486ECDC743F}.Release|Any CPU.ActiveCfg = Release|Any CPU
		{BDEC748F-A005-46B7-9DA3-0486ECDC743F}.Release|Any CPU.Build.0 = Release|Any CPU
		{BDEC748F-A005-46B7-9DA3-0486ECDC743F}.Release|x64.ActiveCfg = Release|x64
		{BDEC748F-A005-46B7-9DA3-0486ECDC743F}.Release|x64.Build.0 = Release|x64
		{BDEC748F-A005-46B7-9DA3-0486ECDC743F}.Release|x86.ActiveCfg = Release|Any CPU
		{BDEC748F-A005-46B7-9DA3-0486ECDC743F}.Release|x86.Build.0 = Release|Any CPU
		{E1FFB2F5-FA32-4DD4-87C2-B65CC0927835}.Debug|Any CPU.ActiveCfg = Debug|Any CPU
		{E1FFB2F5-FA32-4DD4-87C2-B65CC0927835}.Debug|Any CPU.Build.0 = Debug|Any CPU
		{E1FFB2F5-FA32-4DD4-87C2-B65CC0927835}.Debug|x64.ActiveCfg = Debug|x64
		{E1FFB2F5-FA32-4DD4-87C2-B65CC0927835}.Debug|x64.Build.0 = Debug|x64
		{E1FFB2F5-FA32-4DD4-87C2-B65CC0927835}.Debug|x86.ActiveCfg = Debug|Any CPU
		{E1FFB2F5-FA32-4DD4-87C2-B65CC0927835}.Debug|x86.Build.0 = Debug|Any CPU
		{E1FFB2F5-FA32-4DD4-87C2-B65CC0927835}.Release|Any CPU.ActiveCfg = Release|Any CPU
		{E1FFB2F5-FA32-4DD4-87C2-B65CC0927835}.Release|Any CPU.Build.0 = Release|Any CPU
		{E1FFB2F5-FA32-4DD4-87C2-B65CC0927835}.Release|x64.ActiveCfg = Release|x64
		{E1FFB2F5-FA32-4DD4-87C2-B65CC0927835}.Release|x64.Build.0 = Release|x64
		{E1FFB2F5-FA32-4DD4-87C2-B65CC0927835}.Release|x86.ActiveCfg = Release|Any CPU
		{E1FFB2F5-FA32-4DD4-87C2-B65CC0927835}.Release|x86.Build.0 = Release|Any CPU
		{8B43A1DD-BD0F-4E0F-B1EF-D0356518F725}.Debug|Any CPU.ActiveCfg = Debug|Any CPU
		{8B43A1DD-BD0F-4E0F-B1EF-D0356518F725}.Debug|Any CPU.Build.0 = Debug|Any CPU
		{8B43A1DD-BD0F-4E0F-B1EF-D0356518F725}.Debug|x64.ActiveCfg = Debug|x64
		{8B43A1DD-BD0F-4E0F-B1EF-D0356518F725}.Debug|x64.Build.0 = Debug|x64
		{8B43A1DD-BD0F-4E0F-B1EF-D0356518F725}.Debug|x86.ActiveCfg = Debug|Any CPU
		{8B43A1DD-BD0F-4E0F-B1EF-D0356518F725}.Debug|x86.Build.0 = Debug|Any CPU
		{8B43A1DD-BD0F-4E0F-B1EF-D0356518F725}.Release|Any CPU.ActiveCfg = Release|Any CPU
		{8B43A1DD-BD0F-4E0F-B1EF-D0356518F725}.Release|Any CPU.Build.0 = Release|Any CPU
		{8B43A1DD-BD0F-4E0F-B1EF-D0356518F725}.Release|x64.ActiveCfg = Release|x64
		{8B43A1DD-BD0F-4E0F-B1EF-D0356518F725}.Release|x64.Build.0 = Release|x64
		{8B43A1DD-BD0F-4E0F-B1EF-D0356518F725}.Release|x86.ActiveCfg = Release|Any CPU
		{8B43A1DD-BD0F-4E0F-B1EF-D0356518F725}.Release|x86.Build.0 = Release|Any CPU
		{5C1D64F0-044B-4A42-92C6-ABD7706EB091}.Debug|Any CPU.ActiveCfg = Debug|Any CPU
		{5C1D64F0-044B-4A42-92C6-ABD7706EB091}.Debug|Any CPU.Build.0 = Debug|Any CPU
		{5C1D64F0-044B-4A42-92C6-ABD7706EB091}.Debug|x64.ActiveCfg = Debug|x64
		{5C1D64F0-044B-4A42-92C6-ABD7706EB091}.Debug|x64.Build.0 = Debug|x64
		{5C1D64F0-044B-4A42-92C6-ABD7706EB091}.Debug|x86.ActiveCfg = Debug|Any CPU
		{5C1D64F0-044B-4A42-92C6-ABD7706EB091}.Debug|x86.Build.0 = Debug|Any CPU
		{5C1D64F0-044B-4A42-92C6-ABD7706EB091}.Release|Any CPU.ActiveCfg = Release|Any CPU
		{5C1D64F0-044B-4A42-92C6-ABD7706EB091}.Release|Any CPU.Build.0 = Release|Any CPU
		{5C1D64F0-044B-4A42-92C6-ABD7706EB091}.Release|x64.ActiveCfg = Release|x64
		{5C1D64F0-044B-4A42-92C6-ABD7706EB091}.Release|x64.Build.0 = Release|x64
		{5C1D64F0-044B-4A42-92C6-ABD7706EB091}.Release|x86.ActiveCfg = Release|Any CPU
		{5C1D64F0-044B-4A42-92C6-ABD7706EB091}.Release|x86.Build.0 = Release|Any CPU
		{9BF37ACB-E1FE-4E4F-AC8F-48A34A929759}.Debug|Any CPU.ActiveCfg = Debug|Any CPU
		{9BF37ACB-E1FE-4E4F-AC8F-48A34A929759}.Debug|Any CPU.Build.0 = Debug|Any CPU
		{9BF37ACB-E1FE-4E4F-AC8F-48A34A929759}.Debug|x64.ActiveCfg = Debug|x64
		{9BF37ACB-E1FE-4E4F-AC8F-48A34A929759}.Debug|x64.Build.0 = Debug|x64
		{9BF37ACB-E1FE-4E4F-AC8F-48A34A929759}.Debug|x86.ActiveCfg = Debug|Any CPU
		{9BF37ACB-E1FE-4E4F-AC8F-48A34A929759}.Debug|x86.Build.0 = Debug|Any CPU
		{9BF37ACB-E1FE-4E4F-AC8F-48A34A929759}.Release|Any CPU.ActiveCfg = Release|Any CPU
		{9BF37ACB-E1FE-4E4F-AC8F-48A34A929759}.Release|Any CPU.Build.0 = Release|Any CPU
		{9BF37ACB-E1FE-4E4F-AC8F-48A34A929759}.Release|x64.ActiveCfg = Release|x64
		{9BF37ACB-E1FE-4E4F-AC8F-48A34A929759}.Release|x64.Build.0 = Release|x64
		{9BF37ACB-E1FE-4E4F-AC8F-48A34A929759}.Release|x86.ActiveCfg = Release|Any CPU
		{9BF37ACB-E1FE-4E4F-AC8F-48A34A929759}.Release|x86.Build.0 = Release|Any CPU
		{20ABCCFA-3691-40B1-9353-8CCA746E7AD9}.Debug|Any CPU.ActiveCfg = Debug|Any CPU
		{20ABCCFA-3691-40B1-9353-8CCA746E7AD9}.Debug|Any CPU.Build.0 = Debug|Any CPU
		{20ABCCFA-3691-40B1-9353-8CCA746E7AD9}.Debug|x64.ActiveCfg = Debug|x64
		{20ABCCFA-3691-40B1-9353-8CCA746E7AD9}.Debug|x64.Build.0 = Debug|x64
		{20ABCCFA-3691-40B1-9353-8CCA746E7AD9}.Debug|x86.ActiveCfg = Debug|Any CPU
		{20ABCCFA-3691-40B1-9353-8CCA746E7AD9}.Debug|x86.Build.0 = Debug|Any CPU
		{20ABCCFA-3691-40B1-9353-8CCA746E7AD9}.Release|Any CPU.ActiveCfg = Release|Any CPU
		{20ABCCFA-3691-40B1-9353-8CCA746E7AD9}.Release|Any CPU.Build.0 = Release|Any CPU
		{20ABCCFA-3691-40B1-9353-8CCA746E7AD9}.Release|x64.ActiveCfg = Release|x64
		{20ABCCFA-3691-40B1-9353-8CCA746E7AD9}.Release|x64.Build.0 = Release|x64
		{20ABCCFA-3691-40B1-9353-8CCA746E7AD9}.Release|x86.ActiveCfg = Release|Any CPU
		{20ABCCFA-3691-40B1-9353-8CCA746E7AD9}.Release|x86.Build.0 = Release|Any CPU
		{9B6D2BCF-FC36-4342-A85C-ADF974B9072B}.Debug|Any CPU.ActiveCfg = Debug|Any CPU
		{9B6D2BCF-FC36-4342-A85C-ADF974B9072B}.Debug|Any CPU.Build.0 = Debug|Any CPU
		{9B6D2BCF-FC36-4342-A85C-ADF974B9072B}.Debug|x64.ActiveCfg = Debug|x64
		{9B6D2BCF-FC36-4342-A85C-ADF974B9072B}.Debug|x64.Build.0 = Debug|x64
		{9B6D2BCF-FC36-4342-A85C-ADF974B9072B}.Debug|x86.ActiveCfg = Debug|Any CPU
		{9B6D2BCF-FC36-4342-A85C-ADF974B9072B}.Debug|x86.Build.0 = Debug|Any CPU
		{9B6D2BCF-FC36-4342-A85C-ADF974B9072B}.Release|Any CPU.ActiveCfg = Release|Any CPU
		{9B6D2BCF-FC36-4342-A85C-ADF974B9072B}.Release|Any CPU.Build.0 = Release|Any CPU
		{9B6D2BCF-FC36-4342-A85C-ADF974B9072B}.Release|x64.ActiveCfg = Release|x64
		{9B6D2BCF-FC36-4342-A85C-ADF974B9072B}.Release|x64.Build.0 = Release|x64
		{9B6D2BCF-FC36-4342-A85C-ADF974B9072B}.Release|x86.ActiveCfg = Release|Any CPU
		{9B6D2BCF-FC36-4342-A85C-ADF974B9072B}.Release|x86.Build.0 = Release|Any CPU
		{B14DA85C-2993-4332-AFB0-29C70D8D9DB5}.Debug|Any CPU.ActiveCfg = Debug|Any CPU
		{B14DA85C-2993-4332-AFB0-29C70D8D9DB5}.Debug|Any CPU.Build.0 = Debug|Any CPU
		{B14DA85C-2993-4332-AFB0-29C70D8D9DB5}.Debug|x64.ActiveCfg = Debug|x64
		{B14DA85C-2993-4332-AFB0-29C70D8D9DB5}.Debug|x64.Build.0 = Debug|x64
		{B14DA85C-2993-4332-AFB0-29C70D8D9DB5}.Debug|x86.ActiveCfg = Debug|Any CPU
		{B14DA85C-2993-4332-AFB0-29C70D8D9DB5}.Debug|x86.Build.0 = Debug|Any CPU
		{B14DA85C-2993-4332-AFB0-29C70D8D9DB5}.Release|Any CPU.ActiveCfg = Release|Any CPU
		{B14DA85C-2993-4332-AFB0-29C70D8D9DB5}.Release|Any CPU.Build.0 = Release|Any CPU
		{B14DA85C-2993-4332-AFB0-29C70D8D9DB5}.Release|x64.ActiveCfg = Release|x64
		{B14DA85C-2993-4332-AFB0-29C70D8D9DB5}.Release|x64.Build.0 = Release|x64
		{B14DA85C-2993-4332-AFB0-29C70D8D9DB5}.Release|x86.ActiveCfg = Release|Any CPU
		{B14DA85C-2993-4332-AFB0-29C70D8D9DB5}.Release|x86.Build.0 = Release|Any CPU
		{90DE2845-A93F-4BB6-AF8F-5A6DB5719193}.Debug|Any CPU.ActiveCfg = Debug|Any CPU
		{90DE2845-A93F-4BB6-AF8F-5A6DB5719193}.Debug|Any CPU.Build.0 = Debug|Any CPU
		{90DE2845-A93F-4BB6-AF8F-5A6DB5719193}.Debug|x64.ActiveCfg = Debug|x64
		{90DE2845-A93F-4BB6-AF8F-5A6DB5719193}.Debug|x64.Build.0 = Debug|x64
		{90DE2845-A93F-4BB6-AF8F-5A6DB5719193}.Debug|x86.ActiveCfg = Debug|Any CPU
		{90DE2845-A93F-4BB6-AF8F-5A6DB5719193}.Debug|x86.Build.0 = Debug|Any CPU
		{90DE2845-A93F-4BB6-AF8F-5A6DB5719193}.Release|Any CPU.ActiveCfg = Release|Any CPU
		{90DE2845-A93F-4BB6-AF8F-5A6DB5719193}.Release|Any CPU.Build.0 = Release|Any CPU
		{90DE2845-A93F-4BB6-AF8F-5A6DB5719193}.Release|x64.ActiveCfg = Release|x64
		{90DE2845-A93F-4BB6-AF8F-5A6DB5719193}.Release|x64.Build.0 = Release|x64
		{90DE2845-A93F-4BB6-AF8F-5A6DB5719193}.Release|x86.ActiveCfg = Release|Any CPU
		{90DE2845-A93F-4BB6-AF8F-5A6DB5719193}.Release|x86.Build.0 = Release|Any CPU
		{15552F62-33ED-46AD-8EF9-73DBDF5DD3E7}.Debug|Any CPU.ActiveCfg = Debug|Any CPU
		{15552F62-33ED-46AD-8EF9-73DBDF5DD3E7}.Debug|Any CPU.Build.0 = Debug|Any CPU
		{15552F62-33ED-46AD-8EF9-73DBDF5DD3E7}.Debug|x64.ActiveCfg = Debug|x64
		{15552F62-33ED-46AD-8EF9-73DBDF5DD3E7}.Debug|x64.Build.0 = Debug|x64
		{15552F62-33ED-46AD-8EF9-73DBDF5DD3E7}.Debug|x86.ActiveCfg = Debug|Any CPU
		{15552F62-33ED-46AD-8EF9-73DBDF5DD3E7}.Debug|x86.Build.0 = Debug|Any CPU
		{15552F62-33ED-46AD-8EF9-73DBDF5DD3E7}.Release|Any CPU.ActiveCfg = Release|Any CPU
		{15552F62-33ED-46AD-8EF9-73DBDF5DD3E7}.Release|Any CPU.Build.0 = Release|Any CPU
		{15552F62-33ED-46AD-8EF9-73DBDF5DD3E7}.Release|x64.ActiveCfg = Release|x64
		{15552F62-33ED-46AD-8EF9-73DBDF5DD3E7}.Release|x64.Build.0 = Release|x64
		{15552F62-33ED-46AD-8EF9-73DBDF5DD3E7}.Release|x86.ActiveCfg = Release|Any CPU
		{15552F62-33ED-46AD-8EF9-73DBDF5DD3E7}.Release|x86.Build.0 = Release|Any CPU
		{D82DB6CE-3B11-42AC-ABF8-78C4AFA80455}.Debug|Any CPU.ActiveCfg = Debug|Any CPU
		{D82DB6CE-3B11-42AC-ABF8-78C4AFA80455}.Debug|Any CPU.Build.0 = Debug|Any CPU
		{D82DB6CE-3B11-42AC-ABF8-78C4AFA80455}.Debug|x64.ActiveCfg = Debug|x64
		{D82DB6CE-3B11-42AC-ABF8-78C4AFA80455}.Debug|x64.Build.0 = Debug|x64
		{D82DB6CE-3B11-42AC-ABF8-78C4AFA80455}.Debug|x86.ActiveCfg = Debug|Any CPU
		{D82DB6CE-3B11-42AC-ABF8-78C4AFA80455}.Debug|x86.Build.0 = Debug|Any CPU
		{D82DB6CE-3B11-42AC-ABF8-78C4AFA80455}.Release|Any CPU.ActiveCfg = Release|Any CPU
		{D82DB6CE-3B11-42AC-ABF8-78C4AFA80455}.Release|Any CPU.Build.0 = Release|Any CPU
		{D82DB6CE-3B11-42AC-ABF8-78C4AFA80455}.Release|x64.ActiveCfg = Release|x64
		{D82DB6CE-3B11-42AC-ABF8-78C4AFA80455}.Release|x64.Build.0 = Release|x64
		{D82DB6CE-3B11-42AC-ABF8-78C4AFA80455}.Release|x86.ActiveCfg = Release|Any CPU
		{D82DB6CE-3B11-42AC-ABF8-78C4AFA80455}.Release|x86.Build.0 = Release|Any CPU
		{FAEA4710-2C03-4418-A5C3-D1E0BAF34ABB}.Debug|Any CPU.ActiveCfg = Debug|Any CPU
		{FAEA4710-2C03-4418-A5C3-D1E0BAF34ABB}.Debug|Any CPU.Build.0 = Debug|Any CPU
		{FAEA4710-2C03-4418-A5C3-D1E0BAF34ABB}.Debug|x64.ActiveCfg = Debug|x64
		{FAEA4710-2C03-4418-A5C3-D1E0BAF34ABB}.Debug|x64.Build.0 = Debug|x64
		{FAEA4710-2C03-4418-A5C3-D1E0BAF34ABB}.Debug|x86.ActiveCfg = Debug|Any CPU
		{FAEA4710-2C03-4418-A5C3-D1E0BAF34ABB}.Debug|x86.Build.0 = Debug|Any CPU
		{FAEA4710-2C03-4418-A5C3-D1E0BAF34ABB}.Release|Any CPU.ActiveCfg = Release|Any CPU
		{FAEA4710-2C03-4418-A5C3-D1E0BAF34ABB}.Release|Any CPU.Build.0 = Release|Any CPU
		{FAEA4710-2C03-4418-A5C3-D1E0BAF34ABB}.Release|x64.ActiveCfg = Release|x64
		{FAEA4710-2C03-4418-A5C3-D1E0BAF34ABB}.Release|x64.Build.0 = Release|x64
		{FAEA4710-2C03-4418-A5C3-D1E0BAF34ABB}.Release|x86.ActiveCfg = Release|Any CPU
		{FAEA4710-2C03-4418-A5C3-D1E0BAF34ABB}.Release|x86.Build.0 = Release|Any CPU
		{9985280B-FEEB-47FF-BD76-5B519D8DDF61}.Debug|Any CPU.ActiveCfg = Debug|Any CPU
		{9985280B-FEEB-47FF-BD76-5B519D8DDF61}.Debug|Any CPU.Build.0 = Debug|Any CPU
		{9985280B-FEEB-47FF-BD76-5B519D8DDF61}.Debug|x64.ActiveCfg = Debug|x64
		{9985280B-FEEB-47FF-BD76-5B519D8DDF61}.Debug|x64.Build.0 = Debug|x64
		{9985280B-FEEB-47FF-BD76-5B519D8DDF61}.Debug|x86.ActiveCfg = Debug|Any CPU
		{9985280B-FEEB-47FF-BD76-5B519D8DDF61}.Debug|x86.Build.0 = Debug|Any CPU
		{9985280B-FEEB-47FF-BD76-5B519D8DDF61}.Release|Any CPU.ActiveCfg = Release|Any CPU
		{9985280B-FEEB-47FF-BD76-5B519D8DDF61}.Release|Any CPU.Build.0 = Release|Any CPU
		{9985280B-FEEB-47FF-BD76-5B519D8DDF61}.Release|x64.ActiveCfg = Release|x64
		{9985280B-FEEB-47FF-BD76-5B519D8DDF61}.Release|x64.Build.0 = Release|x64
		{9985280B-FEEB-47FF-BD76-5B519D8DDF61}.Release|x86.ActiveCfg = Release|Any CPU
		{9985280B-FEEB-47FF-BD76-5B519D8DDF61}.Release|x86.Build.0 = Release|Any CPU
		{88AC84F5-7D15-45A6-99BB-4B64FB87042F}.Debug|Any CPU.ActiveCfg = Debug|Any CPU
		{88AC84F5-7D15-45A6-99BB-4B64FB87042F}.Debug|Any CPU.Build.0 = Debug|Any CPU
		{88AC84F5-7D15-45A6-99BB-4B64FB87042F}.Debug|x64.ActiveCfg = Debug|x64
		{88AC84F5-7D15-45A6-99BB-4B64FB87042F}.Debug|x64.Build.0 = Debug|x64
		{88AC84F5-7D15-45A6-99BB-4B64FB87042F}.Debug|x86.ActiveCfg = Debug|Any CPU
		{88AC84F5-7D15-45A6-99BB-4B64FB87042F}.Debug|x86.Build.0 = Debug|Any CPU
		{88AC84F5-7D15-45A6-99BB-4B64FB87042F}.Release|Any CPU.ActiveCfg = Release|Any CPU
		{88AC84F5-7D15-45A6-99BB-4B64FB87042F}.Release|Any CPU.Build.0 = Release|Any CPU
		{88AC84F5-7D15-45A6-99BB-4B64FB87042F}.Release|x64.ActiveCfg = Release|x64
		{88AC84F5-7D15-45A6-99BB-4B64FB87042F}.Release|x64.Build.0 = Release|x64
		{88AC84F5-7D15-45A6-99BB-4B64FB87042F}.Release|x86.ActiveCfg = Release|Any CPU
		{88AC84F5-7D15-45A6-99BB-4B64FB87042F}.Release|x86.Build.0 = Release|Any CPU
		{A47ADFD8-8D4F-4F5B-BEA9-70B7D144F279}.Debug|Any CPU.ActiveCfg = Debug|Any CPU
		{A47ADFD8-8D4F-4F5B-BEA9-70B7D144F279}.Debug|Any CPU.Build.0 = Debug|Any CPU
		{A47ADFD8-8D4F-4F5B-BEA9-70B7D144F279}.Debug|x64.ActiveCfg = Debug|x64
		{A47ADFD8-8D4F-4F5B-BEA9-70B7D144F279}.Debug|x64.Build.0 = Debug|x64
		{A47ADFD8-8D4F-4F5B-BEA9-70B7D144F279}.Debug|x86.ActiveCfg = Debug|Any CPU
		{A47ADFD8-8D4F-4F5B-BEA9-70B7D144F279}.Debug|x86.Build.0 = Debug|Any CPU
		{A47ADFD8-8D4F-4F5B-BEA9-70B7D144F279}.Release|Any CPU.ActiveCfg = Release|Any CPU
		{A47ADFD8-8D4F-4F5B-BEA9-70B7D144F279}.Release|Any CPU.Build.0 = Release|Any CPU
		{A47ADFD8-8D4F-4F5B-BEA9-70B7D144F279}.Release|x64.ActiveCfg = Release|x64
		{A47ADFD8-8D4F-4F5B-BEA9-70B7D144F279}.Release|x64.Build.0 = Release|x64
		{A47ADFD8-8D4F-4F5B-BEA9-70B7D144F279}.Release|x86.ActiveCfg = Release|Any CPU
		{A47ADFD8-8D4F-4F5B-BEA9-70B7D144F279}.Release|x86.Build.0 = Release|Any CPU
		{8A1FBA80-28D2-43DC-9B66-1FB606CAFAE3}.Debug|Any CPU.ActiveCfg = Debug|Any CPU
		{8A1FBA80-28D2-43DC-9B66-1FB606CAFAE3}.Debug|Any CPU.Build.0 = Debug|Any CPU
		{8A1FBA80-28D2-43DC-9B66-1FB606CAFAE3}.Debug|x64.ActiveCfg = Debug|x64
		{8A1FBA80-28D2-43DC-9B66-1FB606CAFAE3}.Debug|x64.Build.0 = Debug|x64
		{8A1FBA80-28D2-43DC-9B66-1FB606CAFAE3}.Debug|x86.ActiveCfg = Debug|Any CPU
		{8A1FBA80-28D2-43DC-9B66-1FB606CAFAE3}.Debug|x86.Build.0 = Debug|Any CPU
		{8A1FBA80-28D2-43DC-9B66-1FB606CAFAE3}.Release|Any CPU.ActiveCfg = Release|Any CPU
		{8A1FBA80-28D2-43DC-9B66-1FB606CAFAE3}.Release|Any CPU.Build.0 = Release|Any CPU
		{8A1FBA80-28D2-43DC-9B66-1FB606CAFAE3}.Release|x64.ActiveCfg = Release|x64
		{8A1FBA80-28D2-43DC-9B66-1FB606CAFAE3}.Release|x64.Build.0 = Release|x64
		{8A1FBA80-28D2-43DC-9B66-1FB606CAFAE3}.Release|x86.ActiveCfg = Release|Any CPU
		{8A1FBA80-28D2-43DC-9B66-1FB606CAFAE3}.Release|x86.Build.0 = Release|Any CPU
		{41F61403-7569-4811-9D85-8BD1862BA183}.Debug|Any CPU.ActiveCfg = Debug|Any CPU
		{41F61403-7569-4811-9D85-8BD1862BA183}.Debug|Any CPU.Build.0 = Debug|Any CPU
		{41F61403-7569-4811-9D85-8BD1862BA183}.Debug|x64.ActiveCfg = Debug|x64
		{41F61403-7569-4811-9D85-8BD1862BA183}.Debug|x64.Build.0 = Debug|x64
		{41F61403-7569-4811-9D85-8BD1862BA183}.Debug|x86.ActiveCfg = Debug|Any CPU
		{41F61403-7569-4811-9D85-8BD1862BA183}.Debug|x86.Build.0 = Debug|Any CPU
		{41F61403-7569-4811-9D85-8BD1862BA183}.Release|Any CPU.ActiveCfg = Release|Any CPU
		{41F61403-7569-4811-9D85-8BD1862BA183}.Release|Any CPU.Build.0 = Release|Any CPU
		{41F61403-7569-4811-9D85-8BD1862BA183}.Release|x64.ActiveCfg = Release|x64
		{41F61403-7569-4811-9D85-8BD1862BA183}.Release|x64.Build.0 = Release|x64
		{41F61403-7569-4811-9D85-8BD1862BA183}.Release|x86.ActiveCfg = Release|Any CPU
		{41F61403-7569-4811-9D85-8BD1862BA183}.Release|x86.Build.0 = Release|Any CPU
		{19E34D56-5B1D-4A8A-BCFD-0F9E220ECC08}.Debug|Any CPU.ActiveCfg = Debug|Any CPU
		{19E34D56-5B1D-4A8A-BCFD-0F9E220ECC08}.Debug|Any CPU.Build.0 = Debug|Any CPU
		{19E34D56-5B1D-4A8A-BCFD-0F9E220ECC08}.Debug|x64.ActiveCfg = Debug|x64
		{19E34D56-5B1D-4A8A-BCFD-0F9E220ECC08}.Debug|x64.Build.0 = Debug|x64
		{19E34D56-5B1D-4A8A-BCFD-0F9E220ECC08}.Debug|x86.ActiveCfg = Debug|Any CPU
		{19E34D56-5B1D-4A8A-BCFD-0F9E220ECC08}.Debug|x86.Build.0 = Debug|Any CPU
		{19E34D56-5B1D-4A8A-BCFD-0F9E220ECC08}.Release|Any CPU.ActiveCfg = Release|Any CPU
		{19E34D56-5B1D-4A8A-BCFD-0F9E220ECC08}.Release|Any CPU.Build.0 = Release|Any CPU
		{19E34D56-5B1D-4A8A-BCFD-0F9E220ECC08}.Release|x64.ActiveCfg = Release|x64
		{19E34D56-5B1D-4A8A-BCFD-0F9E220ECC08}.Release|x64.Build.0 = Release|x64
		{19E34D56-5B1D-4A8A-BCFD-0F9E220ECC08}.Release|x86.ActiveCfg = Release|Any CPU
		{19E34D56-5B1D-4A8A-BCFD-0F9E220ECC08}.Release|x86.Build.0 = Release|Any CPU
		{7FF96FAC-5530-4CC2-8EA3-708C8835895B}.Debug|Any CPU.ActiveCfg = Debug|Any CPU
		{7FF96FAC-5530-4CC2-8EA3-708C8835895B}.Debug|Any CPU.Build.0 = Debug|Any CPU
		{7FF96FAC-5530-4CC2-8EA3-708C8835895B}.Debug|x64.ActiveCfg = Debug|x64
		{7FF96FAC-5530-4CC2-8EA3-708C8835895B}.Debug|x64.Build.0 = Debug|x64
		{7FF96FAC-5530-4CC2-8EA3-708C8835895B}.Debug|x86.ActiveCfg = Debug|Any CPU
		{7FF96FAC-5530-4CC2-8EA3-708C8835895B}.Debug|x86.Build.0 = Debug|Any CPU
		{7FF96FAC-5530-4CC2-8EA3-708C8835895B}.Release|Any CPU.ActiveCfg = Release|Any CPU
		{7FF96FAC-5530-4CC2-8EA3-708C8835895B}.Release|Any CPU.Build.0 = Release|Any CPU
		{7FF96FAC-5530-4CC2-8EA3-708C8835895B}.Release|x64.ActiveCfg = Release|x64
		{7FF96FAC-5530-4CC2-8EA3-708C8835895B}.Release|x64.Build.0 = Release|x64
		{7FF96FAC-5530-4CC2-8EA3-708C8835895B}.Release|x86.ActiveCfg = Release|Any CPU
		{7FF96FAC-5530-4CC2-8EA3-708C8835895B}.Release|x86.Build.0 = Release|Any CPU
		{B1A01610-4F59-44B2-A831-EEFBDB6B2CC9}.Debug|Any CPU.ActiveCfg = Debug|Any CPU
		{B1A01610-4F59-44B2-A831-EEFBDB6B2CC9}.Debug|Any CPU.Build.0 = Debug|Any CPU
		{B1A01610-4F59-44B2-A831-EEFBDB6B2CC9}.Debug|x64.ActiveCfg = Debug|x64
		{B1A01610-4F59-44B2-A831-EEFBDB6B2CC9}.Debug|x64.Build.0 = Debug|x64
		{B1A01610-4F59-44B2-A831-EEFBDB6B2CC9}.Debug|x86.ActiveCfg = Debug|Any CPU
		{B1A01610-4F59-44B2-A831-EEFBDB6B2CC9}.Debug|x86.Build.0 = Debug|Any CPU
		{B1A01610-4F59-44B2-A831-EEFBDB6B2CC9}.Release|Any CPU.ActiveCfg = Release|Any CPU
		{B1A01610-4F59-44B2-A831-EEFBDB6B2CC9}.Release|Any CPU.Build.0 = Release|Any CPU
		{B1A01610-4F59-44B2-A831-EEFBDB6B2CC9}.Release|x64.ActiveCfg = Release|x64
		{B1A01610-4F59-44B2-A831-EEFBDB6B2CC9}.Release|x64.Build.0 = Release|x64
		{B1A01610-4F59-44B2-A831-EEFBDB6B2CC9}.Release|x86.ActiveCfg = Release|Any CPU
		{B1A01610-4F59-44B2-A831-EEFBDB6B2CC9}.Release|x86.Build.0 = Release|Any CPU
		{0B05527E-7B23-4C3A-BB24-9C4769C48379}.Debug|Any CPU.ActiveCfg = Debug|Any CPU
		{0B05527E-7B23-4C3A-BB24-9C4769C48379}.Debug|Any CPU.Build.0 = Debug|Any CPU
		{0B05527E-7B23-4C3A-BB24-9C4769C48379}.Debug|x64.ActiveCfg = Debug|x64
		{0B05527E-7B23-4C3A-BB24-9C4769C48379}.Debug|x64.Build.0 = Debug|x64
		{0B05527E-7B23-4C3A-BB24-9C4769C48379}.Debug|x86.ActiveCfg = Debug|Any CPU
		{0B05527E-7B23-4C3A-BB24-9C4769C48379}.Debug|x86.Build.0 = Debug|Any CPU
		{0B05527E-7B23-4C3A-BB24-9C4769C48379}.Release|Any CPU.ActiveCfg = Release|Any CPU
		{0B05527E-7B23-4C3A-BB24-9C4769C48379}.Release|Any CPU.Build.0 = Release|Any CPU
		{0B05527E-7B23-4C3A-BB24-9C4769C48379}.Release|x64.ActiveCfg = Release|x64
		{0B05527E-7B23-4C3A-BB24-9C4769C48379}.Release|x64.Build.0 = Release|x64
		{0B05527E-7B23-4C3A-BB24-9C4769C48379}.Release|x86.ActiveCfg = Release|Any CPU
		{0B05527E-7B23-4C3A-BB24-9C4769C48379}.Release|x86.Build.0 = Release|Any CPU
		{2693A03C-2BD9-4DA6-9E4F-D3BC8E87637D}.Debug|Any CPU.ActiveCfg = Debug|Any CPU
		{2693A03C-2BD9-4DA6-9E4F-D3BC8E87637D}.Debug|Any CPU.Build.0 = Debug|Any CPU
		{2693A03C-2BD9-4DA6-9E4F-D3BC8E87637D}.Debug|x64.ActiveCfg = Debug|x64
		{2693A03C-2BD9-4DA6-9E4F-D3BC8E87637D}.Debug|x64.Build.0 = Debug|x64
		{2693A03C-2BD9-4DA6-9E4F-D3BC8E87637D}.Debug|x86.ActiveCfg = Debug|Any CPU
		{2693A03C-2BD9-4DA6-9E4F-D3BC8E87637D}.Debug|x86.Build.0 = Debug|Any CPU
		{2693A03C-2BD9-4DA6-9E4F-D3BC8E87637D}.Release|Any CPU.ActiveCfg = Release|Any CPU
		{2693A03C-2BD9-4DA6-9E4F-D3BC8E87637D}.Release|Any CPU.Build.0 = Release|Any CPU
		{2693A03C-2BD9-4DA6-9E4F-D3BC8E87637D}.Release|x64.ActiveCfg = Release|x64
		{2693A03C-2BD9-4DA6-9E4F-D3BC8E87637D}.Release|x64.Build.0 = Release|x64
		{2693A03C-2BD9-4DA6-9E4F-D3BC8E87637D}.Release|x86.ActiveCfg = Release|Any CPU
		{2693A03C-2BD9-4DA6-9E4F-D3BC8E87637D}.Release|x86.Build.0 = Release|Any CPU
		{5BF02DFD-61B0-4F0E-8602-A163678B0CDB}.Debug|Any CPU.ActiveCfg = Debug|Any CPU
		{5BF02DFD-61B0-4F0E-8602-A163678B0CDB}.Debug|Any CPU.Build.0 = Debug|Any CPU
		{5BF02DFD-61B0-4F0E-8602-A163678B0CDB}.Debug|x64.ActiveCfg = Debug|x64
		{5BF02DFD-61B0-4F0E-8602-A163678B0CDB}.Debug|x64.Build.0 = Debug|x64
		{5BF02DFD-61B0-4F0E-8602-A163678B0CDB}.Debug|x86.ActiveCfg = Debug|Any CPU
		{5BF02DFD-61B0-4F0E-8602-A163678B0CDB}.Debug|x86.Build.0 = Debug|Any CPU
		{5BF02DFD-61B0-4F0E-8602-A163678B0CDB}.Release|Any CPU.ActiveCfg = Release|Any CPU
		{5BF02DFD-61B0-4F0E-8602-A163678B0CDB}.Release|Any CPU.Build.0 = Release|Any CPU
		{5BF02DFD-61B0-4F0E-8602-A163678B0CDB}.Release|x64.ActiveCfg = Release|x64
		{5BF02DFD-61B0-4F0E-8602-A163678B0CDB}.Release|x64.Build.0 = Release|x64
		{5BF02DFD-61B0-4F0E-8602-A163678B0CDB}.Release|x86.ActiveCfg = Release|Any CPU
		{5BF02DFD-61B0-4F0E-8602-A163678B0CDB}.Release|x86.Build.0 = Release|Any CPU
		{E127B19B-EC15-48FA-ADC9-E28518E48CDD}.Debug|Any CPU.ActiveCfg = Debug|Any CPU
		{E127B19B-EC15-48FA-ADC9-E28518E48CDD}.Debug|Any CPU.Build.0 = Debug|Any CPU
		{E127B19B-EC15-48FA-ADC9-E28518E48CDD}.Debug|x64.ActiveCfg = Debug|x64
		{E127B19B-EC15-48FA-ADC9-E28518E48CDD}.Debug|x64.Build.0 = Debug|x64
		{E127B19B-EC15-48FA-ADC9-E28518E48CDD}.Debug|x86.ActiveCfg = Debug|Any CPU
		{E127B19B-EC15-48FA-ADC9-E28518E48CDD}.Debug|x86.Build.0 = Debug|Any CPU
		{E127B19B-EC15-48FA-ADC9-E28518E48CDD}.Release|Any CPU.ActiveCfg = Release|Any CPU
		{E127B19B-EC15-48FA-ADC9-E28518E48CDD}.Release|Any CPU.Build.0 = Release|Any CPU
		{E127B19B-EC15-48FA-ADC9-E28518E48CDD}.Release|x64.ActiveCfg = Release|x64
		{E127B19B-EC15-48FA-ADC9-E28518E48CDD}.Release|x64.Build.0 = Release|x64
		{E127B19B-EC15-48FA-ADC9-E28518E48CDD}.Release|x86.ActiveCfg = Release|Any CPU
		{E127B19B-EC15-48FA-ADC9-E28518E48CDD}.Release|x86.Build.0 = Release|Any CPU
		{4B4AF35C-32E1-4913-8DB1-9D38A089793A}.Debug|Any CPU.ActiveCfg = Debug|Any CPU
		{4B4AF35C-32E1-4913-8DB1-9D38A089793A}.Debug|Any CPU.Build.0 = Debug|Any CPU
		{4B4AF35C-32E1-4913-8DB1-9D38A089793A}.Debug|x64.ActiveCfg = Debug|x64
		{4B4AF35C-32E1-4913-8DB1-9D38A089793A}.Debug|x64.Build.0 = Debug|x64
		{4B4AF35C-32E1-4913-8DB1-9D38A089793A}.Debug|x86.ActiveCfg = Debug|Any CPU
		{4B4AF35C-32E1-4913-8DB1-9D38A089793A}.Debug|x86.Build.0 = Debug|Any CPU
		{4B4AF35C-32E1-4913-8DB1-9D38A089793A}.Release|Any CPU.ActiveCfg = Release|Any CPU
		{4B4AF35C-32E1-4913-8DB1-9D38A089793A}.Release|Any CPU.Build.0 = Release|Any CPU
		{4B4AF35C-32E1-4913-8DB1-9D38A089793A}.Release|x64.ActiveCfg = Release|x64
		{4B4AF35C-32E1-4913-8DB1-9D38A089793A}.Release|x64.Build.0 = Release|x64
		{4B4AF35C-32E1-4913-8DB1-9D38A089793A}.Release|x86.ActiveCfg = Release|Any CPU
		{4B4AF35C-32E1-4913-8DB1-9D38A089793A}.Release|x86.Build.0 = Release|Any CPU
		{A2000DFA-E267-4B69-A667-7851E4B0D56A}.Debug|Any CPU.ActiveCfg = Debug|Any CPU
		{A2000DFA-E267-4B69-A667-7851E4B0D56A}.Debug|Any CPU.Build.0 = Debug|Any CPU
		{A2000DFA-E267-4B69-A667-7851E4B0D56A}.Debug|x64.ActiveCfg = Debug|x64
		{A2000DFA-E267-4B69-A667-7851E4B0D56A}.Debug|x64.Build.0 = Debug|x64
		{A2000DFA-E267-4B69-A667-7851E4B0D56A}.Debug|x86.ActiveCfg = Debug|Any CPU
		{A2000DFA-E267-4B69-A667-7851E4B0D56A}.Debug|x86.Build.0 = Debug|Any CPU
		{A2000DFA-E267-4B69-A667-7851E4B0D56A}.Release|Any CPU.ActiveCfg = Release|Any CPU
		{A2000DFA-E267-4B69-A667-7851E4B0D56A}.Release|Any CPU.Build.0 = Release|Any CPU
		{A2000DFA-E267-4B69-A667-7851E4B0D56A}.Release|x64.ActiveCfg = Release|x64
		{A2000DFA-E267-4B69-A667-7851E4B0D56A}.Release|x64.Build.0 = Release|x64
		{A2000DFA-E267-4B69-A667-7851E4B0D56A}.Release|x86.ActiveCfg = Release|Any CPU
		{A2000DFA-E267-4B69-A667-7851E4B0D56A}.Release|x86.Build.0 = Release|Any CPU
		{7EFAFEFC-9572-47E4-95F8-1C4F64AA1EBC}.Debug|Any CPU.ActiveCfg = Debug|Any CPU
		{7EFAFEFC-9572-47E4-95F8-1C4F64AA1EBC}.Debug|Any CPU.Build.0 = Debug|Any CPU
		{7EFAFEFC-9572-47E4-95F8-1C4F64AA1EBC}.Debug|x64.ActiveCfg = Debug|x64
		{7EFAFEFC-9572-47E4-95F8-1C4F64AA1EBC}.Debug|x64.Build.0 = Debug|x64
		{7EFAFEFC-9572-47E4-95F8-1C4F64AA1EBC}.Debug|x86.ActiveCfg = Debug|Any CPU
		{7EFAFEFC-9572-47E4-95F8-1C4F64AA1EBC}.Debug|x86.Build.0 = Debug|Any CPU
		{7EFAFEFC-9572-47E4-95F8-1C4F64AA1EBC}.Release|Any CPU.ActiveCfg = Release|Any CPU
		{7EFAFEFC-9572-47E4-95F8-1C4F64AA1EBC}.Release|Any CPU.Build.0 = Release|Any CPU
		{7EFAFEFC-9572-47E4-95F8-1C4F64AA1EBC}.Release|x64.ActiveCfg = Release|x64
		{7EFAFEFC-9572-47E4-95F8-1C4F64AA1EBC}.Release|x64.Build.0 = Release|x64
		{7EFAFEFC-9572-47E4-95F8-1C4F64AA1EBC}.Release|x86.ActiveCfg = Release|Any CPU
		{7EFAFEFC-9572-47E4-95F8-1C4F64AA1EBC}.Release|x86.Build.0 = Release|Any CPU
		{FC4547BA-C470-4E55-A4A6-83CC1966C5D9}.Debug|Any CPU.ActiveCfg = Debug|Any CPU
		{FC4547BA-C470-4E55-A4A6-83CC1966C5D9}.Debug|Any CPU.Build.0 = Debug|Any CPU
		{FC4547BA-C470-4E55-A4A6-83CC1966C5D9}.Debug|x64.ActiveCfg = Debug|x64
		{FC4547BA-C470-4E55-A4A6-83CC1966C5D9}.Debug|x64.Build.0 = Debug|x64
		{FC4547BA-C470-4E55-A4A6-83CC1966C5D9}.Debug|x86.ActiveCfg = Debug|Any CPU
		{FC4547BA-C470-4E55-A4A6-83CC1966C5D9}.Debug|x86.Build.0 = Debug|Any CPU
		{FC4547BA-C470-4E55-A4A6-83CC1966C5D9}.Release|Any CPU.ActiveCfg = Release|Any CPU
		{FC4547BA-C470-4E55-A4A6-83CC1966C5D9}.Release|Any CPU.Build.0 = Release|Any CPU
		{FC4547BA-C470-4E55-A4A6-83CC1966C5D9}.Release|x64.ActiveCfg = Release|x64
		{FC4547BA-C470-4E55-A4A6-83CC1966C5D9}.Release|x64.Build.0 = Release|x64
		{FC4547BA-C470-4E55-A4A6-83CC1966C5D9}.Release|x86.ActiveCfg = Release|Any CPU
		{FC4547BA-C470-4E55-A4A6-83CC1966C5D9}.Release|x86.Build.0 = Release|Any CPU
		{C79DD315-D65E-402C-B162-83E1EB1AD041}.Debug|Any CPU.ActiveCfg = Debug|Any CPU
		{C79DD315-D65E-402C-B162-83E1EB1AD041}.Debug|Any CPU.Build.0 = Debug|Any CPU
		{C79DD315-D65E-402C-B162-83E1EB1AD041}.Debug|x64.ActiveCfg = Debug|x64
		{C79DD315-D65E-402C-B162-83E1EB1AD041}.Debug|x64.Build.0 = Debug|x64
		{C79DD315-D65E-402C-B162-83E1EB1AD041}.Debug|x86.ActiveCfg = Debug|Any CPU
		{C79DD315-D65E-402C-B162-83E1EB1AD041}.Debug|x86.Build.0 = Debug|Any CPU
		{C79DD315-D65E-402C-B162-83E1EB1AD041}.Release|Any CPU.ActiveCfg = Release|Any CPU
		{C79DD315-D65E-402C-B162-83E1EB1AD041}.Release|Any CPU.Build.0 = Release|Any CPU
		{C79DD315-D65E-402C-B162-83E1EB1AD041}.Release|x64.ActiveCfg = Release|x64
		{C79DD315-D65E-402C-B162-83E1EB1AD041}.Release|x64.Build.0 = Release|x64
		{C79DD315-D65E-402C-B162-83E1EB1AD041}.Release|x86.ActiveCfg = Release|Any CPU
		{C79DD315-D65E-402C-B162-83E1EB1AD041}.Release|x86.Build.0 = Release|Any CPU
		{5FAE544B-FA35-4112-996A-981CE2E929CA}.Debug|Any CPU.ActiveCfg = Debug|Any CPU
		{5FAE544B-FA35-4112-996A-981CE2E929CA}.Debug|Any CPU.Build.0 = Debug|Any CPU
		{5FAE544B-FA35-4112-996A-981CE2E929CA}.Debug|x64.ActiveCfg = Debug|Any CPU
		{5FAE544B-FA35-4112-996A-981CE2E929CA}.Debug|x64.Build.0 = Debug|Any CPU
		{5FAE544B-FA35-4112-996A-981CE2E929CA}.Debug|x86.ActiveCfg = Debug|Any CPU
		{5FAE544B-FA35-4112-996A-981CE2E929CA}.Debug|x86.Build.0 = Debug|Any CPU
		{5FAE544B-FA35-4112-996A-981CE2E929CA}.Release|Any CPU.ActiveCfg = Release|Any CPU
		{5FAE544B-FA35-4112-996A-981CE2E929CA}.Release|Any CPU.Build.0 = Release|Any CPU
		{5FAE544B-FA35-4112-996A-981CE2E929CA}.Release|x64.ActiveCfg = Release|Any CPU
		{5FAE544B-FA35-4112-996A-981CE2E929CA}.Release|x64.Build.0 = Release|Any CPU
		{5FAE544B-FA35-4112-996A-981CE2E929CA}.Release|x86.ActiveCfg = Release|Any CPU
		{5FAE544B-FA35-4112-996A-981CE2E929CA}.Release|x86.Build.0 = Release|Any CPU
		{6D9CA32A-C93C-4835-BB2E-BECAF9DA61D9}.Debug|Any CPU.ActiveCfg = Debug|Any CPU
		{6D9CA32A-C93C-4835-BB2E-BECAF9DA61D9}.Debug|Any CPU.Build.0 = Debug|Any CPU
		{6D9CA32A-C93C-4835-BB2E-BECAF9DA61D9}.Debug|x64.ActiveCfg = Debug|x64
		{6D9CA32A-C93C-4835-BB2E-BECAF9DA61D9}.Debug|x64.Build.0 = Debug|x64
		{6D9CA32A-C93C-4835-BB2E-BECAF9DA61D9}.Debug|x86.ActiveCfg = Debug|x64
		{6D9CA32A-C93C-4835-BB2E-BECAF9DA61D9}.Debug|x86.Build.0 = Debug|x64
		{6D9CA32A-C93C-4835-BB2E-BECAF9DA61D9}.Release|Any CPU.ActiveCfg = Release|Any CPU
		{6D9CA32A-C93C-4835-BB2E-BECAF9DA61D9}.Release|Any CPU.Build.0 = Release|Any CPU
		{6D9CA32A-C93C-4835-BB2E-BECAF9DA61D9}.Release|x64.ActiveCfg = Release|x64
		{6D9CA32A-C93C-4835-BB2E-BECAF9DA61D9}.Release|x64.Build.0 = Release|x64
		{6D9CA32A-C93C-4835-BB2E-BECAF9DA61D9}.Release|x86.ActiveCfg = Release|x64
		{6D9CA32A-C93C-4835-BB2E-BECAF9DA61D9}.Release|x86.Build.0 = Release|x64
		{B0513A7D-9E02-473A-9EF1-EAC0CE4A5704}.Debug|Any CPU.ActiveCfg = Debug|Any CPU
		{B0513A7D-9E02-473A-9EF1-EAC0CE4A5704}.Debug|Any CPU.Build.0 = Debug|Any CPU
		{B0513A7D-9E02-473A-9EF1-EAC0CE4A5704}.Debug|x64.ActiveCfg = Debug|x64
		{B0513A7D-9E02-473A-9EF1-EAC0CE4A5704}.Debug|x64.Build.0 = Debug|x64
		{B0513A7D-9E02-473A-9EF1-EAC0CE4A5704}.Debug|x86.ActiveCfg = Debug|x64
		{B0513A7D-9E02-473A-9EF1-EAC0CE4A5704}.Debug|x86.Build.0 = Debug|x64
		{B0513A7D-9E02-473A-9EF1-EAC0CE4A5704}.Release|Any CPU.ActiveCfg = Release|Any CPU
		{B0513A7D-9E02-473A-9EF1-EAC0CE4A5704}.Release|Any CPU.Build.0 = Release|Any CPU
		{B0513A7D-9E02-473A-9EF1-EAC0CE4A5704}.Release|x64.ActiveCfg = Release|x64
		{B0513A7D-9E02-473A-9EF1-EAC0CE4A5704}.Release|x64.Build.0 = Release|x64
		{B0513A7D-9E02-473A-9EF1-EAC0CE4A5704}.Release|x86.ActiveCfg = Release|x64
		{B0513A7D-9E02-473A-9EF1-EAC0CE4A5704}.Release|x86.Build.0 = Release|x64
		{9D1196EE-0677-4DDE-BCFF-368BA9334009}.Debug|Any CPU.ActiveCfg = Debug|Any CPU
		{9D1196EE-0677-4DDE-BCFF-368BA9334009}.Debug|Any CPU.Build.0 = Debug|Any CPU
		{9D1196EE-0677-4DDE-BCFF-368BA9334009}.Debug|x64.ActiveCfg = Debug|x64
		{9D1196EE-0677-4DDE-BCFF-368BA9334009}.Debug|x64.Build.0 = Debug|x64
		{9D1196EE-0677-4DDE-BCFF-368BA9334009}.Debug|x86.ActiveCfg = Debug|Any CPU
		{9D1196EE-0677-4DDE-BCFF-368BA9334009}.Debug|x86.Build.0 = Debug|Any CPU
		{9D1196EE-0677-4DDE-BCFF-368BA9334009}.Release|Any CPU.ActiveCfg = Release|Any CPU
		{9D1196EE-0677-4DDE-BCFF-368BA9334009}.Release|Any CPU.Build.0 = Release|Any CPU
		{9D1196EE-0677-4DDE-BCFF-368BA9334009}.Release|x64.ActiveCfg = Release|x64
		{9D1196EE-0677-4DDE-BCFF-368BA9334009}.Release|x64.Build.0 = Release|x64
		{9D1196EE-0677-4DDE-BCFF-368BA9334009}.Release|x86.ActiveCfg = Release|Any CPU
		{9D1196EE-0677-4DDE-BCFF-368BA9334009}.Release|x86.Build.0 = Release|Any CPU
		{95BCB61E-7E89-4F0A-8904-868B474008A0}.Debug|Any CPU.ActiveCfg = Debug|Any CPU
		{95BCB61E-7E89-4F0A-8904-868B474008A0}.Debug|Any CPU.Build.0 = Debug|Any CPU
		{95BCB61E-7E89-4F0A-8904-868B474008A0}.Debug|x64.ActiveCfg = Debug|x64
		{95BCB61E-7E89-4F0A-8904-868B474008A0}.Debug|x64.Build.0 = Debug|x64
		{95BCB61E-7E89-4F0A-8904-868B474008A0}.Debug|x86.ActiveCfg = Debug|Any CPU
		{95BCB61E-7E89-4F0A-8904-868B474008A0}.Debug|x86.Build.0 = Debug|Any CPU
		{95BCB61E-7E89-4F0A-8904-868B474008A0}.Release|Any CPU.ActiveCfg = Release|Any CPU
		{95BCB61E-7E89-4F0A-8904-868B474008A0}.Release|Any CPU.Build.0 = Release|Any CPU
		{95BCB61E-7E89-4F0A-8904-868B474008A0}.Release|x64.ActiveCfg = Release|x64
		{95BCB61E-7E89-4F0A-8904-868B474008A0}.Release|x64.Build.0 = Release|x64
		{95BCB61E-7E89-4F0A-8904-868B474008A0}.Release|x86.ActiveCfg = Release|Any CPU
		{95BCB61E-7E89-4F0A-8904-868B474008A0}.Release|x86.Build.0 = Release|Any CPU
		{433D7A40-C155-422C-ACFB-B73BEC22B2EE}.Debug|Any CPU.ActiveCfg = Debug|Any CPU
		{433D7A40-C155-422C-ACFB-B73BEC22B2EE}.Debug|Any CPU.Build.0 = Debug|Any CPU
		{433D7A40-C155-422C-ACFB-B73BEC22B2EE}.Debug|x64.ActiveCfg = Debug|x64
		{433D7A40-C155-422C-ACFB-B73BEC22B2EE}.Debug|x64.Build.0 = Debug|x64
		{433D7A40-C155-422C-ACFB-B73BEC22B2EE}.Debug|x86.ActiveCfg = Debug|Any CPU
		{433D7A40-C155-422C-ACFB-B73BEC22B2EE}.Debug|x86.Build.0 = Debug|Any CPU
		{433D7A40-C155-422C-ACFB-B73BEC22B2EE}.Release|Any CPU.ActiveCfg = Release|Any CPU
		{433D7A40-C155-422C-ACFB-B73BEC22B2EE}.Release|Any CPU.Build.0 = Release|Any CPU
		{433D7A40-C155-422C-ACFB-B73BEC22B2EE}.Release|x64.ActiveCfg = Release|x64
		{433D7A40-C155-422C-ACFB-B73BEC22B2EE}.Release|x64.Build.0 = Release|x64
		{433D7A40-C155-422C-ACFB-B73BEC22B2EE}.Release|x86.ActiveCfg = Release|Any CPU
		{433D7A40-C155-422C-ACFB-B73BEC22B2EE}.Release|x86.Build.0 = Release|Any CPU
		{A582B239-F470-43B4-BF6B-F258040F7883}.Debug|Any CPU.ActiveCfg = Debug|Any CPU
		{A582B239-F470-43B4-BF6B-F258040F7883}.Debug|Any CPU.Build.0 = Debug|Any CPU
		{A582B239-F470-43B4-BF6B-F258040F7883}.Debug|x64.ActiveCfg = Debug|x64
		{A582B239-F470-43B4-BF6B-F258040F7883}.Debug|x64.Build.0 = Debug|x64
		{A582B239-F470-43B4-BF6B-F258040F7883}.Debug|x86.ActiveCfg = Debug|Any CPU
		{A582B239-F470-43B4-BF6B-F258040F7883}.Debug|x86.Build.0 = Debug|Any CPU
		{A582B239-F470-43B4-BF6B-F258040F7883}.Release|Any CPU.ActiveCfg = Release|Any CPU
		{A582B239-F470-43B4-BF6B-F258040F7883}.Release|Any CPU.Build.0 = Release|Any CPU
		{A582B239-F470-43B4-BF6B-F258040F7883}.Release|x64.ActiveCfg = Release|x64
		{A582B239-F470-43B4-BF6B-F258040F7883}.Release|x64.Build.0 = Release|x64
		{A582B239-F470-43B4-BF6B-F258040F7883}.Release|x86.ActiveCfg = Release|Any CPU
		{A582B239-F470-43B4-BF6B-F258040F7883}.Release|x86.Build.0 = Release|Any CPU
		{ACBCD9E1-B13F-4B4F-BFDF-5D931D21EA7D}.Debug|Any CPU.ActiveCfg = Debug|Any CPU
		{ACBCD9E1-B13F-4B4F-BFDF-5D931D21EA7D}.Debug|Any CPU.Build.0 = Debug|Any CPU
		{ACBCD9E1-B13F-4B4F-BFDF-5D931D21EA7D}.Debug|x64.ActiveCfg = Debug|x64
		{ACBCD9E1-B13F-4B4F-BFDF-5D931D21EA7D}.Debug|x64.Build.0 = Debug|x64
		{ACBCD9E1-B13F-4B4F-BFDF-5D931D21EA7D}.Debug|x86.ActiveCfg = Debug|Any CPU
		{ACBCD9E1-B13F-4B4F-BFDF-5D931D21EA7D}.Debug|x86.Build.0 = Debug|Any CPU
		{ACBCD9E1-B13F-4B4F-BFDF-5D931D21EA7D}.Release|Any CPU.ActiveCfg = Release|Any CPU
		{ACBCD9E1-B13F-4B4F-BFDF-5D931D21EA7D}.Release|Any CPU.Build.0 = Release|Any CPU
		{ACBCD9E1-B13F-4B4F-BFDF-5D931D21EA7D}.Release|x64.ActiveCfg = Release|x64
		{ACBCD9E1-B13F-4B4F-BFDF-5D931D21EA7D}.Release|x64.Build.0 = Release|x64
		{ACBCD9E1-B13F-4B4F-BFDF-5D931D21EA7D}.Release|x86.ActiveCfg = Release|Any CPU
		{ACBCD9E1-B13F-4B4F-BFDF-5D931D21EA7D}.Release|x86.Build.0 = Release|Any CPU
		{AF8800C0-AD79-46F8-9544-BE03A9FBF8B2}.Debug|Any CPU.ActiveCfg = Debug|Any CPU
		{AF8800C0-AD79-46F8-9544-BE03A9FBF8B2}.Debug|Any CPU.Build.0 = Debug|Any CPU
		{AF8800C0-AD79-46F8-9544-BE03A9FBF8B2}.Debug|x64.ActiveCfg = Debug|x64
		{AF8800C0-AD79-46F8-9544-BE03A9FBF8B2}.Debug|x64.Build.0 = Debug|x64
		{AF8800C0-AD79-46F8-9544-BE03A9FBF8B2}.Debug|x86.ActiveCfg = Debug|Any CPU
		{AF8800C0-AD79-46F8-9544-BE03A9FBF8B2}.Debug|x86.Build.0 = Debug|Any CPU
		{AF8800C0-AD79-46F8-9544-BE03A9FBF8B2}.Release|Any CPU.ActiveCfg = Release|Any CPU
		{AF8800C0-AD79-46F8-9544-BE03A9FBF8B2}.Release|Any CPU.Build.0 = Release|Any CPU
		{AF8800C0-AD79-46F8-9544-BE03A9FBF8B2}.Release|x64.ActiveCfg = Release|x64
		{AF8800C0-AD79-46F8-9544-BE03A9FBF8B2}.Release|x64.Build.0 = Release|x64
		{AF8800C0-AD79-46F8-9544-BE03A9FBF8B2}.Release|x86.ActiveCfg = Release|Any CPU
		{AF8800C0-AD79-46F8-9544-BE03A9FBF8B2}.Release|x86.Build.0 = Release|Any CPU
		{847BA195-4B55-4F6A-A2DF-8820EFC9A18F}.Debug|Any CPU.ActiveCfg = Debug|Any CPU
		{847BA195-4B55-4F6A-A2DF-8820EFC9A18F}.Debug|Any CPU.Build.0 = Debug|Any CPU
		{847BA195-4B55-4F6A-A2DF-8820EFC9A18F}.Debug|x64.ActiveCfg = Debug|x64
		{847BA195-4B55-4F6A-A2DF-8820EFC9A18F}.Debug|x64.Build.0 = Debug|x64
		{847BA195-4B55-4F6A-A2DF-8820EFC9A18F}.Debug|x86.ActiveCfg = Debug|Any CPU
		{847BA195-4B55-4F6A-A2DF-8820EFC9A18F}.Debug|x86.Build.0 = Debug|Any CPU
		{847BA195-4B55-4F6A-A2DF-8820EFC9A18F}.Release|Any CPU.ActiveCfg = Release|Any CPU
		{847BA195-4B55-4F6A-A2DF-8820EFC9A18F}.Release|Any CPU.Build.0 = Release|Any CPU
		{847BA195-4B55-4F6A-A2DF-8820EFC9A18F}.Release|x64.ActiveCfg = Release|x64
		{847BA195-4B55-4F6A-A2DF-8820EFC9A18F}.Release|x64.Build.0 = Release|x64
		{847BA195-4B55-4F6A-A2DF-8820EFC9A18F}.Release|x86.ActiveCfg = Release|Any CPU
		{847BA195-4B55-4F6A-A2DF-8820EFC9A18F}.Release|x86.Build.0 = Release|Any CPU
		{D26BA45E-5CE9-4BFF-A234-5DF292763E41}.Debug|Any CPU.ActiveCfg = Debug|Any CPU
		{D26BA45E-5CE9-4BFF-A234-5DF292763E41}.Debug|Any CPU.Build.0 = Debug|Any CPU
		{D26BA45E-5CE9-4BFF-A234-5DF292763E41}.Debug|x64.ActiveCfg = Debug|x64
		{D26BA45E-5CE9-4BFF-A234-5DF292763E41}.Debug|x64.Build.0 = Debug|x64
		{D26BA45E-5CE9-4BFF-A234-5DF292763E41}.Debug|x86.ActiveCfg = Debug|Any CPU
		{D26BA45E-5CE9-4BFF-A234-5DF292763E41}.Debug|x86.Build.0 = Debug|Any CPU
		{D26BA45E-5CE9-4BFF-A234-5DF292763E41}.Release|Any CPU.ActiveCfg = Release|Any CPU
		{D26BA45E-5CE9-4BFF-A234-5DF292763E41}.Release|Any CPU.Build.0 = Release|Any CPU
		{D26BA45E-5CE9-4BFF-A234-5DF292763E41}.Release|x64.ActiveCfg = Release|x64
		{D26BA45E-5CE9-4BFF-A234-5DF292763E41}.Release|x64.Build.0 = Release|x64
		{D26BA45E-5CE9-4BFF-A234-5DF292763E41}.Release|x86.ActiveCfg = Release|Any CPU
		{D26BA45E-5CE9-4BFF-A234-5DF292763E41}.Release|x86.Build.0 = Release|Any CPU
		{203E70B7-9D1E-439B-9DB0-870C7BD7129C}.Debug|Any CPU.ActiveCfg = Debug|Any CPU
		{203E70B7-9D1E-439B-9DB0-870C7BD7129C}.Debug|Any CPU.Build.0 = Debug|Any CPU
		{203E70B7-9D1E-439B-9DB0-870C7BD7129C}.Debug|x64.ActiveCfg = Debug|x64
		{203E70B7-9D1E-439B-9DB0-870C7BD7129C}.Debug|x64.Build.0 = Debug|x64
		{203E70B7-9D1E-439B-9DB0-870C7BD7129C}.Debug|x86.ActiveCfg = Debug|Any CPU
		{203E70B7-9D1E-439B-9DB0-870C7BD7129C}.Debug|x86.Build.0 = Debug|Any CPU
		{203E70B7-9D1E-439B-9DB0-870C7BD7129C}.Release|Any CPU.ActiveCfg = Release|Any CPU
		{203E70B7-9D1E-439B-9DB0-870C7BD7129C}.Release|Any CPU.Build.0 = Release|Any CPU
		{203E70B7-9D1E-439B-9DB0-870C7BD7129C}.Release|x64.ActiveCfg = Release|x64
		{203E70B7-9D1E-439B-9DB0-870C7BD7129C}.Release|x64.Build.0 = Release|x64
		{203E70B7-9D1E-439B-9DB0-870C7BD7129C}.Release|x86.ActiveCfg = Release|Any CPU
		{203E70B7-9D1E-439B-9DB0-870C7BD7129C}.Release|x86.Build.0 = Release|Any CPU
		{A1C9FB29-6DC0-493A-9FAA-6A071CFBC158}.Debug|Any CPU.ActiveCfg = Debug|Any CPU
		{A1C9FB29-6DC0-493A-9FAA-6A071CFBC158}.Debug|Any CPU.Build.0 = Debug|Any CPU
		{A1C9FB29-6DC0-493A-9FAA-6A071CFBC158}.Debug|x64.ActiveCfg = Debug|x64
		{A1C9FB29-6DC0-493A-9FAA-6A071CFBC158}.Debug|x64.Build.0 = Debug|x64
		{A1C9FB29-6DC0-493A-9FAA-6A071CFBC158}.Debug|x86.ActiveCfg = Debug|Any CPU
		{A1C9FB29-6DC0-493A-9FAA-6A071CFBC158}.Debug|x86.Build.0 = Debug|Any CPU
		{A1C9FB29-6DC0-493A-9FAA-6A071CFBC158}.Release|Any CPU.ActiveCfg = Release|Any CPU
		{A1C9FB29-6DC0-493A-9FAA-6A071CFBC158}.Release|Any CPU.Build.0 = Release|Any CPU
		{A1C9FB29-6DC0-493A-9FAA-6A071CFBC158}.Release|x64.ActiveCfg = Release|x64
		{A1C9FB29-6DC0-493A-9FAA-6A071CFBC158}.Release|x64.Build.0 = Release|x64
		{A1C9FB29-6DC0-493A-9FAA-6A071CFBC158}.Release|x86.ActiveCfg = Release|Any CPU
		{A1C9FB29-6DC0-493A-9FAA-6A071CFBC158}.Release|x86.Build.0 = Release|Any CPU
		{E7ACB4FE-5722-4E43-BDBE-DA34E8DD10AE}.Debug|Any CPU.ActiveCfg = Debug|Any CPU
		{E7ACB4FE-5722-4E43-BDBE-DA34E8DD10AE}.Debug|Any CPU.Build.0 = Debug|Any CPU
		{E7ACB4FE-5722-4E43-BDBE-DA34E8DD10AE}.Debug|x64.ActiveCfg = Debug|x64
		{E7ACB4FE-5722-4E43-BDBE-DA34E8DD10AE}.Debug|x64.Build.0 = Debug|x64
		{E7ACB4FE-5722-4E43-BDBE-DA34E8DD10AE}.Debug|x86.ActiveCfg = Debug|Any CPU
		{E7ACB4FE-5722-4E43-BDBE-DA34E8DD10AE}.Debug|x86.Build.0 = Debug|Any CPU
		{E7ACB4FE-5722-4E43-BDBE-DA34E8DD10AE}.Release|Any CPU.ActiveCfg = Release|Any CPU
		{E7ACB4FE-5722-4E43-BDBE-DA34E8DD10AE}.Release|Any CPU.Build.0 = Release|Any CPU
		{E7ACB4FE-5722-4E43-BDBE-DA34E8DD10AE}.Release|x64.ActiveCfg = Release|x64
		{E7ACB4FE-5722-4E43-BDBE-DA34E8DD10AE}.Release|x64.Build.0 = Release|x64
		{E7ACB4FE-5722-4E43-BDBE-DA34E8DD10AE}.Release|x86.ActiveCfg = Release|Any CPU
		{E7ACB4FE-5722-4E43-BDBE-DA34E8DD10AE}.Release|x86.Build.0 = Release|Any CPU
		{CA5DE09D-0E08-4493-B636-86EAF5870E15}.Debug|Any CPU.ActiveCfg = Debug|Any CPU
		{CA5DE09D-0E08-4493-B636-86EAF5870E15}.Debug|Any CPU.Build.0 = Debug|Any CPU
		{CA5DE09D-0E08-4493-B636-86EAF5870E15}.Debug|x64.ActiveCfg = Debug|x64
		{CA5DE09D-0E08-4493-B636-86EAF5870E15}.Debug|x64.Build.0 = Debug|x64
		{CA5DE09D-0E08-4493-B636-86EAF5870E15}.Debug|x86.ActiveCfg = Debug|Any CPU
		{CA5DE09D-0E08-4493-B636-86EAF5870E15}.Debug|x86.Build.0 = Debug|Any CPU
		{CA5DE09D-0E08-4493-B636-86EAF5870E15}.Release|Any CPU.ActiveCfg = Release|Any CPU
		{CA5DE09D-0E08-4493-B636-86EAF5870E15}.Release|Any CPU.Build.0 = Release|Any CPU
		{CA5DE09D-0E08-4493-B636-86EAF5870E15}.Release|x64.ActiveCfg = Release|x64
		{CA5DE09D-0E08-4493-B636-86EAF5870E15}.Release|x64.Build.0 = Release|x64
		{CA5DE09D-0E08-4493-B636-86EAF5870E15}.Release|x86.ActiveCfg = Release|Any CPU
		{CA5DE09D-0E08-4493-B636-86EAF5870E15}.Release|x86.Build.0 = Release|Any CPU
		{E042B6CC-D60A-4C7F-9F66-55DCE466513C}.Debug|Any CPU.ActiveCfg = Debug|Any CPU
		{E042B6CC-D60A-4C7F-9F66-55DCE466513C}.Debug|Any CPU.Build.0 = Debug|Any CPU
		{E042B6CC-D60A-4C7F-9F66-55DCE466513C}.Debug|x64.ActiveCfg = Debug|x64
		{E042B6CC-D60A-4C7F-9F66-55DCE466513C}.Debug|x64.Build.0 = Debug|x64
		{E042B6CC-D60A-4C7F-9F66-55DCE466513C}.Debug|x86.ActiveCfg = Debug|Any CPU
		{E042B6CC-D60A-4C7F-9F66-55DCE466513C}.Debug|x86.Build.0 = Debug|Any CPU
		{E042B6CC-D60A-4C7F-9F66-55DCE466513C}.Release|Any CPU.ActiveCfg = Release|Any CPU
		{E042B6CC-D60A-4C7F-9F66-55DCE466513C}.Release|Any CPU.Build.0 = Release|Any CPU
		{E042B6CC-D60A-4C7F-9F66-55DCE466513C}.Release|x64.ActiveCfg = Release|x64
		{E042B6CC-D60A-4C7F-9F66-55DCE466513C}.Release|x64.Build.0 = Release|x64
		{E042B6CC-D60A-4C7F-9F66-55DCE466513C}.Release|x86.ActiveCfg = Release|Any CPU
		{E042B6CC-D60A-4C7F-9F66-55DCE466513C}.Release|x86.Build.0 = Release|Any CPU
		{96C361E2-EE69-4BEF-8758-A9C91A195C0D}.Debug|Any CPU.ActiveCfg = Debug|Any CPU
		{96C361E2-EE69-4BEF-8758-A9C91A195C0D}.Debug|Any CPU.Build.0 = Debug|Any CPU
		{96C361E2-EE69-4BEF-8758-A9C91A195C0D}.Debug|x64.ActiveCfg = Debug|x64
		{96C361E2-EE69-4BEF-8758-A9C91A195C0D}.Debug|x64.Build.0 = Debug|x64
		{96C361E2-EE69-4BEF-8758-A9C91A195C0D}.Debug|x86.ActiveCfg = Debug|Any CPU
		{96C361E2-EE69-4BEF-8758-A9C91A195C0D}.Debug|x86.Build.0 = Debug|Any CPU
		{96C361E2-EE69-4BEF-8758-A9C91A195C0D}.Release|Any CPU.ActiveCfg = Release|Any CPU
		{96C361E2-EE69-4BEF-8758-A9C91A195C0D}.Release|Any CPU.Build.0 = Release|Any CPU
		{96C361E2-EE69-4BEF-8758-A9C91A195C0D}.Release|x64.ActiveCfg = Release|x64
		{96C361E2-EE69-4BEF-8758-A9C91A195C0D}.Release|x64.Build.0 = Release|x64
		{96C361E2-EE69-4BEF-8758-A9C91A195C0D}.Release|x86.ActiveCfg = Release|Any CPU
		{96C361E2-EE69-4BEF-8758-A9C91A195C0D}.Release|x86.Build.0 = Release|Any CPU
	EndGlobalSection
	GlobalSection(SolutionProperties) = preSolution
		HideSolutionNode = FALSE
	EndGlobalSection
	GlobalSection(NestedProjects) = preSolution
		{12947AE6-1917-40B3-884C-45D806788A78} = {83FA1B7F-0BC5-4EEB-86E6-1AEF9AF11609}
		{5D1F241C-BC2D-4778-B5A9-0F245957AEC3} = {1A1CC9DD-8A9A-4C5A-A3ED-E338AFD42D44}
		{26128D16-6160-47DC-BF70-FAAD70A81AD8} = {5D1F241C-BC2D-4778-B5A9-0F245957AEC3}
		{EB725980-4D11-4652-B8C2-FBC263A6D54E} = {1A1CC9DD-8A9A-4C5A-A3ED-E338AFD42D44}
		{EE360FA3-13CB-4142-BF5C-9D0A323FB121} = {5D1F241C-BC2D-4778-B5A9-0F245957AEC3}
		{923565A7-D80C-4252-B294-CE349C43EA2E} = {5D1F241C-BC2D-4778-B5A9-0F245957AEC3}
		{4E88BCFA-D106-4222-8612-B9CA949B6761} = {5D1F241C-BC2D-4778-B5A9-0F245957AEC3}
		{58D558C8-1E84-43CE-9B43-7AEC4D752791} = {5D1F241C-BC2D-4778-B5A9-0F245957AEC3}
		{701C4639-9387-4AD6-B141-083AA6A4861A} = {5D1F241C-BC2D-4778-B5A9-0F245957AEC3}
		{24AD0F61-CEBC-4456-B1CC-6806B8ED166C} = {5D1F241C-BC2D-4778-B5A9-0F245957AEC3}
		{3ED9C1AB-96B6-4659-A644-9AD938DFF1A8} = {5D1F241C-BC2D-4778-B5A9-0F245957AEC3}
		{F31F1C7B-2FC9-415D-8D0E-A2B083AAAE73} = {5D1F241C-BC2D-4778-B5A9-0F245957AEC3}
		{E9BDA15C-2E83-4318-AD86-3C1266EDDFAD} = {5D1F241C-BC2D-4778-B5A9-0F245957AEC3}
		{77463680-C24D-4954-89D8-6BF656A15692} = {5D1F241C-BC2D-4778-B5A9-0F245957AEC3}
		{73DADC84-95C7-4509-BF91-269779E263F3} = {5D1F241C-BC2D-4778-B5A9-0F245957AEC3}
		{53E11BEF-C452-44A7-8584-0C5E1267FF1D} = {5D1F241C-BC2D-4778-B5A9-0F245957AEC3}
		{6CF48925-EBBD-4865-B336-D33F7C65B392} = {5D1F241C-BC2D-4778-B5A9-0F245957AEC3}
		{10834B4B-4112-44DB-A843-DB435627E082} = {5D1F241C-BC2D-4778-B5A9-0F245957AEC3}
		{18C06A70-81F6-435A-ADE5-05AD10AF50AC} = {5D1F241C-BC2D-4778-B5A9-0F245957AEC3}
		{8283E654-103F-466A-9861-6FC6605ABEC1} = {5D1F241C-BC2D-4778-B5A9-0F245957AEC3}
		{D93CDAFB-E83E-405E-839B-415A5C24E94A} = {5D1F241C-BC2D-4778-B5A9-0F245957AEC3}
		{44335A94-76F0-4DAD-A09E-7C8B49EBE3AE} = {5D1F241C-BC2D-4778-B5A9-0F245957AEC3}
		{244AAF5D-F430-4977-98D0-2223E8016457} = {5D1F241C-BC2D-4778-B5A9-0F245957AEC3}
		{BDEC748F-A005-46B7-9DA3-0486ECDC743F} = {5D1F241C-BC2D-4778-B5A9-0F245957AEC3}
		{E1FFB2F5-FA32-4DD4-87C2-B65CC0927835} = {5D1F241C-BC2D-4778-B5A9-0F245957AEC3}
		{8B43A1DD-BD0F-4E0F-B1EF-D0356518F725} = {5D1F241C-BC2D-4778-B5A9-0F245957AEC3}
		{5C1D64F0-044B-4A42-92C6-ABD7706EB091} = {5D1F241C-BC2D-4778-B5A9-0F245957AEC3}
		{9BF37ACB-E1FE-4E4F-AC8F-48A34A929759} = {5D1F241C-BC2D-4778-B5A9-0F245957AEC3}
		{20ABCCFA-3691-40B1-9353-8CCA746E7AD9} = {5D1F241C-BC2D-4778-B5A9-0F245957AEC3}
		{9B6D2BCF-FC36-4342-A85C-ADF974B9072B} = {5D1F241C-BC2D-4778-B5A9-0F245957AEC3}
		{B14DA85C-2993-4332-AFB0-29C70D8D9DB5} = {5D1F241C-BC2D-4778-B5A9-0F245957AEC3}
		{90DE2845-A93F-4BB6-AF8F-5A6DB5719193} = {5D1F241C-BC2D-4778-B5A9-0F245957AEC3}
		{15552F62-33ED-46AD-8EF9-73DBDF5DD3E7} = {5D1F241C-BC2D-4778-B5A9-0F245957AEC3}
		{D82DB6CE-3B11-42AC-ABF8-78C4AFA80455} = {5D1F241C-BC2D-4778-B5A9-0F245957AEC3}
		{FAEA4710-2C03-4418-A5C3-D1E0BAF34ABB} = {5D1F241C-BC2D-4778-B5A9-0F245957AEC3}
		{9985280B-FEEB-47FF-BD76-5B519D8DDF61} = {5D1F241C-BC2D-4778-B5A9-0F245957AEC3}
		{88AC84F5-7D15-45A6-99BB-4B64FB87042F} = {5D1F241C-BC2D-4778-B5A9-0F245957AEC3}
		{A47ADFD8-8D4F-4F5B-BEA9-70B7D144F279} = {5D1F241C-BC2D-4778-B5A9-0F245957AEC3}
		{8A1FBA80-28D2-43DC-9B66-1FB606CAFAE3} = {5D1F241C-BC2D-4778-B5A9-0F245957AEC3}
		{41F61403-7569-4811-9D85-8BD1862BA183} = {5D1F241C-BC2D-4778-B5A9-0F245957AEC3}
		{19E34D56-5B1D-4A8A-BCFD-0F9E220ECC08} = {5D1F241C-BC2D-4778-B5A9-0F245957AEC3}
		{7FF96FAC-5530-4CC2-8EA3-708C8835895B} = {5D1F241C-BC2D-4778-B5A9-0F245957AEC3}
		{B1A01610-4F59-44B2-A831-EEFBDB6B2CC9} = {5D1F241C-BC2D-4778-B5A9-0F245957AEC3}
		{0B05527E-7B23-4C3A-BB24-9C4769C48379} = {5D1F241C-BC2D-4778-B5A9-0F245957AEC3}
		{2693A03C-2BD9-4DA6-9E4F-D3BC8E87637D} = {5D1F241C-BC2D-4778-B5A9-0F245957AEC3}
		{5BF02DFD-61B0-4F0E-8602-A163678B0CDB} = {5D1F241C-BC2D-4778-B5A9-0F245957AEC3}
		{E127B19B-EC15-48FA-ADC9-E28518E48CDD} = {5D1F241C-BC2D-4778-B5A9-0F245957AEC3}
		{4B4AF35C-32E1-4913-8DB1-9D38A089793A} = {5D1F241C-BC2D-4778-B5A9-0F245957AEC3}
		{A2000DFA-E267-4B69-A667-7851E4B0D56A} = {5D1F241C-BC2D-4778-B5A9-0F245957AEC3}
		{7EFAFEFC-9572-47E4-95F8-1C4F64AA1EBC} = {5D1F241C-BC2D-4778-B5A9-0F245957AEC3}
		{70F6F0AA-415E-4426-9802-09DF432F04D2} = {1A1CC9DD-8A9A-4C5A-A3ED-E338AFD42D44}
		{FC4547BA-C470-4E55-A4A6-83CC1966C5D9} = {70F6F0AA-415E-4426-9802-09DF432F04D2}
		{C79DD315-D65E-402C-B162-83E1EB1AD041} = {70F6F0AA-415E-4426-9802-09DF432F04D2}
		{5FAE544B-FA35-4112-996A-981CE2E929CA} = {70F6F0AA-415E-4426-9802-09DF432F04D2}
		{6D9CA32A-C93C-4835-BB2E-BECAF9DA61D9} = {70F6F0AA-415E-4426-9802-09DF432F04D2}
		{B0513A7D-9E02-473A-9EF1-EAC0CE4A5704} = {70F6F0AA-415E-4426-9802-09DF432F04D2}
		{9D1196EE-0677-4DDE-BCFF-368BA9334009} = {70F6F0AA-415E-4426-9802-09DF432F04D2}
		{95BCB61E-7E89-4F0A-8904-868B474008A0} = {70F6F0AA-415E-4426-9802-09DF432F04D2}
		{433D7A40-C155-422C-ACFB-B73BEC22B2EE} = {70F6F0AA-415E-4426-9802-09DF432F04D2}
		{A582B239-F470-43B4-BF6B-F258040F7883} = {70F6F0AA-415E-4426-9802-09DF432F04D2}
		{ACBCD9E1-B13F-4B4F-BFDF-5D931D21EA7D} = {70F6F0AA-415E-4426-9802-09DF432F04D2}
		{AF8800C0-AD79-46F8-9544-BE03A9FBF8B2} = {70F6F0AA-415E-4426-9802-09DF432F04D2}
		{847BA195-4B55-4F6A-A2DF-8820EFC9A18F} = {70F6F0AA-415E-4426-9802-09DF432F04D2}
		{119CD092-93E2-45ED-9760-776002A82175} = {1A1CC9DD-8A9A-4C5A-A3ED-E338AFD42D44}
		{D26BA45E-5CE9-4BFF-A234-5DF292763E41} = {70F6F0AA-415E-4426-9802-09DF432F04D2}
		{203E70B7-9D1E-439B-9DB0-870C7BD7129C} = {70F6F0AA-415E-4426-9802-09DF432F04D2}
		{A1C9FB29-6DC0-493A-9FAA-6A071CFBC158} = {70F6F0AA-415E-4426-9802-09DF432F04D2}
		{E7ACB4FE-5722-4E43-BDBE-DA34E8DD10AE} = {70F6F0AA-415E-4426-9802-09DF432F04D2}
		{CA5DE09D-0E08-4493-B636-86EAF5870E15} = {119CD092-93E2-45ED-9760-776002A82175}
		{E042B6CC-D60A-4C7F-9F66-55DCE466513C} = {119CD092-93E2-45ED-9760-776002A82175}
		{96C361E2-EE69-4BEF-8758-A9C91A195C0D} = {119CD092-93E2-45ED-9760-776002A82175}
	EndGlobalSection
	GlobalSection(ExtensibilityGlobals) = postSolution
		SolutionGuid = {0EBFC1BB-A80E-4F88-8356-8D1C030FA004}
	EndGlobalSection
EndGlobal
