Microsoft Visual Studio Solution File, Format Version 9.00
# Visual Studio 2005
Project("{FAE04EC0-301F-11D3-BF4B-00C04F79EFBC}") = "PocketDice", "PocketDice.csproj", "{BE5C30B1-7D5B-4F2A-BB7B-E8DFB61BADAE}"
EndProject
Global
	GlobalSection(SolutionConfigurationPlatforms) = preSolution
		Debug|Any CPU = Debug|Any CPU
		Release|Any CPU = Release|Any CPU
	EndGlobalSection
	GlobalSection(ProjectConfigurationPlatforms) = postSolution
		{BE5C30B1-7D5B-4F2A-BB7B-E8DFB61BADAE}.Debug|Any CPU.ActiveCfg = Debug|Any CPU
		{BE5C30B1-7D5B-4F2A-BB7B-E8DFB61BADAE}.Debug|Any CPU.Build.0 = Debug|Any CPU
		{BE5C30B1-7D5B-4F2A-BB7B-E8DFB61BADAE}.Debug|Any CPU.Deploy.0 = Debug|Any CPU
		{BE5C30B1-7D5B-4F2A-BB7B-E8DFB61BADAE}.Release|Any CPU.ActiveCfg = Release|Any CPU
		{BE5C30B1-7D5B-4F2A-BB7B-E8DFB61BADAE}.Release|Any CPU.Build.0 = Release|Any CPU
		{BE5C30B1-7D5B-4F2A-BB7B-E8DFB61BADAE}.Release|Any CPU.Deploy.0 = Release|Any CPU
	EndGlobalSection
	GlobalSection(SolutionProperties) = preSolution
		HideSolutionNode = FALSE
	EndGlobalSection
EndGlobal
