
Microsoft Visual Studio Solution File, Format Version 12.00
# Visual Studio Version 17
VisualStudioVersion = 17.5.002.0
MinimumVisualStudioVersion = 10.0.40219.1
Project("{9A19103F-16F7-4668-BE54-9A1E7A4F7556}") = "TestSilk", "TestSilk.csproj", "{454CBF5B-137C-45BB-8DB6-131D67B429DA}"
EndProject
Project("{FAE04EC0-301F-11D3-BF4B-00C04F79EFBC}") = "D3D", "D3D\D3D.csproj", "{EB601016-6A44-461F-8CAA-A8978C98211D}"
EndProject
Global
	GlobalSection(SolutionConfigurationPlatforms) = preSolution
		Debug|Any CPU = Debug|Any CPU
		Release|Any CPU = Release|Any CPU
	EndGlobalSection
	GlobalSection(ProjectConfigurationPlatforms) = postSolution
		{454CBF5B-137C-45BB-8DB6-131D67B429DA}.Debug|Any CPU.ActiveCfg = Debug|Any CPU
		{454CBF5B-137C-45BB-8DB6-131D67B429DA}.Debug|Any CPU.Build.0 = Debug|Any CPU
		{454CBF5B-137C-45BB-8DB6-131D67B429DA}.Release|Any CPU.ActiveCfg = Release|Any CPU
		{454CBF5B-137C-45BB-8DB6-131D67B429DA}.Release|Any CPU.Build.0 = Release|Any CPU
		{EB601016-6A44-461F-8CAA-A8978C98211D}.Debug|Any CPU.ActiveCfg = Debug|Any CPU
		{EB601016-6A44-461F-8CAA-A8978C98211D}.Debug|Any CPU.Build.0 = Debug|Any CPU
		{EB601016-6A44-461F-8CAA-A8978C98211D}.Release|Any CPU.ActiveCfg = Release|Any CPU
		{EB601016-6A44-461F-8CAA-A8978C98211D}.Release|Any CPU.Build.0 = Release|Any CPU
	EndGlobalSection
	GlobalSection(SolutionProperties) = preSolution
		HideSolutionNode = FALSE
	EndGlobalSection
	GlobalSection(ExtensibilityGlobals) = postSolution
		SolutionGuid = {81D53451-21D2-4481-8C72-2AE1B6A791B4}
	EndGlobalSection
EndGlobal
