
Microsoft Visual Studio Solution File, Format Version 9.00
# Visual Web Developer Express 2005
Project("{E24C65DC-7377-472B-9ABA-BC803B73C61A}") = "D:\...\seanmcbeth.com\", ".", "{58E239E3-CC8E-422C-B46C-719516802C1F}"
	ProjectSection(WebsiteProperties) = preProject
		Debug.AspNetCompiler.VirtualPath = "/seanmcbeth.com"
		Debug.AspNetCompiler.PhysicalPath = "..\seanmcbeth.com\"
		Debug.AspNetCompiler.TargetPath = "PrecompiledWeb\seanmcbeth.com\"
		Debug.AspNetCompiler.Updateable = "true"
		Debug.AspNetCompiler.ForceOverwrite = "true"
		Debug.AspNetCompiler.FixedNames = "false"
		Debug.AspNetCompiler.Debug = "True"
		Release.AspNetCompiler.VirtualPath = "/seanmcbeth.com"
		Release.AspNetCompiler.PhysicalPath = "..\seanmcbeth.com\"
		Release.AspNetCompiler.TargetPath = "PrecompiledWeb\seanmcbeth.com\"
		Release.AspNetCompiler.Updateable = "true"
		Release.AspNetCompiler.ForceOverwrite = "true"
		Release.AspNetCompiler.FixedNames = "false"
		Release.AspNetCompiler.Debug = "False"
		VWDPort = "49831"
	EndProjectSection
EndProject
Global
	GlobalSection(SolutionConfigurationPlatforms) = preSolution
		Debug|.NET = Debug|.NET
	EndGlobalSection
	GlobalSection(ProjectConfigurationPlatforms) = postSolution
		{58E239E3-CC8E-422C-B46C-719516802C1F}.Debug|.NET.ActiveCfg = Debug|.NET
		{58E239E3-CC8E-422C-B46C-719516802C1F}.Debug|.NET.Build.0 = Debug|.NET
	EndGlobalSection
	GlobalSection(SolutionProperties) = preSolution
		HideSolutionNode = FALSE
	EndGlobalSection
EndGlobal
